
Microsoft Visual Studio Solution File, Format Version 12.00
# Visual Studio Version 17
Project("{8BC9CEB8-8B4A-11D0-8D11-00A0C91BC942}") = "ALL_BUILD", "ALL_BUILD.vcxproj", "{6050ECA0-EEF6-3DED-82EB-512DDD0FF498}"
	ProjectSection(ProjectDependencies) = postProject
		{68FCC2FA-BA3A-36F0-945F-65915B7FAC8D} = {68FCC2FA-BA3A-36F0-945F-65915B7FAC8D}
		{76A671D7-AB73-3A89-8995-86FEBCEDA7A4} = {76A671D7-AB73-3A89-8995-86FEBCEDA7A4}
	EndProjectSection
EndProject
Project("{8BC9CEB8-8B4A-11D0-8D11-00A0C91BC942}") = "INSTALL", "INSTALL.vcxproj", "{AC73E4D8-20A1-32FD-A018-DC8055628A4D}"
	ProjectSection(ProjectDependencies) = postProject
		{6050ECA0-EEF6-3DED-82EB-512DDD0FF498} = {6050ECA0-EEF6-3DED-82EB-512DDD0FF498}
		{68FCC2FA-BA3A-36F0-945F-65915B7FAC8D} = {68FCC2FA-BA3A-36F0-945F-65915B7FAC8D}
	EndProjectSection
EndProject
Project("{8BC9CEB8-8B4A-11D0-8D11-00A0C91BC942}") = "RUN_TESTS", "RUN_TESTS.vcxproj", "{0883CB98-2590-37AA-B474-54323E591DEF}"
	ProjectSection(ProjectDependencies) = postProject
		{68FCC2FA-BA3A-36F0-945F-65915B7FAC8D} = {68FCC2FA-BA3A-36F0-945F-65915B7FAC8D}
	EndProjectSection
EndProject
Project("{8BC9CEB8-8B4A-11D0-8D11-00A0C91BC942}") = "ZERO_CHECK", "..\..\\ZERO_CHECK.vcxproj", "{68FCC2FA-BA3A-36F0-945F-65915B7FAC8D}"
	ProjectSection(ProjectDependencies) = postProject
	EndProjectSection
EndProject
Project("{8BC9CEB8-8B4A-11D0-8D11-00A0C91BC942}") = "igtlutil", "igtlutil.vcxproj", "{76A671D7-AB73-3A89-8995-86FEBCEDA7A4}"
	ProjectSection(ProjectDependencies) = postProject
		{68FCC2FA-BA3A-36F0-945F-65915B7FAC8D} = {68FCC2FA-BA3A-36F0-945F-65915B7FAC8D}
	EndProjectSection
EndProject
Global
	GlobalSection(SolutionConfigurationPlatforms) = preSolution
		Debug|Win32 = Debug|Win32
		Release|Win32 = Release|Win32
		MinSizeRel|Win32 = MinSizeRel|Win32
		RelWithDebInfo|Win32 = RelWithDebInfo|Win32
	EndGlobalSection
	GlobalSection(ProjectConfigurationPlatforms) = postSolution
		{6050ECA0-EEF6-3DED-82EB-512DDD0FF498}.Debug|Win32.ActiveCfg = Debug|Win32
		{6050ECA0-EEF6-3DED-82EB-512DDD0FF498}.Debug|Win32.Build.0 = Debug|Win32
		{6050ECA0-EEF6-3DED-82EB-512DDD0FF498}.Release|Win32.ActiveCfg = Release|Win32
		{6050ECA0-EEF6-3DED-82EB-512DDD0FF498}.Release|Win32.Build.0 = Release|Win32
		{6050ECA0-EEF6-3DED-82EB-512DDD0FF498}.MinSizeRel|Win32.ActiveCfg = MinSizeRel|Win32
		{6050ECA0-EEF6-3DED-82EB-512DDD0FF498}.MinSizeRel|Win32.Build.0 = MinSizeRel|Win32
		{6050ECA0-EEF6-3DED-82EB-512DDD0FF498}.RelWithDebInfo|Win32.ActiveCfg = RelWithDebInfo|Win32
		{6050ECA0-EEF6-3DED-82EB-512DDD0FF498}.RelWithDebInfo|Win32.Build.0 = RelWithDebInfo|Win32
		{AC73E4D8-20A1-32FD-A018-DC8055628A4D}.Debug|Win32.ActiveCfg = Debug|Win32
		{AC73E4D8-20A1-32FD-A018-DC8055628A4D}.Release|Win32.ActiveCfg = Release|Win32
		{AC73E4D8-20A1-32FD-A018-DC8055628A4D}.MinSizeRel|Win32.ActiveCfg = MinSizeRel|Win32
		{AC73E4D8-20A1-32FD-A018-DC8055628A4D}.RelWithDebInfo|Win32.ActiveCfg = RelWithDebInfo|Win32
		{0883CB98-2590-37AA-B474-54323E591DEF}.Debug|Win32.ActiveCfg = Debug|Win32
		{0883CB98-2590-37AA-B474-54323E591DEF}.Release|Win32.ActiveCfg = Release|Win32
		{0883CB98-2590-37AA-B474-54323E591DEF}.MinSizeRel|Win32.ActiveCfg = MinSizeRel|Win32
		{0883CB98-2590-37AA-B474-54323E591DEF}.RelWithDebInfo|Win32.ActiveCfg = RelWithDebInfo|Win32
		{68FCC2FA-BA3A-36F0-945F-65915B7FAC8D}.Debug|Win32.ActiveCfg = Debug|Win32
		{68FCC2FA-BA3A-36F0-945F-65915B7FAC8D}.Debug|Win32.Build.0 = Debug|Win32
		{68FCC2FA-BA3A-36F0-945F-65915B7FAC8D}.Release|Win32.ActiveCfg = Release|Win32
		{68FCC2FA-BA3A-36F0-945F-65915B7FAC8D}.Release|Win32.Build.0 = Release|Win32
		{68FCC2FA-BA3A-36F0-945F-65915B7FAC8D}.MinSizeRel|Win32.ActiveCfg = MinSizeRel|Win32
		{68FCC2FA-BA3A-36F0-945F-65915B7FAC8D}.MinSizeRel|Win32.Build.0 = MinSizeRel|Win32
		{68FCC2FA-BA3A-36F0-945F-65915B7FAC8D}.RelWithDebInfo|Win32.ActiveCfg = RelWithDebInfo|Win32
		{68FCC2FA-BA3A-36F0-945F-65915B7FAC8D}.RelWithDebInfo|Win32.Build.0 = RelWithDebInfo|Win32
		{76A671D7-AB73-3A89-8995-86FEBCEDA7A4}.Debug|Win32.ActiveCfg = Debug|Win32
		{76A671D7-AB73-3A89-8995-86FEBCEDA7A4}.Debug|Win32.Build.0 = Debug|Win32
		{76A671D7-AB73-3A89-8995-86FEBCEDA7A4}.Release|Win32.ActiveCfg = Release|Win32
		{76A671D7-AB73-3A89-8995-86FEBCEDA7A4}.Release|Win32.Build.0 = Release|Win32
		{76A671D7-AB73-3A89-8995-86FEBCEDA7A4}.MinSizeRel|Win32.ActiveCfg = MinSizeRel|Win32
		{76A671D7-AB73-3A89-8995-86FEBCEDA7A4}.MinSizeRel|Win32.Build.0 = MinSizeRel|Win32
		{76A671D7-AB73-3A89-8995-86FEBCEDA7A4}.RelWithDebInfo|Win32.ActiveCfg = RelWithDebInfo|Win32
		{76A671D7-AB73-3A89-8995-86FEBCEDA7A4}.RelWithDebInfo|Win32.Build.0 = RelWithDebInfo|Win32
	EndGlobalSection
	GlobalSection(ExtensibilityGlobals) = postSolution
		SolutionGuid = {B48E9084-F432-365A-8ED6-03324D3E3811}
	EndGlobalSection
	GlobalSection(ExtensibilityAddIns) = postSolution
	EndGlobalSection
EndGlobal
