
Microsoft Visual Studio Solution File, Format Version 12.00
# Visual Studio Version 17
Project("{8BC9CEB8-8B4A-11D0-8D11-00A0C91BC942}") = "ALL_BUILD", "ALL_BUILD.vcxproj", "{6050ECA0-EEF6-3DED-82EB-512DDD0FF498}"
	ProjectSection(ProjectDependencies) = postProject
		{06802D2C-A7FF-33FB-90E2-1C02B3FA1A40} = {06802D2C-A7FF-33FB-90E2-1C02B3FA1A40}
		{C7F7BCB7-74A2-3102-BF48-3CE2FD9AE73F} = {C7F7BCB7-74A2-3102-BF48-3CE2FD9AE73F}
		{7C81BE57-DE11-36C7-8E73-E2E3C2E4DCAC} = {7C81BE57-DE11-36C7-8E73-E2E3C2E4DCAC}
		{81B80B6F-8DC0-3282-AFE6-6B6877C2B525} = {81B80B6F-8DC0-3282-AFE6-6B6877C2B525}
		{A1869F1B-863C-3192-A64F-9ECE77D28DC0} = {A1869F1B-863C-3192-A64F-9ECE77D28DC0}
		{7838352C-61C6-34D1-98BA-011F592ECDB6} = {7838352C-61C6-34D1-98BA-011F592ECDB6}
		{76E1C093-0B79-38B6-922B-730DF3E65462} = {76E1C093-0B79-38B6-922B-730DF3E65462}
		{521CFC9E-2435-3012-9A2B-9927700957F1} = {521CFC9E-2435-3012-9A2B-9927700957F1}
		{9C8D5C51-7A56-3E13-8A02-C9FFDCF7377C} = {9C8D5C51-7A56-3E13-8A02-C9FFDCF7377C}
		{B9AA4503-6DD1-35A6-B2F1-E43E13554455} = {B9AA4503-6DD1-35A6-B2F1-E43E13554455}
		{BBCAAA88-1518-34FE-A0F9-0F4AA2661526} = {BBCAAA88-1518-34FE-A0F9-0F4AA2661526}
		{F579E94C-AB5E-3F78-8765-0936BC39B12F} = {F579E94C-AB5E-3F78-8765-0936BC39B12F}
		{B26685EE-AF14-3302-AF8F-6429081D3609} = {B26685EE-AF14-3302-AF8F-6429081D3609}
		{CCB8EA02-FD4E-3A5F-BADA-5BA6E61F0F16} = {CCB8EA02-FD4E-3A5F-BADA-5BA6E61F0F16}
		{0E29D6D8-A22D-33D2-AFEA-AE7E12975A1D} = {0E29D6D8-A22D-33D2-AFEA-AE7E12975A1D}
		{A3CD27ED-0F32-3BFF-9875-B8C5D4CCB78A} = {A3CD27ED-0F32-3BFF-9875-B8C5D4CCB78A}
		{3B81D729-CC6B-38FA-ADF6-799C92A69132} = {3B81D729-CC6B-38FA-ADF6-799C92A69132}
		{1C1B36D2-D5D0-3FAA-8BC0-C18738F88BAD} = {1C1B36D2-D5D0-3FAA-8BC0-C18738F88BAD}
		{15A8F6DC-7B10-3627-BEED-3DE47480A886} = {15A8F6DC-7B10-3627-BEED-3DE47480A886}
		{A13D82F5-1191-3275-8C49-D41BE8BB6B1A} = {A13D82F5-1191-3275-8C49-D41BE8BB6B1A}
		{75547E04-C962-3A1F-81AF-D661A7058B44} = {75547E04-C962-3A1F-81AF-D661A7058B44}
		{1ACDFEAE-7C30-34BE-B74C-9140AA51CE0E} = {1ACDFEAE-7C30-34BE-B74C-9140AA51CE0E}
		{D3847F3F-B445-308E-9ABD-3D2445E31E3B} = {D3847F3F-B445-308E-9ABD-3D2445E31E3B}
		{AB589827-31B6-396D-8996-877FD4BF7EC7} = {AB589827-31B6-396D-8996-877FD4BF7EC7}
		{A8900437-73AF-3097-AEE2-449CF11EF6A9} = {A8900437-73AF-3097-AEE2-449CF11EF6A9}
		{271BEF9F-87A2-3FA5-A152-3BEC22285D7D} = {271BEF9F-87A2-3FA5-A152-3BEC22285D7D}
		{69F5FBB1-8D3A-3B83-9FEB-6F24F271CB21} = {69F5FBB1-8D3A-3B83-9FEB-6F24F271CB21}
		{0C2D60A6-D0C2-3FA4-BA0B-BDD2536C09A6} = {0C2D60A6-D0C2-3FA4-BA0B-BDD2536C09A6}
		{ACE6A8D8-D50C-34D8-813B-7174CF38CF6D} = {ACE6A8D8-D50C-34D8-813B-7174CF38CF6D}
		{308482CC-30DA-3632-AAF1-7E1BB9720A76} = {308482CC-30DA-3632-AAF1-7E1BB9720A76}
		{A9F149A5-36C9-383C-9426-DD425CC950F4} = {A9F149A5-36C9-383C-9426-DD425CC950F4}
		{10E298A5-79F6-34F4-BD63-6DE6E3E3F61C} = {10E298A5-79F6-34F4-BD63-6DE6E3E3F61C}
		{C2EEEE47-36AF-3E0D-8536-A57A016F5E58} = {C2EEEE47-36AF-3E0D-8536-A57A016F5E58}
		{4415CCA7-BDAC-37DB-A4BB-7AEE196073BE} = {4415CCA7-BDAC-37DB-A4BB-7AEE196073BE}
		{72DF30C4-44EB-33CD-9BD0-9EECC869F22C} = {72DF30C4-44EB-33CD-9BD0-9EECC869F22C}
		{97A1F262-AA70-3D85-95D8-410C57CA171E} = {97A1F262-AA70-3D85-95D8-410C57CA171E}
		{FBFE8914-71C7-319E-AB9D-1E093AF62DC4} = {FBFE8914-71C7-319E-AB9D-1E093AF62DC4}
		{253676FA-86FA-383A-A0EB-9B32BEFD79BF} = {253676FA-86FA-383A-A0EB-9B32BEFD79BF}
		{137B0D46-D2FE-37F2-929E-CEDEF7E3E954} = {137B0D46-D2FE-37F2-929E-CEDEF7E3E954}
		{4B8F1C56-0EB4-3577-B730-365602425022} = {4B8F1C56-0EB4-3577-B730-365602425022}
		{960635BD-6DC9-3277-8F60-5740DACA0BB7} = {960635BD-6DC9-3277-8F60-5740DACA0BB7}
		{41E47B06-12E5-3FB1-9FC5-5CB847B8C6D9} = {41E47B06-12E5-3FB1-9FC5-5CB847B8C6D9}
		{0F67F7D3-624E-352E-8289-CD80C1243351} = {0F67F7D3-624E-352E-8289-CD80C1243351}
		{17B8F92A-599B-33EB-BEB5-4E284C3D7C67} = {17B8F92A-599B-33EB-BEB5-4E284C3D7C67}
		{B9972340-084C-3EE1-833A-2B16F376DCE3} = {B9972340-084C-3EE1-833A-2B16F376DCE3}
		{68FCC2FA-BA3A-36F0-945F-65915B7FAC8D} = {68FCC2FA-BA3A-36F0-945F-65915B7FAC8D}
		{76A671D7-AB73-3A89-8995-86FEBCEDA7A4} = {76A671D7-AB73-3A89-8995-86FEBCEDA7A4}
	EndProjectSection
EndProject
Project("{8BC9CEB8-8B4A-11D0-8D11-00A0C91BC942}") = "BindClient", "Examples\Bind\BindClient.vcxproj", "{06802D2C-A7FF-33FB-90E2-1C02B3FA1A40}"
	ProjectSection(ProjectDependencies) = postProject
		{0E29D6D8-A22D-33D2-AFEA-AE7E12975A1D} = {0E29D6D8-A22D-33D2-AFEA-AE7E12975A1D}
		{68FCC2FA-BA3A-36F0-945F-65915B7FAC8D} = {68FCC2FA-BA3A-36F0-945F-65915B7FAC8D}
	EndProjectSection
EndProject
Project("{8BC9CEB8-8B4A-11D0-8D11-00A0C91BC942}") = "CapabilityClient", "Examples\Capability\CapabilityClient.vcxproj", "{C7F7BCB7-74A2-3102-BF48-3CE2FD9AE73F}"
	ProjectSection(ProjectDependencies) = postProject
		{0E29D6D8-A22D-33D2-AFEA-AE7E12975A1D} = {0E29D6D8-A22D-33D2-AFEA-AE7E12975A1D}
		{68FCC2FA-BA3A-36F0-945F-65915B7FAC8D} = {68FCC2FA-BA3A-36F0-945F-65915B7FAC8D}
	EndProjectSection
EndProject
Project("{8BC9CEB8-8B4A-11D0-8D11-00A0C91BC942}") = "CapabilityServer", "Examples\Capability\CapabilityServer.vcxproj", "{7C81BE57-DE11-36C7-8E73-E2E3C2E4DCAC}"
	ProjectSection(ProjectDependencies) = postProject
		{0E29D6D8-A22D-33D2-AFEA-AE7E12975A1D} = {0E29D6D8-A22D-33D2-AFEA-AE7E12975A1D}
		{68FCC2FA-BA3A-36F0-945F-65915B7FAC8D} = {68FCC2FA-BA3A-36F0-945F-65915B7FAC8D}
	EndProjectSection
EndProject
Project("{8BC9CEB8-8B4A-11D0-8D11-00A0C91BC942}") = "Documentation", "Documents\Doxygen\Documentation.vcxproj", "{8CB114DA-3B82-32E1-B493-E9C1C436FC28}"
	ProjectSection(ProjectDependencies) = postProject
		{68FCC2FA-BA3A-36F0-945F-65915B7FAC8D} = {68FCC2FA-BA3A-36F0-945F-65915B7FAC8D}
	EndProjectSection
EndProject
Project("{8BC9CEB8-8B4A-11D0-8D11-00A0C91BC942}") = "INSTALL", "INSTALL.vcxproj", "{AC73E4D8-20A1-32FD-A018-DC8055628A4D}"
	ProjectSection(ProjectDependencies) = postProject
		{6050ECA0-EEF6-3DED-82EB-512DDD0FF498} = {6050ECA0-EEF6-3DED-82EB-512DDD0FF498}
		{68FCC2FA-BA3A-36F0-945F-65915B7FAC8D} = {68FCC2FA-BA3A-36F0-945F-65915B7FAC8D}
	EndProjectSection
EndProject
Project("{8BC9CEB8-8B4A-11D0-8D11-00A0C91BC942}") = "ImageDatabaseServer", "Examples\ImageDatabaseServer\ImageDatabaseServer.vcxproj", "{81B80B6F-8DC0-3282-AFE6-6B6877C2B525}"
	ProjectSection(ProjectDependencies) = postProject
		{0E29D6D8-A22D-33D2-AFEA-AE7E12975A1D} = {0E29D6D8-A22D-33D2-AFEA-AE7E12975A1D}
		{68FCC2FA-BA3A-36F0-945F-65915B7FAC8D} = {68FCC2FA-BA3A-36F0-945F-65915B7FAC8D}
	EndProjectSection
EndProject
Project("{8BC9CEB8-8B4A-11D0-8D11-00A0C91BC942}") = "ImageMetaClient", "Examples\ImageMeta\ImageMetaClient.vcxproj", "{A1869F1B-863C-3192-A64F-9ECE77D28DC0}"
	ProjectSection(ProjectDependencies) = postProject
		{0E29D6D8-A22D-33D2-AFEA-AE7E12975A1D} = {0E29D6D8-A22D-33D2-AFEA-AE7E12975A1D}
		{68FCC2FA-BA3A-36F0-945F-65915B7FAC8D} = {68FCC2FA-BA3A-36F0-945F-65915B7FAC8D}
	EndProjectSection
EndProject
Project("{8BC9CEB8-8B4A-11D0-8D11-00A0C91BC942}") = "ImageMetaServer", "Examples\ImageMeta\ImageMetaServer.vcxproj", "{7838352C-61C6-34D1-98BA-011F592ECDB6}"
	ProjectSection(ProjectDependencies) = postProject
		{0E29D6D8-A22D-33D2-AFEA-AE7E12975A1D} = {0E29D6D8-A22D-33D2-AFEA-AE7E12975A1D}
		{68FCC2FA-BA3A-36F0-945F-65915B7FAC8D} = {68FCC2FA-BA3A-36F0-945F-65915B7FAC8D}
	EndProjectSection
EndProject
Project("{8BC9CEB8-8B4A-11D0-8D11-00A0C91BC942}") = "ImagerClient", "Examples\Imager\ImagerClient.vcxproj", "{76E1C093-0B79-38B6-922B-730DF3E65462}"
	ProjectSection(ProjectDependencies) = postProject
		{0E29D6D8-A22D-33D2-AFEA-AE7E12975A1D} = {0E29D6D8-A22D-33D2-AFEA-AE7E12975A1D}
		{68FCC2FA-BA3A-36F0-945F-65915B7FAC8D} = {68FCC2FA-BA3A-36F0-945F-65915B7FAC8D}
	EndProjectSection
EndProject
Project("{8BC9CEB8-8B4A-11D0-8D11-00A0C91BC942}") = "ImagerClient2", "Examples\Imager\ImagerClient2.vcxproj", "{521CFC9E-2435-3012-9A2B-9927700957F1}"
	ProjectSection(ProjectDependencies) = postProject
		{0E29D6D8-A22D-33D2-AFEA-AE7E12975A1D} = {0E29D6D8-A22D-33D2-AFEA-AE7E12975A1D}
		{68FCC2FA-BA3A-36F0-945F-65915B7FAC8D} = {68FCC2FA-BA3A-36F0-945F-65915B7FAC8D}
	EndProjectSection
EndProject
Project("{8BC9CEB8-8B4A-11D0-8D11-00A0C91BC942}") = "ImagerClient3", "Examples\Imager\ImagerClient3.vcxproj", "{9C8D5C51-7A56-3E13-8A02-C9FFDCF7377C}"
	ProjectSection(ProjectDependencies) = postProject
		{0E29D6D8-A22D-33D2-AFEA-AE7E12975A1D} = {0E29D6D8-A22D-33D2-AFEA-AE7E12975A1D}
		{68FCC2FA-BA3A-36F0-945F-65915B7FAC8D} = {68FCC2FA-BA3A-36F0-945F-65915B7FAC8D}
	EndProjectSection
EndProject
Project("{8BC9CEB8-8B4A-11D0-8D11-00A0C91BC942}") = "ImagerServer", "Examples\Imager\ImagerServer.vcxproj", "{B9AA4503-6DD1-35A6-B2F1-E43E13554455}"
	ProjectSection(ProjectDependencies) = postProject
		{0E29D6D8-A22D-33D2-AFEA-AE7E12975A1D} = {0E29D6D8-A22D-33D2-AFEA-AE7E12975A1D}
		{68FCC2FA-BA3A-36F0-945F-65915B7FAC8D} = {68FCC2FA-BA3A-36F0-945F-65915B7FAC8D}
	EndProjectSection
EndProject
Project("{8BC9CEB8-8B4A-11D0-8D11-00A0C91BC942}") = "ImagerServer3", "Examples\Imager\ImagerServer3.vcxproj", "{BBCAAA88-1518-34FE-A0F9-0F4AA2661526}"
	ProjectSection(ProjectDependencies) = postProject
		{0E29D6D8-A22D-33D2-AFEA-AE7E12975A1D} = {0E29D6D8-A22D-33D2-AFEA-AE7E12975A1D}
		{68FCC2FA-BA3A-36F0-945F-65915B7FAC8D} = {68FCC2FA-BA3A-36F0-945F-65915B7FAC8D}
	EndProjectSection
EndProject
Project("{8BC9CEB8-8B4A-11D0-8D11-00A0C91BC942}") = "LabelMetaClient", "Examples\ImageMeta\LabelMetaClient.vcxproj", "{F579E94C-AB5E-3F78-8765-0936BC39B12F}"
	ProjectSection(ProjectDependencies) = postProject
		{0E29D6D8-A22D-33D2-AFEA-AE7E12975A1D} = {0E29D6D8-A22D-33D2-AFEA-AE7E12975A1D}
		{68FCC2FA-BA3A-36F0-945F-65915B7FAC8D} = {68FCC2FA-BA3A-36F0-945F-65915B7FAC8D}
	EndProjectSection
EndProject
Project("{8BC9CEB8-8B4A-11D0-8D11-00A0C91BC942}") = "LabelMetaServer", "Examples\ImageMeta\LabelMetaServer.vcxproj", "{B26685EE-AF14-3302-AF8F-6429081D3609}"
	ProjectSection(ProjectDependencies) = postProject
		{0E29D6D8-A22D-33D2-AFEA-AE7E12975A1D} = {0E29D6D8-A22D-33D2-AFEA-AE7E12975A1D}
		{68FCC2FA-BA3A-36F0-945F-65915B7FAC8D} = {68FCC2FA-BA3A-36F0-945F-65915B7FAC8D}
	EndProjectSection
EndProject
Project("{8BC9CEB8-8B4A-11D0-8D11-00A0C91BC942}") = "MultipleMethodExecute", "Examples\Thread\MultipleMethodExecute.vcxproj", "{CCB8EA02-FD4E-3A5F-BADA-5BA6E61F0F16}"
	ProjectSection(ProjectDependencies) = postProject
		{0E29D6D8-A22D-33D2-AFEA-AE7E12975A1D} = {0E29D6D8-A22D-33D2-AFEA-AE7E12975A1D}
		{68FCC2FA-BA3A-36F0-945F-65915B7FAC8D} = {68FCC2FA-BA3A-36F0-945F-65915B7FAC8D}
	EndProjectSection
EndProject
Project("{8BC9CEB8-8B4A-11D0-8D11-00A0C91BC942}") = "OpenIGTLink", "Source\OpenIGTLink.vcxproj", "{0E29D6D8-A22D-33D2-AFEA-AE7E12975A1D}"
	ProjectSection(ProjectDependencies) = postProject
		{68FCC2FA-BA3A-36F0-945F-65915B7FAC8D} = {68FCC2FA-BA3A-36F0-945F-65915B7FAC8D}
	EndProjectSection
EndProject
Project("{8BC9CEB8-8B4A-11D0-8D11-00A0C91BC942}") = "PointClient", "Examples\Point\PointClient.vcxproj", "{A3CD27ED-0F32-3BFF-9875-B8C5D4CCB78A}"
	ProjectSection(ProjectDependencies) = postProject
		{0E29D6D8-A22D-33D2-AFEA-AE7E12975A1D} = {0E29D6D8-A22D-33D2-AFEA-AE7E12975A1D}
		{68FCC2FA-BA3A-36F0-945F-65915B7FAC8D} = {68FCC2FA-BA3A-36F0-945F-65915B7FAC8D}
	EndProjectSection
EndProject
Project("{8BC9CEB8-8B4A-11D0-8D11-00A0C91BC942}") = "PointClient3", "Examples\Point\PointClient3.vcxproj", "{3B81D729-CC6B-38FA-ADF6-799C92A69132}"
	ProjectSection(ProjectDependencies) = postProject
		{0E29D6D8-A22D-33D2-AFEA-AE7E12975A1D} = {0E29D6D8-A22D-33D2-AFEA-AE7E12975A1D}
		{68FCC2FA-BA3A-36F0-945F-65915B7FAC8D} = {68FCC2FA-BA3A-36F0-945F-65915B7FAC8D}
	EndProjectSection
EndProject
Project("{8BC9CEB8-8B4A-11D0-8D11-00A0C91BC942}") = "PointListServer", "Examples\Point\PointListServer.vcxproj", "{1C1B36D2-D5D0-3FAA-8BC0-C18738F88BAD}"
	ProjectSection(ProjectDependencies) = postProject
		{0E29D6D8-A22D-33D2-AFEA-AE7E12975A1D} = {0E29D6D8-A22D-33D2-AFEA-AE7E12975A1D}
		{68FCC2FA-BA3A-36F0-945F-65915B7FAC8D} = {68FCC2FA-BA3A-36F0-945F-65915B7FAC8D}
	EndProjectSection
EndProject
Project("{8BC9CEB8-8B4A-11D0-8D11-00A0C91BC942}") = "PointServer", "Examples\Point\PointServer.vcxproj", "{15A8F6DC-7B10-3627-BEED-3DE47480A886}"
	ProjectSection(ProjectDependencies) = postProject
		{0E29D6D8-A22D-33D2-AFEA-AE7E12975A1D} = {0E29D6D8-A22D-33D2-AFEA-AE7E12975A1D}
		{68FCC2FA-BA3A-36F0-945F-65915B7FAC8D} = {68FCC2FA-BA3A-36F0-945F-65915B7FAC8D}
	EndProjectSection
EndProject
Project("{8BC9CEB8-8B4A-11D0-8D11-00A0C91BC942}") = "PointServer3", "Examples\Point\PointServer3.vcxproj", "{A13D82F5-1191-3275-8C49-D41BE8BB6B1A}"
	ProjectSection(ProjectDependencies) = postProject
		{0E29D6D8-A22D-33D2-AFEA-AE7E12975A1D} = {0E29D6D8-A22D-33D2-AFEA-AE7E12975A1D}
		{68FCC2FA-BA3A-36F0-945F-65915B7FAC8D} = {68FCC2FA-BA3A-36F0-945F-65915B7FAC8D}
	EndProjectSection
EndProject
Project("{8BC9CEB8-8B4A-11D0-8D11-00A0C91BC942}") = "PolyDataClient", "Examples\PolyData\PolyDataClient.vcxproj", "{75547E04-C962-3A1F-81AF-D661A7058B44}"
	ProjectSection(ProjectDependencies) = postProject
		{0E29D6D8-A22D-33D2-AFEA-AE7E12975A1D} = {0E29D6D8-A22D-33D2-AFEA-AE7E12975A1D}
		{68FCC2FA-BA3A-36F0-945F-65915B7FAC8D} = {68FCC2FA-BA3A-36F0-945F-65915B7FAC8D}
	EndProjectSection
EndProject
Project("{8BC9CEB8-8B4A-11D0-8D11-00A0C91BC942}") = "PolyDataServer", "Examples\PolyData\PolyDataServer.vcxproj", "{1ACDFEAE-7C30-34BE-B74C-9140AA51CE0E}"
	ProjectSection(ProjectDependencies) = postProject
		{0E29D6D8-A22D-33D2-AFEA-AE7E12975A1D} = {0E29D6D8-A22D-33D2-AFEA-AE7E12975A1D}
		{68FCC2FA-BA3A-36F0-945F-65915B7FAC8D} = {68FCC2FA-BA3A-36F0-945F-65915B7FAC8D}
	EndProjectSection
EndProject
Project("{8BC9CEB8-8B4A-11D0-8D11-00A0C91BC942}") = "QuaternionTrackingDataClient", "Examples\QuaternionTrackingData\QuaternionTrackingDataClient.vcxproj", "{D3847F3F-B445-308E-9ABD-3D2445E31E3B}"
	ProjectSection(ProjectDependencies) = postProject
		{0E29D6D8-A22D-33D2-AFEA-AE7E12975A1D} = {0E29D6D8-A22D-33D2-AFEA-AE7E12975A1D}
		{68FCC2FA-BA3A-36F0-945F-65915B7FAC8D} = {68FCC2FA-BA3A-36F0-945F-65915B7FAC8D}
	EndProjectSection
EndProject
Project("{8BC9CEB8-8B4A-11D0-8D11-00A0C91BC942}") = "QuaternionTrackingDataServer", "Examples\QuaternionTrackingData\QuaternionTrackingDataServer.vcxproj", "{AB589827-31B6-396D-8996-877FD4BF7EC7}"
	ProjectSection(ProjectDependencies) = postProject
		{0E29D6D8-A22D-33D2-AFEA-AE7E12975A1D} = {0E29D6D8-A22D-33D2-AFEA-AE7E12975A1D}
		{68FCC2FA-BA3A-36F0-945F-65915B7FAC8D} = {68FCC2FA-BA3A-36F0-945F-65915B7FAC8D}
	EndProjectSection
EndProject
Project("{8BC9CEB8-8B4A-11D0-8D11-00A0C91BC942}") = "ReceiveClient", "Examples\Receiver\ReceiveClient.vcxproj", "{A8900437-73AF-3097-AEE2-449CF11EF6A9}"
	ProjectSection(ProjectDependencies) = postProject
		{0E29D6D8-A22D-33D2-AFEA-AE7E12975A1D} = {0E29D6D8-A22D-33D2-AFEA-AE7E12975A1D}
		{68FCC2FA-BA3A-36F0-945F-65915B7FAC8D} = {68FCC2FA-BA3A-36F0-945F-65915B7FAC8D}
	EndProjectSection
EndProject
Project("{8BC9CEB8-8B4A-11D0-8D11-00A0C91BC942}") = "ReceiveServer", "Examples\Receiver\ReceiveServer.vcxproj", "{271BEF9F-87A2-3FA5-A152-3BEC22285D7D}"
	ProjectSection(ProjectDependencies) = postProject
		{0E29D6D8-A22D-33D2-AFEA-AE7E12975A1D} = {0E29D6D8-A22D-33D2-AFEA-AE7E12975A1D}
		{68FCC2FA-BA3A-36F0-945F-65915B7FAC8D} = {68FCC2FA-BA3A-36F0-945F-65915B7FAC8D}
	EndProjectSection
EndProject
Project("{8BC9CEB8-8B4A-11D0-8D11-00A0C91BC942}") = "SessionManagerServer", "Examples\SessionManager\SessionManagerServer.vcxproj", "{69F5FBB1-8D3A-3B83-9FEB-6F24F271CB21}"
	ProjectSection(ProjectDependencies) = postProject
		{0E29D6D8-A22D-33D2-AFEA-AE7E12975A1D} = {0E29D6D8-A22D-33D2-AFEA-AE7E12975A1D}
		{68FCC2FA-BA3A-36F0-945F-65915B7FAC8D} = {68FCC2FA-BA3A-36F0-945F-65915B7FAC8D}
	EndProjectSection
EndProject
Project("{8BC9CEB8-8B4A-11D0-8D11-00A0C91BC942}") = "SingleMethodExecute", "Examples\Thread\SingleMethodExecute.vcxproj", "{0C2D60A6-D0C2-3FA4-BA0B-BDD2536C09A6}"
	ProjectSection(ProjectDependencies) = postProject
		{0E29D6D8-A22D-33D2-AFEA-AE7E12975A1D} = {0E29D6D8-A22D-33D2-AFEA-AE7E12975A1D}
		{68FCC2FA-BA3A-36F0-945F-65915B7FAC8D} = {68FCC2FA-BA3A-36F0-945F-65915B7FAC8D}
	EndProjectSection
EndProject
Project("{8BC9CEB8-8B4A-11D0-8D11-00A0C91BC942}") = "SpawnThread", "Examples\Thread\SpawnThread.vcxproj", "{ACE6A8D8-D50C-34D8-813B-7174CF38CF6D}"
	ProjectSection(ProjectDependencies) = postProject
		{0E29D6D8-A22D-33D2-AFEA-AE7E12975A1D} = {0E29D6D8-A22D-33D2-AFEA-AE7E12975A1D}
		{68FCC2FA-BA3A-36F0-945F-65915B7FAC8D} = {68FCC2FA-BA3A-36F0-945F-65915B7FAC8D}
	EndProjectSection
EndProject
Project("{8BC9CEB8-8B4A-11D0-8D11-00A0C91BC942}") = "StatusClient", "Examples\Status\StatusClient.vcxproj", "{308482CC-30DA-3632-AAF1-7E1BB9720A76}"
	ProjectSection(ProjectDependencies) = postProject
		{0E29D6D8-A22D-33D2-AFEA-AE7E12975A1D} = {0E29D6D8-A22D-33D2-AFEA-AE7E12975A1D}
		{68FCC2FA-BA3A-36F0-945F-65915B7FAC8D} = {68FCC2FA-BA3A-36F0-945F-65915B7FAC8D}
	EndProjectSection
EndProject
Project("{8BC9CEB8-8B4A-11D0-8D11-00A0C91BC942}") = "StatusServer", "Examples\Status\StatusServer.vcxproj", "{A9F149A5-36C9-383C-9426-DD425CC950F4}"
	ProjectSection(ProjectDependencies) = postProject
		{0E29D6D8-A22D-33D2-AFEA-AE7E12975A1D} = {0E29D6D8-A22D-33D2-AFEA-AE7E12975A1D}
		{68FCC2FA-BA3A-36F0-945F-65915B7FAC8D} = {68FCC2FA-BA3A-36F0-945F-65915B7FAC8D}
	EndProjectSection
EndProject
Project("{8BC9CEB8-8B4A-11D0-8D11-00A0C91BC942}") = "StringClient", "Examples\String\StringClient.vcxproj", "{10E298A5-79F6-34F4-BD63-6DE6E3E3F61C}"
	ProjectSection(ProjectDependencies) = postProject
		{0E29D6D8-A22D-33D2-AFEA-AE7E12975A1D} = {0E29D6D8-A22D-33D2-AFEA-AE7E12975A1D}
		{68FCC2FA-BA3A-36F0-945F-65915B7FAC8D} = {68FCC2FA-BA3A-36F0-945F-65915B7FAC8D}
	EndProjectSection
EndProject
Project("{8BC9CEB8-8B4A-11D0-8D11-00A0C91BC942}") = "StringEchoServer", "Examples\String\StringEchoServer.vcxproj", "{C2EEEE47-36AF-3E0D-8536-A57A016F5E58}"
	ProjectSection(ProjectDependencies) = postProject
		{0E29D6D8-A22D-33D2-AFEA-AE7E12975A1D} = {0E29D6D8-A22D-33D2-AFEA-AE7E12975A1D}
		{68FCC2FA-BA3A-36F0-945F-65915B7FAC8D} = {68FCC2FA-BA3A-36F0-945F-65915B7FAC8D}
	EndProjectSection
EndProject
Project("{8BC9CEB8-8B4A-11D0-8D11-00A0C91BC942}") = "StringServer", "Examples\String\StringServer.vcxproj", "{4415CCA7-BDAC-37DB-A4BB-7AEE196073BE}"
	ProjectSection(ProjectDependencies) = postProject
		{0E29D6D8-A22D-33D2-AFEA-AE7E12975A1D} = {0E29D6D8-A22D-33D2-AFEA-AE7E12975A1D}
		{68FCC2FA-BA3A-36F0-945F-65915B7FAC8D} = {68FCC2FA-BA3A-36F0-945F-65915B7FAC8D}
	EndProjectSection
EndProject
Project("{8BC9CEB8-8B4A-11D0-8D11-00A0C91BC942}") = "TrackerClient", "Examples\Tracker\TrackerClient.vcxproj", "{72DF30C4-44EB-33CD-9BD0-9EECC869F22C}"
	ProjectSection(ProjectDependencies) = postProject
		{0E29D6D8-A22D-33D2-AFEA-AE7E12975A1D} = {0E29D6D8-A22D-33D2-AFEA-AE7E12975A1D}
		{68FCC2FA-BA3A-36F0-945F-65915B7FAC8D} = {68FCC2FA-BA3A-36F0-945F-65915B7FAC8D}
	EndProjectSection
EndProject
Project("{8BC9CEB8-8B4A-11D0-8D11-00A0C91BC942}") = "TrackerClient2", "Examples\Tracker\TrackerClient2.vcxproj", "{97A1F262-AA70-3D85-95D8-410C57CA171E}"
	ProjectSection(ProjectDependencies) = postProject
		{0E29D6D8-A22D-33D2-AFEA-AE7E12975A1D} = {0E29D6D8-A22D-33D2-AFEA-AE7E12975A1D}
		{68FCC2FA-BA3A-36F0-945F-65915B7FAC8D} = {68FCC2FA-BA3A-36F0-945F-65915B7FAC8D}
	EndProjectSection
EndProject
Project("{8BC9CEB8-8B4A-11D0-8D11-00A0C91BC942}") = "TrackerClient3", "Examples\Tracker\TrackerClient3.vcxproj", "{FBFE8914-71C7-319E-AB9D-1E093AF62DC4}"
	ProjectSection(ProjectDependencies) = postProject
		{0E29D6D8-A22D-33D2-AFEA-AE7E12975A1D} = {0E29D6D8-A22D-33D2-AFEA-AE7E12975A1D}
		{68FCC2FA-BA3A-36F0-945F-65915B7FAC8D} = {68FCC2FA-BA3A-36F0-945F-65915B7FAC8D}
	EndProjectSection
EndProject
Project("{8BC9CEB8-8B4A-11D0-8D11-00A0C91BC942}") = "TrackerServer", "Examples\Tracker\TrackerServer.vcxproj", "{253676FA-86FA-383A-A0EB-9B32BEFD79BF}"
	ProjectSection(ProjectDependencies) = postProject
		{0E29D6D8-A22D-33D2-AFEA-AE7E12975A1D} = {0E29D6D8-A22D-33D2-AFEA-AE7E12975A1D}
		{68FCC2FA-BA3A-36F0-945F-65915B7FAC8D} = {68FCC2FA-BA3A-36F0-945F-65915B7FAC8D}
	EndProjectSection
EndProject
Project("{8BC9CEB8-8B4A-11D0-8D11-00A0C91BC942}") = "TrackerServer2", "Examples\Tracker\TrackerServer2.vcxproj", "{137B0D46-D2FE-37F2-929E-CEDEF7E3E954}"
	ProjectSection(ProjectDependencies) = postProject
		{0E29D6D8-A22D-33D2-AFEA-AE7E12975A1D} = {0E29D6D8-A22D-33D2-AFEA-AE7E12975A1D}
		{68FCC2FA-BA3A-36F0-945F-65915B7FAC8D} = {68FCC2FA-BA3A-36F0-945F-65915B7FAC8D}
	EndProjectSection
EndProject
Project("{8BC9CEB8-8B4A-11D0-8D11-00A0C91BC942}") = "TrackingDataClient", "Examples\TrackingData\TrackingDataClient.vcxproj", "{4B8F1C56-0EB4-3577-B730-365602425022}"
	ProjectSection(ProjectDependencies) = postProject
		{0E29D6D8-A22D-33D2-AFEA-AE7E12975A1D} = {0E29D6D8-A22D-33D2-AFEA-AE7E12975A1D}
		{68FCC2FA-BA3A-36F0-945F-65915B7FAC8D} = {68FCC2FA-BA3A-36F0-945F-65915B7FAC8D}
	EndProjectSection
EndProject
Project("{8BC9CEB8-8B4A-11D0-8D11-00A0C91BC942}") = "TrackingDataClientUDPTransfer", "Examples\TrackingDataUDPTransfer\TrackingDataClientUDPTransfer.vcxproj", "{960635BD-6DC9-3277-8F60-5740DACA0BB7}"
	ProjectSection(ProjectDependencies) = postProject
		{0E29D6D8-A22D-33D2-AFEA-AE7E12975A1D} = {0E29D6D8-A22D-33D2-AFEA-AE7E12975A1D}
		{68FCC2FA-BA3A-36F0-945F-65915B7FAC8D} = {68FCC2FA-BA3A-36F0-945F-65915B7FAC8D}
	EndProjectSection
EndProject
Project("{8BC9CEB8-8B4A-11D0-8D11-00A0C91BC942}") = "TrackingDataServer", "Examples\TrackingData\TrackingDataServer.vcxproj", "{41E47B06-12E5-3FB1-9FC5-5CB847B8C6D9}"
	ProjectSection(ProjectDependencies) = postProject
		{0E29D6D8-A22D-33D2-AFEA-AE7E12975A1D} = {0E29D6D8-A22D-33D2-AFEA-AE7E12975A1D}
		{68FCC2FA-BA3A-36F0-945F-65915B7FAC8D} = {68FCC2FA-BA3A-36F0-945F-65915B7FAC8D}
	EndProjectSection
EndProject
Project("{8BC9CEB8-8B4A-11D0-8D11-00A0C91BC942}") = "TrackingDataServerUDPTransfer", "Examples\TrackingDataUDPTransfer\TrackingDataServerUDPTransfer.vcxproj", "{0F67F7D3-624E-352E-8289-CD80C1243351}"
	ProjectSection(ProjectDependencies) = postProject
		{0E29D6D8-A22D-33D2-AFEA-AE7E12975A1D} = {0E29D6D8-A22D-33D2-AFEA-AE7E12975A1D}
		{68FCC2FA-BA3A-36F0-945F-65915B7FAC8D} = {68FCC2FA-BA3A-36F0-945F-65915B7FAC8D}
	EndProjectSection
EndProject
Project("{8BC9CEB8-8B4A-11D0-8D11-00A0C91BC942}") = "TrajectoryClient", "Examples\Trajectory\TrajectoryClient.vcxproj", "{17B8F92A-599B-33EB-BEB5-4E284C3D7C67}"
	ProjectSection(ProjectDependencies) = postProject
		{0E29D6D8-A22D-33D2-AFEA-AE7E12975A1D} = {0E29D6D8-A22D-33D2-AFEA-AE7E12975A1D}
		{68FCC2FA-BA3A-36F0-945F-65915B7FAC8D} = {68FCC2FA-BA3A-36F0-945F-65915B7FAC8D}
	EndProjectSection
EndProject
Project("{8BC9CEB8-8B4A-11D0-8D11-00A0C91BC942}") = "TrajectoryServer", "Examples\Trajectory\TrajectoryServer.vcxproj", "{B9972340-084C-3EE1-833A-2B16F376DCE3}"
	ProjectSection(ProjectDependencies) = postProject
		{0E29D6D8-A22D-33D2-AFEA-AE7E12975A1D} = {0E29D6D8-A22D-33D2-AFEA-AE7E12975A1D}
		{68FCC2FA-BA3A-36F0-945F-65915B7FAC8D} = {68FCC2FA-BA3A-36F0-945F-65915B7FAC8D}
	EndProjectSection
EndProject
Project("{8BC9CEB8-8B4A-11D0-8D11-00A0C91BC942}") = "ZERO_CHECK", "ZERO_CHECK.vcxproj", "{68FCC2FA-BA3A-36F0-945F-65915B7FAC8D}"
	ProjectSection(ProjectDependencies) = postProject
	EndProjectSection
EndProject
Project("{8BC9CEB8-8B4A-11D0-8D11-00A0C91BC942}") = "igtlutil", "Source\igtlutil\igtlutil.vcxproj", "{76A671D7-AB73-3A89-8995-86FEBCEDA7A4}"
	ProjectSection(ProjectDependencies) = postProject
		{68FCC2FA-BA3A-36F0-945F-65915B7FAC8D} = {68FCC2FA-BA3A-36F0-945F-65915B7FAC8D}
	EndProjectSection
EndProject
Global
	GlobalSection(SolutionConfigurationPlatforms) = preSolution
		Debug|x64 = Debug|x64
		Release|x64 = Release|x64
		MinSizeRel|x64 = MinSizeRel|x64
		RelWithDebInfo|x64 = RelWithDebInfo|x64
	EndGlobalSection
	GlobalSection(ProjectConfigurationPlatforms) = postSolution
		{6050ECA0-EEF6-3DED-82EB-512DDD0FF498}.Debug|x64.ActiveCfg = Debug|x64
		{6050ECA0-EEF6-3DED-82EB-512DDD0FF498}.Debug|x64.Build.0 = Debug|x64
		{6050ECA0-EEF6-3DED-82EB-512DDD0FF498}.Release|x64.ActiveCfg = Release|x64
		{6050ECA0-EEF6-3DED-82EB-512DDD0FF498}.Release|x64.Build.0 = Release|x64
		{6050ECA0-EEF6-3DED-82EB-512DDD0FF498}.MinSizeRel|x64.ActiveCfg = MinSizeRel|x64
		{6050ECA0-EEF6-3DED-82EB-512DDD0FF498}.MinSizeRel|x64.Build.0 = MinSizeRel|x64
		{6050ECA0-EEF6-3DED-82EB-512DDD0FF498}.RelWithDebInfo|x64.ActiveCfg = RelWithDebInfo|x64
		{6050ECA0-EEF6-3DED-82EB-512DDD0FF498}.RelWithDebInfo|x64.Build.0 = RelWithDebInfo|x64
		{06802D2C-A7FF-33FB-90E2-1C02B3FA1A40}.Debug|x64.ActiveCfg = Debug|x64
		{06802D2C-A7FF-33FB-90E2-1C02B3FA1A40}.Debug|x64.Build.0 = Debug|x64
		{06802D2C-A7FF-33FB-90E2-1C02B3FA1A40}.Release|x64.ActiveCfg = Release|x64
		{06802D2C-A7FF-33FB-90E2-1C02B3FA1A40}.Release|x64.Build.0 = Release|x64
		{06802D2C-A7FF-33FB-90E2-1C02B3FA1A40}.MinSizeRel|x64.ActiveCfg = MinSizeRel|x64
		{06802D2C-A7FF-33FB-90E2-1C02B3FA1A40}.MinSizeRel|x64.Build.0 = MinSizeRel|x64
		{06802D2C-A7FF-33FB-90E2-1C02B3FA1A40}.RelWithDebInfo|x64.ActiveCfg = RelWithDebInfo|x64
		{06802D2C-A7FF-33FB-90E2-1C02B3FA1A40}.RelWithDebInfo|x64.Build.0 = RelWithDebInfo|x64
		{C7F7BCB7-74A2-3102-BF48-3CE2FD9AE73F}.Debug|x64.ActiveCfg = Debug|x64
		{C7F7BCB7-74A2-3102-BF48-3CE2FD9AE73F}.Debug|x64.Build.0 = Debug|x64
		{C7F7BCB7-74A2-3102-BF48-3CE2FD9AE73F}.Release|x64.ActiveCfg = Release|x64
		{C7F7BCB7-74A2-3102-BF48-3CE2FD9AE73F}.Release|x64.Build.0 = Release|x64
		{C7F7BCB7-74A2-3102-BF48-3CE2FD9AE73F}.MinSizeRel|x64.ActiveCfg = MinSizeRel|x64
		{C7F7BCB7-74A2-3102-BF48-3CE2FD9AE73F}.MinSizeRel|x64.Build.0 = MinSizeRel|x64
		{C7F7BCB7-74A2-3102-BF48-3CE2FD9AE73F}.RelWithDebInfo|x64.ActiveCfg = RelWithDebInfo|x64
		{C7F7BCB7-74A2-3102-BF48-3CE2FD9AE73F}.RelWithDebInfo|x64.Build.0 = RelWithDebInfo|x64
		{7C81BE57-DE11-36C7-8E73-E2E3C2E4DCAC}.Debug|x64.ActiveCfg = Debug|x64
		{7C81BE57-DE11-36C7-8E73-E2E3C2E4DCAC}.Debug|x64.Build.0 = Debug|x64
		{7C81BE57-DE11-36C7-8E73-E2E3C2E4DCAC}.Release|x64.ActiveCfg = Release|x64
		{7C81BE57-DE11-36C7-8E73-E2E3C2E4DCAC}.Release|x64.Build.0 = Release|x64
		{7C81BE57-DE11-36C7-8E73-E2E3C2E4DCAC}.MinSizeRel|x64.ActiveCfg = MinSizeRel|x64
		{7C81BE57-DE11-36C7-8E73-E2E3C2E4DCAC}.MinSizeRel|x64.Build.0 = MinSizeRel|x64
		{7C81BE57-DE11-36C7-8E73-E2E3C2E4DCAC}.RelWithDebInfo|x64.ActiveCfg = RelWithDebInfo|x64
		{7C81BE57-DE11-36C7-8E73-E2E3C2E4DCAC}.RelWithDebInfo|x64.Build.0 = RelWithDebInfo|x64
		{8CB114DA-3B82-32E1-B493-E9C1C436FC28}.Debug|x64.ActiveCfg = Debug|x64
		{8CB114DA-3B82-32E1-B493-E9C1C436FC28}.Release|x64.ActiveCfg = Release|x64
		{8CB114DA-3B82-32E1-B493-E9C1C436FC28}.MinSizeRel|x64.ActiveCfg = MinSizeRel|x64
		{8CB114DA-3B82-32E1-B493-E9C1C436FC28}.RelWithDebInfo|x64.ActiveCfg = RelWithDebInfo|x64
		{AC73E4D8-20A1-32FD-A018-DC8055628A4D}.Debug|x64.ActiveCfg = Debug|x64
		{AC73E4D8-20A1-32FD-A018-DC8055628A4D}.Release|x64.ActiveCfg = Release|x64
		{AC73E4D8-20A1-32FD-A018-DC8055628A4D}.MinSizeRel|x64.ActiveCfg = MinSizeRel|x64
		{AC73E4D8-20A1-32FD-A018-DC8055628A4D}.RelWithDebInfo|x64.ActiveCfg = RelWithDebInfo|x64
		{81B80B6F-8DC0-3282-AFE6-6B6877C2B525}.Debug|x64.ActiveCfg = Debug|x64
		{81B80B6F-8DC0-3282-AFE6-6B6877C2B525}.Debug|x64.Build.0 = Debug|x64
		{81B80B6F-8DC0-3282-AFE6-6B6877C2B525}.Release|x64.ActiveCfg = Release|x64
		{81B80B6F-8DC0-3282-AFE6-6B6877C2B525}.Release|x64.Build.0 = Release|x64
		{81B80B6F-8DC0-3282-AFE6-6B6877C2B525}.MinSizeRel|x64.ActiveCfg = MinSizeRel|x64
		{81B80B6F-8DC0-3282-AFE6-6B6877C2B525}.MinSizeRel|x64.Build.0 = MinSizeRel|x64
		{81B80B6F-8DC0-3282-AFE6-6B6877C2B525}.RelWithDebInfo|x64.ActiveCfg = RelWithDebInfo|x64
		{81B80B6F-8DC0-3282-AFE6-6B6877C2B525}.RelWithDebInfo|x64.Build.0 = RelWithDebInfo|x64
		{A1869F1B-863C-3192-A64F-9ECE77D28DC0}.Debug|x64.ActiveCfg = Debug|x64
		{A1869F1B-863C-3192-A64F-9ECE77D28DC0}.Debug|x64.Build.0 = Debug|x64
		{A1869F1B-863C-3192-A64F-9ECE77D28DC0}.Release|x64.ActiveCfg = Release|x64
		{A1869F1B-863C-3192-A64F-9ECE77D28DC0}.Release|x64.Build.0 = Release|x64
		{A1869F1B-863C-3192-A64F-9ECE77D28DC0}.MinSizeRel|x64.ActiveCfg = MinSizeRel|x64
		{A1869F1B-863C-3192-A64F-9ECE77D28DC0}.MinSizeRel|x64.Build.0 = MinSizeRel|x64
		{A1869F1B-863C-3192-A64F-9ECE77D28DC0}.RelWithDebInfo|x64.ActiveCfg = RelWithDebInfo|x64
		{A1869F1B-863C-3192-A64F-9ECE77D28DC0}.RelWithDebInfo|x64.Build.0 = RelWithDebInfo|x64
		{7838352C-61C6-34D1-98BA-011F592ECDB6}.Debug|x64.ActiveCfg = Debug|x64
		{7838352C-61C6-34D1-98BA-011F592ECDB6}.Debug|x64.Build.0 = Debug|x64
		{7838352C-61C6-34D1-98BA-011F592ECDB6}.Release|x64.ActiveCfg = Release|x64
		{7838352C-61C6-34D1-98BA-011F592ECDB6}.Release|x64.Build.0 = Release|x64
		{7838352C-61C6-34D1-98BA-011F592ECDB6}.MinSizeRel|x64.ActiveCfg = MinSizeRel|x64
		{7838352C-61C6-34D1-98BA-011F592ECDB6}.MinSizeRel|x64.Build.0 = MinSizeRel|x64
		{7838352C-61C6-34D1-98BA-011F592ECDB6}.RelWithDebInfo|x64.ActiveCfg = RelWithDebInfo|x64
		{7838352C-61C6-34D1-98BA-011F592ECDB6}.RelWithDebInfo|x64.Build.0 = RelWithDebInfo|x64
		{76E1C093-0B79-38B6-922B-730DF3E65462}.Debug|x64.ActiveCfg = Debug|x64
		{76E1C093-0B79-38B6-922B-730DF3E65462}.Debug|x64.Build.0 = Debug|x64
		{76E1C093-0B79-38B6-922B-730DF3E65462}.Release|x64.ActiveCfg = Release|x64
		{76E1C093-0B79-38B6-922B-730DF3E65462}.Release|x64.Build.0 = Release|x64
		{76E1C093-0B79-38B6-922B-730DF3E65462}.MinSizeRel|x64.ActiveCfg = MinSizeRel|x64
		{76E1C093-0B79-38B6-922B-730DF3E65462}.MinSizeRel|x64.Build.0 = MinSizeRel|x64
		{76E1C093-0B79-38B6-922B-730DF3E65462}.RelWithDebInfo|x64.ActiveCfg = RelWithDebInfo|x64
		{76E1C093-0B79-38B6-922B-730DF3E65462}.RelWithDebInfo|x64.Build.0 = RelWithDebInfo|x64
		{521CFC9E-2435-3012-9A2B-9927700957F1}.Debug|x64.ActiveCfg = Debug|x64
		{521CFC9E-2435-3012-9A2B-9927700957F1}.Debug|x64.Build.0 = Debug|x64
		{521CFC9E-2435-3012-9A2B-9927700957F1}.Release|x64.ActiveCfg = Release|x64
		{521CFC9E-2435-3012-9A2B-9927700957F1}.Release|x64.Build.0 = Release|x64
		{521CFC9E-2435-3012-9A2B-9927700957F1}.MinSizeRel|x64.ActiveCfg = MinSizeRel|x64
		{521CFC9E-2435-3012-9A2B-9927700957F1}.MinSizeRel|x64.Build.0 = MinSizeRel|x64
		{521CFC9E-2435-3012-9A2B-9927700957F1}.RelWithDebInfo|x64.ActiveCfg = RelWithDebInfo|x64
		{521CFC9E-2435-3012-9A2B-9927700957F1}.RelWithDebInfo|x64.Build.0 = RelWithDebInfo|x64
		{9C8D5C51-7A56-3E13-8A02-C9FFDCF7377C}.Debug|x64.ActiveCfg = Debug|x64
		{9C8D5C51-7A56-3E13-8A02-C9FFDCF7377C}.Debug|x64.Build.0 = Debug|x64
		{9C8D5C51-7A56-3E13-8A02-C9FFDCF7377C}.Release|x64.ActiveCfg = Release|x64
		{9C8D5C51-7A56-3E13-8A02-C9FFDCF7377C}.Release|x64.Build.0 = Release|x64
		{9C8D5C51-7A56-3E13-8A02-C9FFDCF7377C}.MinSizeRel|x64.ActiveCfg = MinSizeRel|x64
		{9C8D5C51-7A56-3E13-8A02-C9FFDCF7377C}.MinSizeRel|x64.Build.0 = MinSizeRel|x64
		{9C8D5C51-7A56-3E13-8A02-C9FFDCF7377C}.RelWithDebInfo|x64.ActiveCfg = RelWithDebInfo|x64
		{9C8D5C51-7A56-3E13-8A02-C9FFDCF7377C}.RelWithDebInfo|x64.Build.0 = RelWithDebInfo|x64
		{B9AA4503-6DD1-35A6-B2F1-E43E13554455}.Debug|x64.ActiveCfg = Debug|x64
		{B9AA4503-6DD1-35A6-B2F1-E43E13554455}.Debug|x64.Build.0 = Debug|x64
		{B9AA4503-6DD1-35A6-B2F1-E43E13554455}.Release|x64.ActiveCfg = Release|x64
		{B9AA4503-6DD1-35A6-B2F1-E43E13554455}.Release|x64.Build.0 = Release|x64
		{B9AA4503-6DD1-35A6-B2F1-E43E13554455}.MinSizeRel|x64.ActiveCfg = MinSizeRel|x64
		{B9AA4503-6DD1-35A6-B2F1-E43E13554455}.MinSizeRel|x64.Build.0 = MinSizeRel|x64
		{B9AA4503-6DD1-35A6-B2F1-E43E13554455}.RelWithDebInfo|x64.ActiveCfg = RelWithDebInfo|x64
		{B9AA4503-6DD1-35A6-B2F1-E43E13554455}.RelWithDebInfo|x64.Build.0 = RelWithDebInfo|x64
		{BBCAAA88-1518-34FE-A0F9-0F4AA2661526}.Debug|x64.ActiveCfg = Debug|x64
		{BBCAAA88-1518-34FE-A0F9-0F4AA2661526}.Debug|x64.Build.0 = Debug|x64
		{BBCAAA88-1518-34FE-A0F9-0F4AA2661526}.Release|x64.ActiveCfg = Release|x64
		{BBCAAA88-1518-34FE-A0F9-0F4AA2661526}.Release|x64.Build.0 = Release|x64
		{BBCAAA88-1518-34FE-A0F9-0F4AA2661526}.MinSizeRel|x64.ActiveCfg = MinSizeRel|x64
		{BBCAAA88-1518-34FE-A0F9-0F4AA2661526}.MinSizeRel|x64.Build.0 = MinSizeRel|x64
		{BBCAAA88-1518-34FE-A0F9-0F4AA2661526}.RelWithDebInfo|x64.ActiveCfg = RelWithDebInfo|x64
		{BBCAAA88-1518-34FE-A0F9-0F4AA2661526}.RelWithDebInfo|x64.Build.0 = RelWithDebInfo|x64
		{F579E94C-AB5E-3F78-8765-0936BC39B12F}.Debug|x64.ActiveCfg = Debug|x64
		{F579E94C-AB5E-3F78-8765-0936BC39B12F}.Debug|x64.Build.0 = Debug|x64
		{F579E94C-AB5E-3F78-8765-0936BC39B12F}.Release|x64.ActiveCfg = Release|x64
		{F579E94C-AB5E-3F78-8765-0936BC39B12F}.Release|x64.Build.0 = Release|x64
		{F579E94C-AB5E-3F78-8765-0936BC39B12F}.MinSizeRel|x64.ActiveCfg = MinSizeRel|x64
		{F579E94C-AB5E-3F78-8765-0936BC39B12F}.MinSizeRel|x64.Build.0 = MinSizeRel|x64
		{F579E94C-AB5E-3F78-8765-0936BC39B12F}.RelWithDebInfo|x64.ActiveCfg = RelWithDebInfo|x64
		{F579E94C-AB5E-3F78-8765-0936BC39B12F}.RelWithDebInfo|x64.Build.0 = RelWithDebInfo|x64
		{B26685EE-AF14-3302-AF8F-6429081D3609}.Debug|x64.ActiveCfg = Debug|x64
		{B26685EE-AF14-3302-AF8F-6429081D3609}.Debug|x64.Build.0 = Debug|x64
		{B26685EE-AF14-3302-AF8F-6429081D3609}.Release|x64.ActiveCfg = Release|x64
		{B26685EE-AF14-3302-AF8F-6429081D3609}.Release|x64.Build.0 = Release|x64
		{B26685EE-AF14-3302-AF8F-6429081D3609}.MinSizeRel|x64.ActiveCfg = MinSizeRel|x64
		{B26685EE-AF14-3302-AF8F-6429081D3609}.MinSizeRel|x64.Build.0 = MinSizeRel|x64
		{B26685EE-AF14-3302-AF8F-6429081D3609}.RelWithDebInfo|x64.ActiveCfg = RelWithDebInfo|x64
		{B26685EE-AF14-3302-AF8F-6429081D3609}.RelWithDebInfo|x64.Build.0 = RelWithDebInfo|x64
		{CCB8EA02-FD4E-3A5F-BADA-5BA6E61F0F16}.Debug|x64.ActiveCfg = Debug|x64
		{CCB8EA02-FD4E-3A5F-BADA-5BA6E61F0F16}.Debug|x64.Build.0 = Debug|x64
		{CCB8EA02-FD4E-3A5F-BADA-5BA6E61F0F16}.Release|x64.ActiveCfg = Release|x64
		{CCB8EA02-FD4E-3A5F-BADA-5BA6E61F0F16}.Release|x64.Build.0 = Release|x64
		{CCB8EA02-FD4E-3A5F-BADA-5BA6E61F0F16}.MinSizeRel|x64.ActiveCfg = MinSizeRel|x64
		{CCB8EA02-FD4E-3A5F-BADA-5BA6E61F0F16}.MinSizeRel|x64.Build.0 = MinSizeRel|x64
		{CCB8EA02-FD4E-3A5F-BADA-5BA6E61F0F16}.RelWithDebInfo|x64.ActiveCfg = RelWithDebInfo|x64
		{CCB8EA02-FD4E-3A5F-BADA-5BA6E61F0F16}.RelWithDebInfo|x64.Build.0 = RelWithDebInfo|x64
		{0E29D6D8-A22D-33D2-AFEA-AE7E12975A1D}.Debug|x64.ActiveCfg = Debug|x64
		{0E29D6D8-A22D-33D2-AFEA-AE7E12975A1D}.Debug|x64.Build.0 = Debug|x64
		{0E29D6D8-A22D-33D2-AFEA-AE7E12975A1D}.Release|x64.ActiveCfg = Release|x64
		{0E29D6D8-A22D-33D2-AFEA-AE7E12975A1D}.Release|x64.Build.0 = Release|x64
		{0E29D6D8-A22D-33D2-AFEA-AE7E12975A1D}.MinSizeRel|x64.ActiveCfg = MinSizeRel|x64
		{0E29D6D8-A22D-33D2-AFEA-AE7E12975A1D}.MinSizeRel|x64.Build.0 = MinSizeRel|x64
		{0E29D6D8-A22D-33D2-AFEA-AE7E12975A1D}.RelWithDebInfo|x64.ActiveCfg = RelWithDebInfo|x64
		{0E29D6D8-A22D-33D2-AFEA-AE7E12975A1D}.RelWithDebInfo|x64.Build.0 = RelWithDebInfo|x64
		{A3CD27ED-0F32-3BFF-9875-B8C5D4CCB78A}.Debug|x64.ActiveCfg = Debug|x64
		{A3CD27ED-0F32-3BFF-9875-B8C5D4CCB78A}.Debug|x64.Build.0 = Debug|x64
		{A3CD27ED-0F32-3BFF-9875-B8C5D4CCB78A}.Release|x64.ActiveCfg = Release|x64
		{A3CD27ED-0F32-3BFF-9875-B8C5D4CCB78A}.Release|x64.Build.0 = Release|x64
		{A3CD27ED-0F32-3BFF-9875-B8C5D4CCB78A}.MinSizeRel|x64.ActiveCfg = MinSizeRel|x64
		{A3CD27ED-0F32-3BFF-9875-B8C5D4CCB78A}.MinSizeRel|x64.Build.0 = MinSizeRel|x64
		{A3CD27ED-0F32-3BFF-9875-B8C5D4CCB78A}.RelWithDebInfo|x64.ActiveCfg = RelWithDebInfo|x64
		{A3CD27ED-0F32-3BFF-9875-B8C5D4CCB78A}.RelWithDebInfo|x64.Build.0 = RelWithDebInfo|x64
		{3B81D729-CC6B-38FA-ADF6-799C92A69132}.Debug|x64.ActiveCfg = Debug|x64
		{3B81D729-CC6B-38FA-ADF6-799C92A69132}.Debug|x64.Build.0 = Debug|x64
		{3B81D729-CC6B-38FA-ADF6-799C92A69132}.Release|x64.ActiveCfg = Release|x64
		{3B81D729-CC6B-38FA-ADF6-799C92A69132}.Release|x64.Build.0 = Release|x64
		{3B81D729-CC6B-38FA-ADF6-799C92A69132}.MinSizeRel|x64.ActiveCfg = MinSizeRel|x64
		{3B81D729-CC6B-38FA-ADF6-799C92A69132}.MinSizeRel|x64.Build.0 = MinSizeRel|x64
		{3B81D729-CC6B-38FA-ADF6-799C92A69132}.RelWithDebInfo|x64.ActiveCfg = RelWithDebInfo|x64
		{3B81D729-CC6B-38FA-ADF6-799C92A69132}.RelWithDebInfo|x64.Build.0 = RelWithDebInfo|x64
		{1C1B36D2-D5D0-3FAA-8BC0-C18738F88BAD}.Debug|x64.ActiveCfg = Debug|x64
		{1C1B36D2-D5D0-3FAA-8BC0-C18738F88BAD}.Debug|x64.Build.0 = Debug|x64
		{1C1B36D2-D5D0-3FAA-8BC0-C18738F88BAD}.Release|x64.ActiveCfg = Release|x64
		{1C1B36D2-D5D0-3FAA-8BC0-C18738F88BAD}.Release|x64.Build.0 = Release|x64
		{1C1B36D2-D5D0-3FAA-8BC0-C18738F88BAD}.MinSizeRel|x64.ActiveCfg = MinSizeRel|x64
		{1C1B36D2-D5D0-3FAA-8BC0-C18738F88BAD}.MinSizeRel|x64.Build.0 = MinSizeRel|x64
		{1C1B36D2-D5D0-3FAA-8BC0-C18738F88BAD}.RelWithDebInfo|x64.ActiveCfg = RelWithDebInfo|x64
		{1C1B36D2-D5D0-3FAA-8BC0-C18738F88BAD}.RelWithDebInfo|x64.Build.0 = RelWithDebInfo|x64
		{15A8F6DC-7B10-3627-BEED-3DE47480A886}.Debug|x64.ActiveCfg = Debug|x64
		{15A8F6DC-7B10-3627-BEED-3DE47480A886}.Debug|x64.Build.0 = Debug|x64
		{15A8F6DC-7B10-3627-BEED-3DE47480A886}.Release|x64.ActiveCfg = Release|x64
		{15A8F6DC-7B10-3627-BEED-3DE47480A886}.Release|x64.Build.0 = Release|x64
		{15A8F6DC-7B10-3627-BEED-3DE47480A886}.MinSizeRel|x64.ActiveCfg = MinSizeRel|x64
		{15A8F6DC-7B10-3627-BEED-3DE47480A886}.MinSizeRel|x64.Build.0 = MinSizeRel|x64
		{15A8F6DC-7B10-3627-BEED-3DE47480A886}.RelWithDebInfo|x64.ActiveCfg = RelWithDebInfo|x64
		{15A8F6DC-7B10-3627-BEED-3DE47480A886}.RelWithDebInfo|x64.Build.0 = RelWithDebInfo|x64
		{A13D82F5-1191-3275-8C49-D41BE8BB6B1A}.Debug|x64.ActiveCfg = Debug|x64
		{A13D82F5-1191-3275-8C49-D41BE8BB6B1A}.Debug|x64.Build.0 = Debug|x64
		{A13D82F5-1191-3275-8C49-D41BE8BB6B1A}.Release|x64.ActiveCfg = Release|x64
		{A13D82F5-1191-3275-8C49-D41BE8BB6B1A}.Release|x64.Build.0 = Release|x64
		{A13D82F5-1191-3275-8C49-D41BE8BB6B1A}.MinSizeRel|x64.ActiveCfg = MinSizeRel|x64
		{A13D82F5-1191-3275-8C49-D41BE8BB6B1A}.MinSizeRel|x64.Build.0 = MinSizeRel|x64
		{A13D82F5-1191-3275-8C49-D41BE8BB6B1A}.RelWithDebInfo|x64.ActiveCfg = RelWithDebInfo|x64
		{A13D82F5-1191-3275-8C49-D41BE8BB6B1A}.RelWithDebInfo|x64.Build.0 = RelWithDebInfo|x64
		{75547E04-C962-3A1F-81AF-D661A7058B44}.Debug|x64.ActiveCfg = Debug|x64
		{75547E04-C962-3A1F-81AF-D661A7058B44}.Debug|x64.Build.0 = Debug|x64
		{75547E04-C962-3A1F-81AF-D661A7058B44}.Release|x64.ActiveCfg = Release|x64
		{75547E04-C962-3A1F-81AF-D661A7058B44}.Release|x64.Build.0 = Release|x64
		{75547E04-C962-3A1F-81AF-D661A7058B44}.MinSizeRel|x64.ActiveCfg = MinSizeRel|x64
		{75547E04-C962-3A1F-81AF-D661A7058B44}.MinSizeRel|x64.Build.0 = MinSizeRel|x64
		{75547E04-C962-3A1F-81AF-D661A7058B44}.RelWithDebInfo|x64.ActiveCfg = RelWithDebInfo|x64
		{75547E04-C962-3A1F-81AF-D661A7058B44}.RelWithDebInfo|x64.Build.0 = RelWithDebInfo|x64
		{1ACDFEAE-7C30-34BE-B74C-9140AA51CE0E}.Debug|x64.ActiveCfg = Debug|x64
		{1ACDFEAE-7C30-34BE-B74C-9140AA51CE0E}.Debug|x64.Build.0 = Debug|x64
		{1ACDFEAE-7C30-34BE-B74C-9140AA51CE0E}.Release|x64.ActiveCfg = Release|x64
		{1ACDFEAE-7C30-34BE-B74C-9140AA51CE0E}.Release|x64.Build.0 = Release|x64
		{1ACDFEAE-7C30-34BE-B74C-9140AA51CE0E}.MinSizeRel|x64.ActiveCfg = MinSizeRel|x64
		{1ACDFEAE-7C30-34BE-B74C-9140AA51CE0E}.MinSizeRel|x64.Build.0 = MinSizeRel|x64
		{1ACDFEAE-7C30-34BE-B74C-9140AA51CE0E}.RelWithDebInfo|x64.ActiveCfg = RelWithDebInfo|x64
		{1ACDFEAE-7C30-34BE-B74C-9140AA51CE0E}.RelWithDebInfo|x64.Build.0 = RelWithDebInfo|x64
		{D3847F3F-B445-308E-9ABD-3D2445E31E3B}.Debug|x64.ActiveCfg = Debug|x64
		{D3847F3F-B445-308E-9ABD-3D2445E31E3B}.Debug|x64.Build.0 = Debug|x64
		{D3847F3F-B445-308E-9ABD-3D2445E31E3B}.Release|x64.ActiveCfg = Release|x64
		{D3847F3F-B445-308E-9ABD-3D2445E31E3B}.Release|x64.Build.0 = Release|x64
		{D3847F3F-B445-308E-9ABD-3D2445E31E3B}.MinSizeRel|x64.ActiveCfg = MinSizeRel|x64
		{D3847F3F-B445-308E-9ABD-3D2445E31E3B}.MinSizeRel|x64.Build.0 = MinSizeRel|x64
		{D3847F3F-B445-308E-9ABD-3D2445E31E3B}.RelWithDebInfo|x64.ActiveCfg = RelWithDebInfo|x64
		{D3847F3F-B445-308E-9ABD-3D2445E31E3B}.RelWithDebInfo|x64.Build.0 = RelWithDebInfo|x64
		{AB589827-31B6-396D-8996-877FD4BF7EC7}.Debug|x64.ActiveCfg = Debug|x64
		{AB589827-31B6-396D-8996-877FD4BF7EC7}.Debug|x64.Build.0 = Debug|x64
		{AB589827-31B6-396D-8996-877FD4BF7EC7}.Release|x64.ActiveCfg = Release|x64
		{AB589827-31B6-396D-8996-877FD4BF7EC7}.Release|x64.Build.0 = Release|x64
		{AB589827-31B6-396D-8996-877FD4BF7EC7}.MinSizeRel|x64.ActiveCfg = MinSizeRel|x64
		{AB589827-31B6-396D-8996-877FD4BF7EC7}.MinSizeRel|x64.Build.0 = MinSizeRel|x64
		{AB589827-31B6-396D-8996-877FD4BF7EC7}.RelWithDebInfo|x64.ActiveCfg = RelWithDebInfo|x64
		{AB589827-31B6-396D-8996-877FD4BF7EC7}.RelWithDebInfo|x64.Build.0 = RelWithDebInfo|x64
		{A8900437-73AF-3097-AEE2-449CF11EF6A9}.Debug|x64.ActiveCfg = Debug|x64
		{A8900437-73AF-3097-AEE2-449CF11EF6A9}.Debug|x64.Build.0 = Debug|x64
		{A8900437-73AF-3097-AEE2-449CF11EF6A9}.Release|x64.ActiveCfg = Release|x64
		{A8900437-73AF-3097-AEE2-449CF11EF6A9}.Release|x64.Build.0 = Release|x64
		{A8900437-73AF-3097-AEE2-449CF11EF6A9}.MinSizeRel|x64.ActiveCfg = MinSizeRel|x64
		{A8900437-73AF-3097-AEE2-449CF11EF6A9}.MinSizeRel|x64.Build.0 = MinSizeRel|x64
		{A8900437-73AF-3097-AEE2-449CF11EF6A9}.RelWithDebInfo|x64.ActiveCfg = RelWithDebInfo|x64
		{A8900437-73AF-3097-AEE2-449CF11EF6A9}.RelWithDebInfo|x64.Build.0 = RelWithDebInfo|x64
		{271BEF9F-87A2-3FA5-A152-3BEC22285D7D}.Debug|x64.ActiveCfg = Debug|x64
		{271BEF9F-87A2-3FA5-A152-3BEC22285D7D}.Debug|x64.Build.0 = Debug|x64
		{271BEF9F-87A2-3FA5-A152-3BEC22285D7D}.Release|x64.ActiveCfg = Release|x64
		{271BEF9F-87A2-3FA5-A152-3BEC22285D7D}.Release|x64.Build.0 = Release|x64
		{271BEF9F-87A2-3FA5-A152-3BEC22285D7D}.MinSizeRel|x64.ActiveCfg = MinSizeRel|x64
		{271BEF9F-87A2-3FA5-A152-3BEC22285D7D}.MinSizeRel|x64.Build.0 = MinSizeRel|x64
		{271BEF9F-87A2-3FA5-A152-3BEC22285D7D}.RelWithDebInfo|x64.ActiveCfg = RelWithDebInfo|x64
		{271BEF9F-87A2-3FA5-A152-3BEC22285D7D}.RelWithDebInfo|x64.Build.0 = RelWithDebInfo|x64
		{69F5FBB1-8D3A-3B83-9FEB-6F24F271CB21}.Debug|x64.ActiveCfg = Debug|x64
		{69F5FBB1-8D3A-3B83-9FEB-6F24F271CB21}.Debug|x64.Build.0 = Debug|x64
		{69F5FBB1-8D3A-3B83-9FEB-6F24F271CB21}.Release|x64.ActiveCfg = Release|x64
		{69F5FBB1-8D3A-3B83-9FEB-6F24F271CB21}.Release|x64.Build.0 = Release|x64
		{69F5FBB1-8D3A-3B83-9FEB-6F24F271CB21}.MinSizeRel|x64.ActiveCfg = MinSizeRel|x64
		{69F5FBB1-8D3A-3B83-9FEB-6F24F271CB21}.MinSizeRel|x64.Build.0 = MinSizeRel|x64
		{69F5FBB1-8D3A-3B83-9FEB-6F24F271CB21}.RelWithDebInfo|x64.ActiveCfg = RelWithDebInfo|x64
		{69F5FBB1-8D3A-3B83-9FEB-6F24F271CB21}.RelWithDebInfo|x64.Build.0 = RelWithDebInfo|x64
		{0C2D60A6-D0C2-3FA4-BA0B-BDD2536C09A6}.Debug|x64.ActiveCfg = Debug|x64
		{0C2D60A6-D0C2-3FA4-BA0B-BDD2536C09A6}.Debug|x64.Build.0 = Debug|x64
		{0C2D60A6-D0C2-3FA4-BA0B-BDD2536C09A6}.Release|x64.ActiveCfg = Release|x64
		{0C2D60A6-D0C2-3FA4-BA0B-BDD2536C09A6}.Release|x64.Build.0 = Release|x64
		{0C2D60A6-D0C2-3FA4-BA0B-BDD2536C09A6}.MinSizeRel|x64.ActiveCfg = MinSizeRel|x64
		{0C2D60A6-D0C2-3FA4-BA0B-BDD2536C09A6}.MinSizeRel|x64.Build.0 = MinSizeRel|x64
		{0C2D60A6-D0C2-3FA4-BA0B-BDD2536C09A6}.RelWithDebInfo|x64.ActiveCfg = RelWithDebInfo|x64
		{0C2D60A6-D0C2-3FA4-BA0B-BDD2536C09A6}.RelWithDebInfo|x64.Build.0 = RelWithDebInfo|x64
		{ACE6A8D8-D50C-34D8-813B-7174CF38CF6D}.Debug|x64.ActiveCfg = Debug|x64
		{ACE6A8D8-D50C-34D8-813B-7174CF38CF6D}.Debug|x64.Build.0 = Debug|x64
		{ACE6A8D8-D50C-34D8-813B-7174CF38CF6D}.Release|x64.ActiveCfg = Release|x64
		{ACE6A8D8-D50C-34D8-813B-7174CF38CF6D}.Release|x64.Build.0 = Release|x64
		{ACE6A8D8-D50C-34D8-813B-7174CF38CF6D}.MinSizeRel|x64.ActiveCfg = MinSizeRel|x64
		{ACE6A8D8-D50C-34D8-813B-7174CF38CF6D}.MinSizeRel|x64.Build.0 = MinSizeRel|x64
		{ACE6A8D8-D50C-34D8-813B-7174CF38CF6D}.RelWithDebInfo|x64.ActiveCfg = RelWithDebInfo|x64
		{ACE6A8D8-D50C-34D8-813B-7174CF38CF6D}.RelWithDebInfo|x64.Build.0 = RelWithDebInfo|x64
		{308482CC-30DA-3632-AAF1-7E1BB9720A76}.Debug|x64.ActiveCfg = Debug|x64
		{308482CC-30DA-3632-AAF1-7E1BB9720A76}.Debug|x64.Build.0 = Debug|x64
		{308482CC-30DA-3632-AAF1-7E1BB9720A76}.Release|x64.ActiveCfg = Release|x64
		{308482CC-30DA-3632-AAF1-7E1BB9720A76}.Release|x64.Build.0 = Release|x64
		{308482CC-30DA-3632-AAF1-7E1BB9720A76}.MinSizeRel|x64.ActiveCfg = MinSizeRel|x64
		{308482CC-30DA-3632-AAF1-7E1BB9720A76}.MinSizeRel|x64.Build.0 = MinSizeRel|x64
		{308482CC-30DA-3632-AAF1-7E1BB9720A76}.RelWithDebInfo|x64.ActiveCfg = RelWithDebInfo|x64
		{308482CC-30DA-3632-AAF1-7E1BB9720A76}.RelWithDebInfo|x64.Build.0 = RelWithDebInfo|x64
		{A9F149A5-36C9-383C-9426-DD425CC950F4}.Debug|x64.ActiveCfg = Debug|x64
		{A9F149A5-36C9-383C-9426-DD425CC950F4}.Debug|x64.Build.0 = Debug|x64
		{A9F149A5-36C9-383C-9426-DD425CC950F4}.Release|x64.ActiveCfg = Release|x64
		{A9F149A5-36C9-383C-9426-DD425CC950F4}.Release|x64.Build.0 = Release|x64
		{A9F149A5-36C9-383C-9426-DD425CC950F4}.MinSizeRel|x64.ActiveCfg = MinSizeRel|x64
		{A9F149A5-36C9-383C-9426-DD425CC950F4}.MinSizeRel|x64.Build.0 = MinSizeRel|x64
		{A9F149A5-36C9-383C-9426-DD425CC950F4}.RelWithDebInfo|x64.ActiveCfg = RelWithDebInfo|x64
		{A9F149A5-36C9-383C-9426-DD425CC950F4}.RelWithDebInfo|x64.Build.0 = RelWithDebInfo|x64
		{10E298A5-79F6-34F4-BD63-6DE6E3E3F61C}.Debug|x64.ActiveCfg = Debug|x64
		{10E298A5-79F6-34F4-BD63-6DE6E3E3F61C}.Debug|x64.Build.0 = Debug|x64
		{10E298A5-79F6-34F4-BD63-6DE6E3E3F61C}.Release|x64.ActiveCfg = Release|x64
		{10E298A5-79F6-34F4-BD63-6DE6E3E3F61C}.Release|x64.Build.0 = Release|x64
		{10E298A5-79F6-34F4-BD63-6DE6E3E3F61C}.MinSizeRel|x64.ActiveCfg = MinSizeRel|x64
		{10E298A5-79F6-34F4-BD63-6DE6E3E3F61C}.MinSizeRel|x64.Build.0 = MinSizeRel|x64
		{10E298A5-79F6-34F4-BD63-6DE6E3E3F61C}.RelWithDebInfo|x64.ActiveCfg = RelWithDebInfo|x64
		{10E298A5-79F6-34F4-BD63-6DE6E3E3F61C}.RelWithDebInfo|x64.Build.0 = RelWithDebInfo|x64
		{C2EEEE47-36AF-3E0D-8536-A57A016F5E58}.Debug|x64.ActiveCfg = Debug|x64
		{C2EEEE47-36AF-3E0D-8536-A57A016F5E58}.Debug|x64.Build.0 = Debug|x64
		{C2EEEE47-36AF-3E0D-8536-A57A016F5E58}.Release|x64.ActiveCfg = Release|x64
		{C2EEEE47-36AF-3E0D-8536-A57A016F5E58}.Release|x64.Build.0 = Release|x64
		{C2EEEE47-36AF-3E0D-8536-A57A016F5E58}.MinSizeRel|x64.ActiveCfg = MinSizeRel|x64
		{C2EEEE47-36AF-3E0D-8536-A57A016F5E58}.MinSizeRel|x64.Build.0 = MinSizeRel|x64
		{C2EEEE47-36AF-3E0D-8536-A57A016F5E58}.RelWithDebInfo|x64.ActiveCfg = RelWithDebInfo|x64
		{C2EEEE47-36AF-3E0D-8536-A57A016F5E58}.RelWithDebInfo|x64.Build.0 = RelWithDebInfo|x64
		{4415CCA7-BDAC-37DB-A4BB-7AEE196073BE}.Debug|x64.ActiveCfg = Debug|x64
		{4415CCA7-BDAC-37DB-A4BB-7AEE196073BE}.Debug|x64.Build.0 = Debug|x64
		{4415CCA7-BDAC-37DB-A4BB-7AEE196073BE}.Release|x64.ActiveCfg = Release|x64
		{4415CCA7-BDAC-37DB-A4BB-7AEE196073BE}.Release|x64.Build.0 = Release|x64
		{4415CCA7-BDAC-37DB-A4BB-7AEE196073BE}.MinSizeRel|x64.ActiveCfg = MinSizeRel|x64
		{4415CCA7-BDAC-37DB-A4BB-7AEE196073BE}.MinSizeRel|x64.Build.0 = MinSizeRel|x64
		{4415CCA7-BDAC-37DB-A4BB-7AEE196073BE}.RelWithDebInfo|x64.ActiveCfg = RelWithDebInfo|x64
		{4415CCA7-BDAC-37DB-A4BB-7AEE196073BE}.RelWithDebInfo|x64.Build.0 = RelWithDebInfo|x64
		{72DF30C4-44EB-33CD-9BD0-9EECC869F22C}.Debug|x64.ActiveCfg = Debug|x64
		{72DF30C4-44EB-33CD-9BD0-9EECC869F22C}.Debug|x64.Build.0 = Debug|x64
		{72DF30C4-44EB-33CD-9BD0-9EECC869F22C}.Release|x64.ActiveCfg = Release|x64
		{72DF30C4-44EB-33CD-9BD0-9EECC869F22C}.Release|x64.Build.0 = Release|x64
		{72DF30C4-44EB-33CD-9BD0-9EECC869F22C}.MinSizeRel|x64.ActiveCfg = MinSizeRel|x64
		{72DF30C4-44EB-33CD-9BD0-9EECC869F22C}.MinSizeRel|x64.Build.0 = MinSizeRel|x64
		{72DF30C4-44EB-33CD-9BD0-9EECC869F22C}.RelWithDebInfo|x64.ActiveCfg = RelWithDebInfo|x64
		{72DF30C4-44EB-33CD-9BD0-9EECC869F22C}.RelWithDebInfo|x64.Build.0 = RelWithDebInfo|x64
		{97A1F262-AA70-3D85-95D8-410C57CA171E}.Debug|x64.ActiveCfg = Debug|x64
		{97A1F262-AA70-3D85-95D8-410C57CA171E}.Debug|x64.Build.0 = Debug|x64
		{97A1F262-AA70-3D85-95D8-410C57CA171E}.Release|x64.ActiveCfg = Release|x64
		{97A1F262-AA70-3D85-95D8-410C57CA171E}.Release|x64.Build.0 = Release|x64
		{97A1F262-AA70-3D85-95D8-410C57CA171E}.MinSizeRel|x64.ActiveCfg = MinSizeRel|x64
		{97A1F262-AA70-3D85-95D8-410C57CA171E}.MinSizeRel|x64.Build.0 = MinSizeRel|x64
		{97A1F262-AA70-3D85-95D8-410C57CA171E}.RelWithDebInfo|x64.ActiveCfg = RelWithDebInfo|x64
		{97A1F262-AA70-3D85-95D8-410C57CA171E}.RelWithDebInfo|x64.Build.0 = RelWithDebInfo|x64
		{FBFE8914-71C7-319E-AB9D-1E093AF62DC4}.Debug|x64.ActiveCfg = Debug|x64
		{FBFE8914-71C7-319E-AB9D-1E093AF62DC4}.Debug|x64.Build.0 = Debug|x64
		{FBFE8914-71C7-319E-AB9D-1E093AF62DC4}.Release|x64.ActiveCfg = Release|x64
		{FBFE8914-71C7-319E-AB9D-1E093AF62DC4}.Release|x64.Build.0 = Release|x64
		{FBFE8914-71C7-319E-AB9D-1E093AF62DC4}.MinSizeRel|x64.ActiveCfg = MinSizeRel|x64
		{FBFE8914-71C7-319E-AB9D-1E093AF62DC4}.MinSizeRel|x64.Build.0 = MinSizeRel|x64
		{FBFE8914-71C7-319E-AB9D-1E093AF62DC4}.RelWithDebInfo|x64.ActiveCfg = RelWithDebInfo|x64
		{FBFE8914-71C7-319E-AB9D-1E093AF62DC4}.RelWithDebInfo|x64.Build.0 = RelWithDebInfo|x64
		{253676FA-86FA-383A-A0EB-9B32BEFD79BF}.Debug|x64.ActiveCfg = Debug|x64
		{253676FA-86FA-383A-A0EB-9B32BEFD79BF}.Debug|x64.Build.0 = Debug|x64
		{253676FA-86FA-383A-A0EB-9B32BEFD79BF}.Release|x64.ActiveCfg = Release|x64
		{253676FA-86FA-383A-A0EB-9B32BEFD79BF}.Release|x64.Build.0 = Release|x64
		{253676FA-86FA-383A-A0EB-9B32BEFD79BF}.MinSizeRel|x64.ActiveCfg = MinSizeRel|x64
		{253676FA-86FA-383A-A0EB-9B32BEFD79BF}.MinSizeRel|x64.Build.0 = MinSizeRel|x64
		{253676FA-86FA-383A-A0EB-9B32BEFD79BF}.RelWithDebInfo|x64.ActiveCfg = RelWithDebInfo|x64
		{253676FA-86FA-383A-A0EB-9B32BEFD79BF}.RelWithDebInfo|x64.Build.0 = RelWithDebInfo|x64
		{137B0D46-D2FE-37F2-929E-CEDEF7E3E954}.Debug|x64.ActiveCfg = Debug|x64
		{137B0D46-D2FE-37F2-929E-CEDEF7E3E954}.Debug|x64.Build.0 = Debug|x64
		{137B0D46-D2FE-37F2-929E-CEDEF7E3E954}.Release|x64.ActiveCfg = Release|x64
		{137B0D46-D2FE-37F2-929E-CEDEF7E3E954}.Release|x64.Build.0 = Release|x64
		{137B0D46-D2FE-37F2-929E-CEDEF7E3E954}.MinSizeRel|x64.ActiveCfg = MinSizeRel|x64
		{137B0D46-D2FE-37F2-929E-CEDEF7E3E954}.MinSizeRel|x64.Build.0 = MinSizeRel|x64
		{137B0D46-D2FE-37F2-929E-CEDEF7E3E954}.RelWithDebInfo|x64.ActiveCfg = RelWithDebInfo|x64
		{137B0D46-D2FE-37F2-929E-CEDEF7E3E954}.RelWithDebInfo|x64.Build.0 = RelWithDebInfo|x64
		{4B8F1C56-0EB4-3577-B730-365602425022}.Debug|x64.ActiveCfg = Debug|x64
		{4B8F1C56-0EB4-3577-B730-365602425022}.Debug|x64.Build.0 = Debug|x64
		{4B8F1C56-0EB4-3577-B730-365602425022}.Release|x64.ActiveCfg = Release|x64
		{4B8F1C56-0EB4-3577-B730-365602425022}.Release|x64.Build.0 = Release|x64
		{4B8F1C56-0EB4-3577-B730-365602425022}.MinSizeRel|x64.ActiveCfg = MinSizeRel|x64
		{4B8F1C56-0EB4-3577-B730-365602425022}.MinSizeRel|x64.Build.0 = MinSizeRel|x64
		{4B8F1C56-0EB4-3577-B730-365602425022}.RelWithDebInfo|x64.ActiveCfg = RelWithDebInfo|x64
		{4B8F1C56-0EB4-3577-B730-365602425022}.RelWithDebInfo|x64.Build.0 = RelWithDebInfo|x64
		{960635BD-6DC9-3277-8F60-5740DACA0BB7}.Debug|x64.ActiveCfg = Debug|x64
		{960635BD-6DC9-3277-8F60-5740DACA0BB7}.Debug|x64.Build.0 = Debug|x64
		{960635BD-6DC9-3277-8F60-5740DACA0BB7}.Release|x64.ActiveCfg = Release|x64
		{960635BD-6DC9-3277-8F60-5740DACA0BB7}.Release|x64.Build.0 = Release|x64
		{960635BD-6DC9-3277-8F60-5740DACA0BB7}.MinSizeRel|x64.ActiveCfg = MinSizeRel|x64
		{960635BD-6DC9-3277-8F60-5740DACA0BB7}.MinSizeRel|x64.Build.0 = MinSizeRel|x64
		{960635BD-6DC9-3277-8F60-5740DACA0BB7}.RelWithDebInfo|x64.ActiveCfg = RelWithDebInfo|x64
		{960635BD-6DC9-3277-8F60-5740DACA0BB7}.RelWithDebInfo|x64.Build.0 = RelWithDebInfo|x64
		{41E47B06-12E5-3FB1-9FC5-5CB847B8C6D9}.Debug|x64.ActiveCfg = Debug|x64
		{41E47B06-12E5-3FB1-9FC5-5CB847B8C6D9}.Debug|x64.Build.0 = Debug|x64
		{41E47B06-12E5-3FB1-9FC5-5CB847B8C6D9}.Release|x64.ActiveCfg = Release|x64
		{41E47B06-12E5-3FB1-9FC5-5CB847B8C6D9}.Release|x64.Build.0 = Release|x64
		{41E47B06-12E5-3FB1-9FC5-5CB847B8C6D9}.MinSizeRel|x64.ActiveCfg = MinSizeRel|x64
		{41E47B06-12E5-3FB1-9FC5-5CB847B8C6D9}.MinSizeRel|x64.Build.0 = MinSizeRel|x64
		{41E47B06-12E5-3FB1-9FC5-5CB847B8C6D9}.RelWithDebInfo|x64.ActiveCfg = RelWithDebInfo|x64
		{41E47B06-12E5-3FB1-9FC5-5CB847B8C6D9}.RelWithDebInfo|x64.Build.0 = RelWithDebInfo|x64
		{0F67F7D3-624E-352E-8289-CD80C1243351}.Debug|x64.ActiveCfg = Debug|x64
		{0F67F7D3-624E-352E-8289-CD80C1243351}.Debug|x64.Build.0 = Debug|x64
		{0F67F7D3-624E-352E-8289-CD80C1243351}.Release|x64.ActiveCfg = Release|x64
		{0F67F7D3-624E-352E-8289-CD80C1243351}.Release|x64.Build.0 = Release|x64
		{0F67F7D3-624E-352E-8289-CD80C1243351}.MinSizeRel|x64.ActiveCfg = MinSizeRel|x64
		{0F67F7D3-624E-352E-8289-CD80C1243351}.MinSizeRel|x64.Build.0 = MinSizeRel|x64
		{0F67F7D3-624E-352E-8289-CD80C1243351}.RelWithDebInfo|x64.ActiveCfg = RelWithDebInfo|x64
		{0F67F7D3-624E-352E-8289-CD80C1243351}.RelWithDebInfo|x64.Build.0 = RelWithDebInfo|x64
		{17B8F92A-599B-33EB-BEB5-4E284C3D7C67}.Debug|x64.ActiveCfg = Debug|x64
		{17B8F92A-599B-33EB-BEB5-4E284C3D7C67}.Debug|x64.Build.0 = Debug|x64
		{17B8F92A-599B-33EB-BEB5-4E284C3D7C67}.Release|x64.ActiveCfg = Release|x64
		{17B8F92A-599B-33EB-BEB5-4E284C3D7C67}.Release|x64.Build.0 = Release|x64
		{17B8F92A-599B-33EB-BEB5-4E284C3D7C67}.MinSizeRel|x64.ActiveCfg = MinSizeRel|x64
		{17B8F92A-599B-33EB-BEB5-4E284C3D7C67}.MinSizeRel|x64.Build.0 = MinSizeRel|x64
		{17B8F92A-599B-33EB-BEB5-4E284C3D7C67}.RelWithDebInfo|x64.ActiveCfg = RelWithDebInfo|x64
		{17B8F92A-599B-33EB-BEB5-4E284C3D7C67}.RelWithDebInfo|x64.Build.0 = RelWithDebInfo|x64
		{B9972340-084C-3EE1-833A-2B16F376DCE3}.Debug|x64.ActiveCfg = Debug|x64
		{B9972340-084C-3EE1-833A-2B16F376DCE3}.Debug|x64.Build.0 = Debug|x64
		{B9972340-084C-3EE1-833A-2B16F376DCE3}.Release|x64.ActiveCfg = Release|x64
		{B9972340-084C-3EE1-833A-2B16F376DCE3}.Release|x64.Build.0 = Release|x64
		{B9972340-084C-3EE1-833A-2B16F376DCE3}.MinSizeRel|x64.ActiveCfg = MinSizeRel|x64
		{B9972340-084C-3EE1-833A-2B16F376DCE3}.MinSizeRel|x64.Build.0 = MinSizeRel|x64
		{B9972340-084C-3EE1-833A-2B16F376DCE3}.RelWithDebInfo|x64.ActiveCfg = RelWithDebInfo|x64
		{B9972340-084C-3EE1-833A-2B16F376DCE3}.RelWithDebInfo|x64.Build.0 = RelWithDebInfo|x64
		{68FCC2FA-BA3A-36F0-945F-65915B7FAC8D}.Debug|x64.ActiveCfg = Debug|x64
		{68FCC2FA-BA3A-36F0-945F-65915B7FAC8D}.Debug|x64.Build.0 = Debug|x64
		{68FCC2FA-BA3A-36F0-945F-65915B7FAC8D}.Release|x64.ActiveCfg = Release|x64
		{68FCC2FA-BA3A-36F0-945F-65915B7FAC8D}.Release|x64.Build.0 = Release|x64
		{68FCC2FA-BA3A-36F0-945F-65915B7FAC8D}.MinSizeRel|x64.ActiveCfg = MinSizeRel|x64
		{68FCC2FA-BA3A-36F0-945F-65915B7FAC8D}.MinSizeRel|x64.Build.0 = MinSizeRel|x64
		{68FCC2FA-BA3A-36F0-945F-65915B7FAC8D}.RelWithDebInfo|x64.ActiveCfg = RelWithDebInfo|x64
		{68FCC2FA-BA3A-36F0-945F-65915B7FAC8D}.RelWithDebInfo|x64.Build.0 = RelWithDebInfo|x64
		{76A671D7-AB73-3A89-8995-86FEBCEDA7A4}.Debug|x64.ActiveCfg = Debug|x64
		{76A671D7-AB73-3A89-8995-86FEBCEDA7A4}.Debug|x64.Build.0 = Debug|x64
		{76A671D7-AB73-3A89-8995-86FEBCEDA7A4}.Release|x64.ActiveCfg = Release|x64
		{76A671D7-AB73-3A89-8995-86FEBCEDA7A4}.Release|x64.Build.0 = Release|x64
		{76A671D7-AB73-3A89-8995-86FEBCEDA7A4}.MinSizeRel|x64.ActiveCfg = MinSizeRel|x64
		{76A671D7-AB73-3A89-8995-86FEBCEDA7A4}.MinSizeRel|x64.Build.0 = MinSizeRel|x64
		{76A671D7-AB73-3A89-8995-86FEBCEDA7A4}.RelWithDebInfo|x64.ActiveCfg = RelWithDebInfo|x64
		{76A671D7-AB73-3A89-8995-86FEBCEDA7A4}.RelWithDebInfo|x64.Build.0 = RelWithDebInfo|x64
	EndGlobalSection
	GlobalSection(ExtensibilityGlobals) = postSolution
		SolutionGuid = {05A99FC9-403C-387D-A362-E861B9E2455C}
	EndGlobalSection
	GlobalSection(ExtensibilityAddIns) = postSolution
	EndGlobalSection
EndGlobal
