
Microsoft Visual Studio Solution File, Format Version 12.00
# Visual Studio Version 17
Project("{8BC9CEB8-8B4A-11D0-8D11-00A0C91BC942}") = "ALL_BUILD", "ALL_BUILD.vcxproj", "{6050ECA0-EEF6-3DED-82EB-512DDD0FF498}"
	ProjectSection(ProjectDependencies) = postProject
		{68FCC2FA-BA3A-36F0-945F-65915B7FAC8D} = {68FCC2FA-BA3A-36F0-945F-65915B7FAC8D}
		{448FD3FD-C127-38DF-BBE2-A78476FFA1C7} = {448FD3FD-C127-38DF-BBE2-A78476FFA1C7}
		{1D1AC21B-6581-3DD4-8C90-6DE8C62A7503} = {1D1AC21B-6581-3DD4-8C90-6DE8C62A7503}
		{1528D80A-DD73-350A-AEAE-4D09AEFA6C9C} = {1528D80A-DD73-350A-AEAE-4D09AEFA6C9C}
		{51E9DF98-0AEE-3DF8-B2C4-A9DA54254569} = {51E9DF98-0AEE-3DF8-B2C4-A9DA54254569}
		{7DFCDE1F-7583-3477-8B7F-FA9EF9B5C66A} = {7DFCDE1F-7583-3477-8B7F-FA9EF9B5C66A}
		{D32467DB-5355-392F-90DE-AF017E1B0125} = {D32467DB-5355-392F-90DE-AF017E1B0125}
		{EA891BB1-CDA8-3C0E-B201-84E03397A010} = {EA891BB1-CDA8-3C0E-B201-84E03397A010}
		{9295A1C8-B833-3E96-A9D1-70F1C5C08A31} = {9295A1C8-B833-3E96-A9D1-70F1C5C08A31}
		{D5BEC3D9-FD90-39CF-8751-CE43F793AA5F} = {D5BEC3D9-FD90-39CF-8751-CE43F793AA5F}
		{3AA757E6-5C7C-38AA-AA70-52258444ACB9} = {3AA757E6-5C7C-38AA-AA70-52258444ACB9}
		{4D77FF6C-4B7F-3737-AF01-054B345D372B} = {4D77FF6C-4B7F-3737-AF01-054B345D372B}
		{7CCAC6A6-8E18-3B97-89AC-947DCDC955CD} = {7CCAC6A6-8E18-3B97-89AC-947DCDC955CD}
		{7525CC58-E902-346B-8AF7-9361B0E45904} = {7525CC58-E902-346B-8AF7-9361B0E45904}
		{050C9AC6-7D2F-3FFC-A0C9-54B6BFE63A19} = {050C9AC6-7D2F-3FFC-A0C9-54B6BFE63A19}
		{C564006A-1DF6-3548-B72C-FCC6DF4B66F4} = {C564006A-1DF6-3548-B72C-FCC6DF4B66F4}
		{5A54396C-8150-3417-A079-C12E5DE88986} = {5A54396C-8150-3417-A079-C12E5DE88986}
		{085303D9-4AD1-3135-955E-AA1338F4C99F} = {085303D9-4AD1-3135-955E-AA1338F4C99F}
		{2C0EF9FA-970C-3FFA-9E00-0CF066099FD1} = {2C0EF9FA-970C-3FFA-9E00-0CF066099FD1}
		{F5A007E2-ED5E-3B70-8660-D921955A56C6} = {F5A007E2-ED5E-3B70-8660-D921955A56C6}
		{DA7BBBCA-09EE-35D3-944E-AD255027F262} = {DA7BBBCA-09EE-35D3-944E-AD255027F262}
		{AF8F4EAB-1541-3675-B813-2BE0E4F5C2EF} = {AF8F4EAB-1541-3675-B813-2BE0E4F5C2EF}
		{5E12D75B-A529-3D1B-9673-5CBA7372B50C} = {5E12D75B-A529-3D1B-9673-5CBA7372B50C}
		{53F3ABA6-760E-3AEB-9E8C-3AD6265E6A41} = {53F3ABA6-760E-3AEB-9E8C-3AD6265E6A41}
		{1957EEA8-5377-37E7-83EF-186D9B674055} = {1957EEA8-5377-37E7-83EF-186D9B674055}
		{B9E29B91-6DDE-336A-994F-8EF89F3C8E50} = {B9E29B91-6DDE-336A-994F-8EF89F3C8E50}
		{AEFB0804-F2F7-3197-87BA-9735D12D5C64} = {AEFB0804-F2F7-3197-87BA-9735D12D5C64}
		{8C3B5E29-BDE0-373C-9F0E-BE09C887FC1A} = {8C3B5E29-BDE0-373C-9F0E-BE09C887FC1A}
		{29C3BA2A-7E75-3391-99BC-222C9AB9F39C} = {29C3BA2A-7E75-3391-99BC-222C9AB9F39C}
		{08777B4E-D335-3378-8BEF-FA552F833FFE} = {08777B4E-D335-3378-8BEF-FA552F833FFE}
		{4BB3E880-26D1-38B3-BC92-CF913C7EF444} = {4BB3E880-26D1-38B3-BC92-CF913C7EF444}
		{DBBAD1BE-D6E0-3CAB-B2DE-333AFE67FF35} = {DBBAD1BE-D6E0-3CAB-B2DE-333AFE67FF35}
		{C2E8B81B-CBA1-31BF-8734-9F24265904F4} = {C2E8B81B-CBA1-31BF-8734-9F24265904F4}
		{4F63788C-7CF3-3C01-A95E-F39B70BDCD7D} = {4F63788C-7CF3-3C01-A95E-F39B70BDCD7D}
		{85424C4C-B64E-3F82-AE92-30A5CF68B101} = {85424C4C-B64E-3F82-AE92-30A5CF68B101}
		{FD6952E0-A832-39DF-979D-79047549DB34} = {FD6952E0-A832-39DF-979D-79047549DB34}
		{E501B442-427A-3691-BAAB-67DAB0D9C681} = {E501B442-427A-3691-BAAB-67DAB0D9C681}
		{7E6C0B1B-AEC8-30FA-9BCF-1118A501C97D} = {7E6C0B1B-AEC8-30FA-9BCF-1118A501C97D}
		{FB226AD0-3B76-349E-9245-458A38D2A335} = {FB226AD0-3B76-349E-9245-458A38D2A335}
		{185EC1A2-F0B3-31DE-9E66-858AAFD33FA5} = {185EC1A2-F0B3-31DE-9E66-858AAFD33FA5}
		{AB27034C-B576-3048-A3C7-01F9C3343E63} = {AB27034C-B576-3048-A3C7-01F9C3343E63}
		{F06D9AB7-3532-3D8D-B46A-39C31C9C157A} = {F06D9AB7-3532-3D8D-B46A-39C31C9C157A}
		{149686AD-F7D9-3C12-9341-D68CA824A0B8} = {149686AD-F7D9-3C12-9341-D68CA824A0B8}
		{AE491012-FD80-3B3A-8BAF-90AB59BB887D} = {AE491012-FD80-3B3A-8BAF-90AB59BB887D}
		{51E4C417-6FA8-3BE1-AEA8-086BD330B82B} = {51E4C417-6FA8-3BE1-AEA8-086BD330B82B}
		{BB66C30A-95C5-35FB-BFF0-99D2AAFC6E7E} = {BB66C30A-95C5-35FB-BFF0-99D2AAFC6E7E}
		{32885EFD-98BD-32C0-92A5-379217CFD17B} = {32885EFD-98BD-32C0-92A5-379217CFD17B}
		{D8EC92F0-BCE7-3706-B6EB-5F0170894435} = {D8EC92F0-BCE7-3706-B6EB-5F0170894435}
	EndProjectSection
EndProject
Project("{8BC9CEB8-8B4A-11D0-8D11-00A0C91BC942}") = "INSTALL", "INSTALL.vcxproj", "{AC73E4D8-20A1-32FD-A018-DC8055628A4D}"
	ProjectSection(ProjectDependencies) = postProject
		{6050ECA0-EEF6-3DED-82EB-512DDD0FF498} = {6050ECA0-EEF6-3DED-82EB-512DDD0FF498}
		{68FCC2FA-BA3A-36F0-945F-65915B7FAC8D} = {68FCC2FA-BA3A-36F0-945F-65915B7FAC8D}
	EndProjectSection
EndProject
Project("{8BC9CEB8-8B4A-11D0-8D11-00A0C91BC942}") = "OpenIGTLink", "..\Source\OpenIGTLink.vcxproj", "{0E29D6D8-A22D-33D2-AFEA-AE7E12975A1D}"
	ProjectSection(ProjectDependencies) = postProject
		{68FCC2FA-BA3A-36F0-945F-65915B7FAC8D} = {68FCC2FA-BA3A-36F0-945F-65915B7FAC8D}
	EndProjectSection
EndProject
Project("{8BC9CEB8-8B4A-11D0-8D11-00A0C91BC942}") = "RUN_TESTS", "RUN_TESTS.vcxproj", "{0883CB98-2590-37AA-B474-54323E591DEF}"
	ProjectSection(ProjectDependencies) = postProject
		{68FCC2FA-BA3A-36F0-945F-65915B7FAC8D} = {68FCC2FA-BA3A-36F0-945F-65915B7FAC8D}
	EndProjectSection
EndProject
Project("{8BC9CEB8-8B4A-11D0-8D11-00A0C91BC942}") = "ZERO_CHECK", "..\\ZERO_CHECK.vcxproj", "{68FCC2FA-BA3A-36F0-945F-65915B7FAC8D}"
	ProjectSection(ProjectDependencies) = postProject
	EndProjectSection
EndProject
Project("{8BC9CEB8-8B4A-11D0-8D11-00A0C91BC942}") = "igtlBindMessageTest", "igtlBindMessageTest.vcxproj", "{448FD3FD-C127-38DF-BBE2-A78476FFA1C7}"
	ProjectSection(ProjectDependencies) = postProject
		{0E29D6D8-A22D-33D2-AFEA-AE7E12975A1D} = {0E29D6D8-A22D-33D2-AFEA-AE7E12975A1D}
		{68FCC2FA-BA3A-36F0-945F-65915B7FAC8D} = {68FCC2FA-BA3A-36F0-945F-65915B7FAC8D}
	EndProjectSection
EndProject
Project("{8BC9CEB8-8B4A-11D0-8D11-00A0C91BC942}") = "igtlCapabilityMessageTest", "igtlCapabilityMessageTest.vcxproj", "{1D1AC21B-6581-3DD4-8C90-6DE8C62A7503}"
	ProjectSection(ProjectDependencies) = postProject
		{0E29D6D8-A22D-33D2-AFEA-AE7E12975A1D} = {0E29D6D8-A22D-33D2-AFEA-AE7E12975A1D}
		{68FCC2FA-BA3A-36F0-945F-65915B7FAC8D} = {68FCC2FA-BA3A-36F0-945F-65915B7FAC8D}
	EndProjectSection
EndProject
Project("{8BC9CEB8-8B4A-11D0-8D11-00A0C91BC942}") = "igtlClientSocketTest", "igtlClientSocketTest.vcxproj", "{1528D80A-DD73-350A-AEAE-4D09AEFA6C9C}"
	ProjectSection(ProjectDependencies) = postProject
		{68FCC2FA-BA3A-36F0-945F-65915B7FAC8D} = {68FCC2FA-BA3A-36F0-945F-65915B7FAC8D}
	EndProjectSection
EndProject
Project("{8BC9CEB8-8B4A-11D0-8D11-00A0C91BC942}") = "igtlColorTableMessageTest", "igtlColorTableMessageTest.vcxproj", "{51E9DF98-0AEE-3DF8-B2C4-A9DA54254569}"
	ProjectSection(ProjectDependencies) = postProject
		{0E29D6D8-A22D-33D2-AFEA-AE7E12975A1D} = {0E29D6D8-A22D-33D2-AFEA-AE7E12975A1D}
		{68FCC2FA-BA3A-36F0-945F-65915B7FAC8D} = {68FCC2FA-BA3A-36F0-945F-65915B7FAC8D}
	EndProjectSection
EndProject
Project("{8BC9CEB8-8B4A-11D0-8D11-00A0C91BC942}") = "igtlCommandMessageTest", "igtlCommandMessageTest.vcxproj", "{7DFCDE1F-7583-3477-8B7F-FA9EF9B5C66A}"
	ProjectSection(ProjectDependencies) = postProject
		{0E29D6D8-A22D-33D2-AFEA-AE7E12975A1D} = {0E29D6D8-A22D-33D2-AFEA-AE7E12975A1D}
		{68FCC2FA-BA3A-36F0-945F-65915B7FAC8D} = {68FCC2FA-BA3A-36F0-945F-65915B7FAC8D}
	EndProjectSection
EndProject
Project("{8BC9CEB8-8B4A-11D0-8D11-00A0C91BC942}") = "igtlConditionVariableTest", "igtlConditionVariableTest.vcxproj", "{D32467DB-5355-392F-90DE-AF017E1B0125}"
	ProjectSection(ProjectDependencies) = postProject
		{0E29D6D8-A22D-33D2-AFEA-AE7E12975A1D} = {0E29D6D8-A22D-33D2-AFEA-AE7E12975A1D}
		{68FCC2FA-BA3A-36F0-945F-65915B7FAC8D} = {68FCC2FA-BA3A-36F0-945F-65915B7FAC8D}
	EndProjectSection
EndProject
Project("{8BC9CEB8-8B4A-11D0-8D11-00A0C91BC942}") = "igtlImageMessage2Test", "igtlImageMessage2Test.vcxproj", "{EA891BB1-CDA8-3C0E-B201-84E03397A010}"
	ProjectSection(ProjectDependencies) = postProject
		{0E29D6D8-A22D-33D2-AFEA-AE7E12975A1D} = {0E29D6D8-A22D-33D2-AFEA-AE7E12975A1D}
		{68FCC2FA-BA3A-36F0-945F-65915B7FAC8D} = {68FCC2FA-BA3A-36F0-945F-65915B7FAC8D}
	EndProjectSection
EndProject
Project("{8BC9CEB8-8B4A-11D0-8D11-00A0C91BC942}") = "igtlImageMessageTest", "igtlImageMessageTest.vcxproj", "{9295A1C8-B833-3E96-A9D1-70F1C5C08A31}"
	ProjectSection(ProjectDependencies) = postProject
		{0E29D6D8-A22D-33D2-AFEA-AE7E12975A1D} = {0E29D6D8-A22D-33D2-AFEA-AE7E12975A1D}
		{68FCC2FA-BA3A-36F0-945F-65915B7FAC8D} = {68FCC2FA-BA3A-36F0-945F-65915B7FAC8D}
	EndProjectSection
EndProject
Project("{8BC9CEB8-8B4A-11D0-8D11-00A0C91BC942}") = "igtlImageMetaMessageTest", "igtlImageMetaMessageTest.vcxproj", "{D5BEC3D9-FD90-39CF-8751-CE43F793AA5F}"
	ProjectSection(ProjectDependencies) = postProject
		{0E29D6D8-A22D-33D2-AFEA-AE7E12975A1D} = {0E29D6D8-A22D-33D2-AFEA-AE7E12975A1D}
		{68FCC2FA-BA3A-36F0-945F-65915B7FAC8D} = {68FCC2FA-BA3A-36F0-945F-65915B7FAC8D}
	EndProjectSection
EndProject
Project("{8BC9CEB8-8B4A-11D0-8D11-00A0C91BC942}") = "igtlLabelMetaMessageTest", "igtlLabelMetaMessageTest.vcxproj", "{3AA757E6-5C7C-38AA-AA70-52258444ACB9}"
	ProjectSection(ProjectDependencies) = postProject
		{0E29D6D8-A22D-33D2-AFEA-AE7E12975A1D} = {0E29D6D8-A22D-33D2-AFEA-AE7E12975A1D}
		{68FCC2FA-BA3A-36F0-945F-65915B7FAC8D} = {68FCC2FA-BA3A-36F0-945F-65915B7FAC8D}
	EndProjectSection
EndProject
Project("{8BC9CEB8-8B4A-11D0-8D11-00A0C91BC942}") = "igtlMessageBaseTest", "igtlMessageBaseTest.vcxproj", "{4D77FF6C-4B7F-3737-AF01-054B345D372B}"
	ProjectSection(ProjectDependencies) = postProject
		{0E29D6D8-A22D-33D2-AFEA-AE7E12975A1D} = {0E29D6D8-A22D-33D2-AFEA-AE7E12975A1D}
		{68FCC2FA-BA3A-36F0-945F-65915B7FAC8D} = {68FCC2FA-BA3A-36F0-945F-65915B7FAC8D}
	EndProjectSection
EndProject
Project("{8BC9CEB8-8B4A-11D0-8D11-00A0C91BC942}") = "igtlMessageFactoryTest", "igtlMessageFactoryTest.vcxproj", "{7CCAC6A6-8E18-3B97-89AC-947DCDC955CD}"
	ProjectSection(ProjectDependencies) = postProject
		{0E29D6D8-A22D-33D2-AFEA-AE7E12975A1D} = {0E29D6D8-A22D-33D2-AFEA-AE7E12975A1D}
		{68FCC2FA-BA3A-36F0-945F-65915B7FAC8D} = {68FCC2FA-BA3A-36F0-945F-65915B7FAC8D}
	EndProjectSection
EndProject
Project("{8BC9CEB8-8B4A-11D0-8D11-00A0C91BC942}") = "igtlMessageRTPWrapperTest", "igtlMessageRTPWrapperTest.vcxproj", "{7525CC58-E902-346B-8AF7-9361B0E45904}"
	ProjectSection(ProjectDependencies) = postProject
		{0E29D6D8-A22D-33D2-AFEA-AE7E12975A1D} = {0E29D6D8-A22D-33D2-AFEA-AE7E12975A1D}
		{68FCC2FA-BA3A-36F0-945F-65915B7FAC8D} = {68FCC2FA-BA3A-36F0-945F-65915B7FAC8D}
	EndProjectSection
EndProject
Project("{8BC9CEB8-8B4A-11D0-8D11-00A0C91BC942}") = "igtlMultiThreaderTest1", "igtlMultiThreaderTest1.vcxproj", "{050C9AC6-7D2F-3FFC-A0C9-54B6BFE63A19}"
	ProjectSection(ProjectDependencies) = postProject
		{0E29D6D8-A22D-33D2-AFEA-AE7E12975A1D} = {0E29D6D8-A22D-33D2-AFEA-AE7E12975A1D}
		{68FCC2FA-BA3A-36F0-945F-65915B7FAC8D} = {68FCC2FA-BA3A-36F0-945F-65915B7FAC8D}
	EndProjectSection
EndProject
Project("{8BC9CEB8-8B4A-11D0-8D11-00A0C91BC942}") = "igtlMultiThreaderTest2", "igtlMultiThreaderTest2.vcxproj", "{C564006A-1DF6-3548-B72C-FCC6DF4B66F4}"
	ProjectSection(ProjectDependencies) = postProject
		{0E29D6D8-A22D-33D2-AFEA-AE7E12975A1D} = {0E29D6D8-A22D-33D2-AFEA-AE7E12975A1D}
		{68FCC2FA-BA3A-36F0-945F-65915B7FAC8D} = {68FCC2FA-BA3A-36F0-945F-65915B7FAC8D}
	EndProjectSection
EndProject
Project("{8BC9CEB8-8B4A-11D0-8D11-00A0C91BC942}") = "igtlMultiThreaderTest3", "igtlMultiThreaderTest3.vcxproj", "{5A54396C-8150-3417-A079-C12E5DE88986}"
	ProjectSection(ProjectDependencies) = postProject
		{0E29D6D8-A22D-33D2-AFEA-AE7E12975A1D} = {0E29D6D8-A22D-33D2-AFEA-AE7E12975A1D}
		{68FCC2FA-BA3A-36F0-945F-65915B7FAC8D} = {68FCC2FA-BA3A-36F0-945F-65915B7FAC8D}
	EndProjectSection
EndProject
Project("{8BC9CEB8-8B4A-11D0-8D11-00A0C91BC942}") = "igtlNDArrayMessageTest", "igtlNDArrayMessageTest.vcxproj", "{085303D9-4AD1-3135-955E-AA1338F4C99F}"
	ProjectSection(ProjectDependencies) = postProject
		{0E29D6D8-A22D-33D2-AFEA-AE7E12975A1D} = {0E29D6D8-A22D-33D2-AFEA-AE7E12975A1D}
		{68FCC2FA-BA3A-36F0-945F-65915B7FAC8D} = {68FCC2FA-BA3A-36F0-945F-65915B7FAC8D}
	EndProjectSection
EndProject
Project("{8BC9CEB8-8B4A-11D0-8D11-00A0C91BC942}") = "igtlPointMessageTest", "igtlPointMessageTest.vcxproj", "{2C0EF9FA-970C-3FFA-9E00-0CF066099FD1}"
	ProjectSection(ProjectDependencies) = postProject
		{0E29D6D8-A22D-33D2-AFEA-AE7E12975A1D} = {0E29D6D8-A22D-33D2-AFEA-AE7E12975A1D}
		{68FCC2FA-BA3A-36F0-945F-65915B7FAC8D} = {68FCC2FA-BA3A-36F0-945F-65915B7FAC8D}
	EndProjectSection
EndProject
Project("{8BC9CEB8-8B4A-11D0-8D11-00A0C91BC942}") = "igtlPolyDataMessageTest", "igtlPolyDataMessageTest.vcxproj", "{F5A007E2-ED5E-3B70-8660-D921955A56C6}"
	ProjectSection(ProjectDependencies) = postProject
		{0E29D6D8-A22D-33D2-AFEA-AE7E12975A1D} = {0E29D6D8-A22D-33D2-AFEA-AE7E12975A1D}
		{68FCC2FA-BA3A-36F0-945F-65915B7FAC8D} = {68FCC2FA-BA3A-36F0-945F-65915B7FAC8D}
	EndProjectSection
EndProject
Project("{8BC9CEB8-8B4A-11D0-8D11-00A0C91BC942}") = "igtlPositionMessageTest", "igtlPositionMessageTest.vcxproj", "{DA7BBBCA-09EE-35D3-944E-AD255027F262}"
	ProjectSection(ProjectDependencies) = postProject
		{0E29D6D8-A22D-33D2-AFEA-AE7E12975A1D} = {0E29D6D8-A22D-33D2-AFEA-AE7E12975A1D}
		{68FCC2FA-BA3A-36F0-945F-65915B7FAC8D} = {68FCC2FA-BA3A-36F0-945F-65915B7FAC8D}
	EndProjectSection
EndProject
Project("{8BC9CEB8-8B4A-11D0-8D11-00A0C91BC942}") = "igtlSensorMessageTest", "igtlSensorMessageTest.vcxproj", "{AF8F4EAB-1541-3675-B813-2BE0E4F5C2EF}"
	ProjectSection(ProjectDependencies) = postProject
		{0E29D6D8-A22D-33D2-AFEA-AE7E12975A1D} = {0E29D6D8-A22D-33D2-AFEA-AE7E12975A1D}
		{68FCC2FA-BA3A-36F0-945F-65915B7FAC8D} = {68FCC2FA-BA3A-36F0-945F-65915B7FAC8D}
	EndProjectSection
EndProject
Project("{8BC9CEB8-8B4A-11D0-8D11-00A0C91BC942}") = "igtlServerSocketTest", "igtlServerSocketTest.vcxproj", "{5E12D75B-A529-3D1B-9673-5CBA7372B50C}"
	ProjectSection(ProjectDependencies) = postProject
		{68FCC2FA-BA3A-36F0-945F-65915B7FAC8D} = {68FCC2FA-BA3A-36F0-945F-65915B7FAC8D}
	EndProjectSection
EndProject
Project("{8BC9CEB8-8B4A-11D0-8D11-00A0C91BC942}") = "igtlSocketTest", "igtlSocketTest.vcxproj", "{53F3ABA6-760E-3AEB-9E8C-3AD6265E6A41}"
	ProjectSection(ProjectDependencies) = postProject
		{68FCC2FA-BA3A-36F0-945F-65915B7FAC8D} = {68FCC2FA-BA3A-36F0-945F-65915B7FAC8D}
	EndProjectSection
EndProject
Project("{8BC9CEB8-8B4A-11D0-8D11-00A0C91BC942}") = "igtlStatusMessageTest", "igtlStatusMessageTest.vcxproj", "{1957EEA8-5377-37E7-83EF-186D9B674055}"
	ProjectSection(ProjectDependencies) = postProject
		{0E29D6D8-A22D-33D2-AFEA-AE7E12975A1D} = {0E29D6D8-A22D-33D2-AFEA-AE7E12975A1D}
		{68FCC2FA-BA3A-36F0-945F-65915B7FAC8D} = {68FCC2FA-BA3A-36F0-945F-65915B7FAC8D}
	EndProjectSection
EndProject
Project("{8BC9CEB8-8B4A-11D0-8D11-00A0C91BC942}") = "igtlStringMessageTest", "igtlStringMessageTest.vcxproj", "{B9E29B91-6DDE-336A-994F-8EF89F3C8E50}"
	ProjectSection(ProjectDependencies) = postProject
		{0E29D6D8-A22D-33D2-AFEA-AE7E12975A1D} = {0E29D6D8-A22D-33D2-AFEA-AE7E12975A1D}
		{68FCC2FA-BA3A-36F0-945F-65915B7FAC8D} = {68FCC2FA-BA3A-36F0-945F-65915B7FAC8D}
	EndProjectSection
EndProject
Project("{8BC9CEB8-8B4A-11D0-8D11-00A0C91BC942}") = "igtlTimeStampTest1", "igtlTimeStampTest1.vcxproj", "{AEFB0804-F2F7-3197-87BA-9735D12D5C64}"
	ProjectSection(ProjectDependencies) = postProject
		{0E29D6D8-A22D-33D2-AFEA-AE7E12975A1D} = {0E29D6D8-A22D-33D2-AFEA-AE7E12975A1D}
		{68FCC2FA-BA3A-36F0-945F-65915B7FAC8D} = {68FCC2FA-BA3A-36F0-945F-65915B7FAC8D}
	EndProjectSection
EndProject
Project("{8BC9CEB8-8B4A-11D0-8D11-00A0C91BC942}") = "igtlTrackingDataMessageTest", "igtlTrackingDataMessageTest.vcxproj", "{8C3B5E29-BDE0-373C-9F0E-BE09C887FC1A}"
	ProjectSection(ProjectDependencies) = postProject
		{0E29D6D8-A22D-33D2-AFEA-AE7E12975A1D} = {0E29D6D8-A22D-33D2-AFEA-AE7E12975A1D}
		{68FCC2FA-BA3A-36F0-945F-65915B7FAC8D} = {68FCC2FA-BA3A-36F0-945F-65915B7FAC8D}
	EndProjectSection
EndProject
Project("{8BC9CEB8-8B4A-11D0-8D11-00A0C91BC942}") = "igtlTrajectoryMessageTest", "igtlTrajectoryMessageTest.vcxproj", "{29C3BA2A-7E75-3391-99BC-222C9AB9F39C}"
	ProjectSection(ProjectDependencies) = postProject
		{0E29D6D8-A22D-33D2-AFEA-AE7E12975A1D} = {0E29D6D8-A22D-33D2-AFEA-AE7E12975A1D}
		{68FCC2FA-BA3A-36F0-945F-65915B7FAC8D} = {68FCC2FA-BA3A-36F0-945F-65915B7FAC8D}
	EndProjectSection
EndProject
Project("{8BC9CEB8-8B4A-11D0-8D11-00A0C91BC942}") = "igtlTransformMessageTest", "igtlTransformMessageTest.vcxproj", "{08777B4E-D335-3378-8BEF-FA552F833FFE}"
	ProjectSection(ProjectDependencies) = postProject
		{0E29D6D8-A22D-33D2-AFEA-AE7E12975A1D} = {0E29D6D8-A22D-33D2-AFEA-AE7E12975A1D}
		{68FCC2FA-BA3A-36F0-945F-65915B7FAC8D} = {68FCC2FA-BA3A-36F0-945F-65915B7FAC8D}
	EndProjectSection
EndProject
Project("{8BC9CEB8-8B4A-11D0-8D11-00A0C91BC942}") = "igtl_bind_test", "igtlutil\igtl_bind_test.vcxproj", "{4BB3E880-26D1-38B3-BC92-CF913C7EF444}"
	ProjectSection(ProjectDependencies) = postProject
		{0E29D6D8-A22D-33D2-AFEA-AE7E12975A1D} = {0E29D6D8-A22D-33D2-AFEA-AE7E12975A1D}
		{68FCC2FA-BA3A-36F0-945F-65915B7FAC8D} = {68FCC2FA-BA3A-36F0-945F-65915B7FAC8D}
	EndProjectSection
EndProject
Project("{8BC9CEB8-8B4A-11D0-8D11-00A0C91BC942}") = "igtl_capability_test", "igtlutil\igtl_capability_test.vcxproj", "{DBBAD1BE-D6E0-3CAB-B2DE-333AFE67FF35}"
	ProjectSection(ProjectDependencies) = postProject
		{0E29D6D8-A22D-33D2-AFEA-AE7E12975A1D} = {0E29D6D8-A22D-33D2-AFEA-AE7E12975A1D}
		{68FCC2FA-BA3A-36F0-945F-65915B7FAC8D} = {68FCC2FA-BA3A-36F0-945F-65915B7FAC8D}
	EndProjectSection
EndProject
Project("{8BC9CEB8-8B4A-11D0-8D11-00A0C91BC942}") = "igtl_colortable_test", "igtlutil\igtl_colortable_test.vcxproj", "{C2E8B81B-CBA1-31BF-8734-9F24265904F4}"
	ProjectSection(ProjectDependencies) = postProject
		{0E29D6D8-A22D-33D2-AFEA-AE7E12975A1D} = {0E29D6D8-A22D-33D2-AFEA-AE7E12975A1D}
		{68FCC2FA-BA3A-36F0-945F-65915B7FAC8D} = {68FCC2FA-BA3A-36F0-945F-65915B7FAC8D}
	EndProjectSection
EndProject
Project("{8BC9CEB8-8B4A-11D0-8D11-00A0C91BC942}") = "igtl_header_test", "igtlutil\igtl_header_test.vcxproj", "{4F63788C-7CF3-3C01-A95E-F39B70BDCD7D}"
	ProjectSection(ProjectDependencies) = postProject
		{0E29D6D8-A22D-33D2-AFEA-AE7E12975A1D} = {0E29D6D8-A22D-33D2-AFEA-AE7E12975A1D}
		{68FCC2FA-BA3A-36F0-945F-65915B7FAC8D} = {68FCC2FA-BA3A-36F0-945F-65915B7FAC8D}
	EndProjectSection
EndProject
Project("{8BC9CEB8-8B4A-11D0-8D11-00A0C91BC942}") = "igtl_image_test", "igtlutil\igtl_image_test.vcxproj", "{85424C4C-B64E-3F82-AE92-30A5CF68B101}"
	ProjectSection(ProjectDependencies) = postProject
		{0E29D6D8-A22D-33D2-AFEA-AE7E12975A1D} = {0E29D6D8-A22D-33D2-AFEA-AE7E12975A1D}
		{68FCC2FA-BA3A-36F0-945F-65915B7FAC8D} = {68FCC2FA-BA3A-36F0-945F-65915B7FAC8D}
	EndProjectSection
EndProject
Project("{8BC9CEB8-8B4A-11D0-8D11-00A0C91BC942}") = "igtl_imgmeta_test", "igtlutil\igtl_imgmeta_test.vcxproj", "{FD6952E0-A832-39DF-979D-79047549DB34}"
	ProjectSection(ProjectDependencies) = postProject
		{0E29D6D8-A22D-33D2-AFEA-AE7E12975A1D} = {0E29D6D8-A22D-33D2-AFEA-AE7E12975A1D}
		{68FCC2FA-BA3A-36F0-945F-65915B7FAC8D} = {68FCC2FA-BA3A-36F0-945F-65915B7FAC8D}
	EndProjectSection
EndProject
Project("{8BC9CEB8-8B4A-11D0-8D11-00A0C91BC942}") = "igtl_lbmeta_test", "igtlutil\igtl_lbmeta_test.vcxproj", "{E501B442-427A-3691-BAAB-67DAB0D9C681}"
	ProjectSection(ProjectDependencies) = postProject
		{0E29D6D8-A22D-33D2-AFEA-AE7E12975A1D} = {0E29D6D8-A22D-33D2-AFEA-AE7E12975A1D}
		{68FCC2FA-BA3A-36F0-945F-65915B7FAC8D} = {68FCC2FA-BA3A-36F0-945F-65915B7FAC8D}
	EndProjectSection
EndProject
Project("{8BC9CEB8-8B4A-11D0-8D11-00A0C91BC942}") = "igtl_ndarray_test", "igtlutil\igtl_ndarray_test.vcxproj", "{7E6C0B1B-AEC8-30FA-9BCF-1118A501C97D}"
	ProjectSection(ProjectDependencies) = postProject
		{0E29D6D8-A22D-33D2-AFEA-AE7E12975A1D} = {0E29D6D8-A22D-33D2-AFEA-AE7E12975A1D}
		{68FCC2FA-BA3A-36F0-945F-65915B7FAC8D} = {68FCC2FA-BA3A-36F0-945F-65915B7FAC8D}
	EndProjectSection
EndProject
Project("{8BC9CEB8-8B4A-11D0-8D11-00A0C91BC942}") = "igtl_point_test", "igtlutil\igtl_point_test.vcxproj", "{FB226AD0-3B76-349E-9245-458A38D2A335}"
	ProjectSection(ProjectDependencies) = postProject
		{0E29D6D8-A22D-33D2-AFEA-AE7E12975A1D} = {0E29D6D8-A22D-33D2-AFEA-AE7E12975A1D}
		{68FCC2FA-BA3A-36F0-945F-65915B7FAC8D} = {68FCC2FA-BA3A-36F0-945F-65915B7FAC8D}
	EndProjectSection
EndProject
Project("{8BC9CEB8-8B4A-11D0-8D11-00A0C91BC942}") = "igtl_polydata_test", "igtlutil\igtl_polydata_test.vcxproj", "{185EC1A2-F0B3-31DE-9E66-858AAFD33FA5}"
	ProjectSection(ProjectDependencies) = postProject
		{0E29D6D8-A22D-33D2-AFEA-AE7E12975A1D} = {0E29D6D8-A22D-33D2-AFEA-AE7E12975A1D}
		{68FCC2FA-BA3A-36F0-945F-65915B7FAC8D} = {68FCC2FA-BA3A-36F0-945F-65915B7FAC8D}
	EndProjectSection
EndProject
Project("{8BC9CEB8-8B4A-11D0-8D11-00A0C91BC942}") = "igtl_position_test", "igtlutil\igtl_position_test.vcxproj", "{AB27034C-B576-3048-A3C7-01F9C3343E63}"
	ProjectSection(ProjectDependencies) = postProject
		{0E29D6D8-A22D-33D2-AFEA-AE7E12975A1D} = {0E29D6D8-A22D-33D2-AFEA-AE7E12975A1D}
		{68FCC2FA-BA3A-36F0-945F-65915B7FAC8D} = {68FCC2FA-BA3A-36F0-945F-65915B7FAC8D}
	EndProjectSection
EndProject
Project("{8BC9CEB8-8B4A-11D0-8D11-00A0C91BC942}") = "igtl_sensor_test", "igtlutil\igtl_sensor_test.vcxproj", "{F06D9AB7-3532-3D8D-B46A-39C31C9C157A}"
	ProjectSection(ProjectDependencies) = postProject
		{0E29D6D8-A22D-33D2-AFEA-AE7E12975A1D} = {0E29D6D8-A22D-33D2-AFEA-AE7E12975A1D}
		{68FCC2FA-BA3A-36F0-945F-65915B7FAC8D} = {68FCC2FA-BA3A-36F0-945F-65915B7FAC8D}
	EndProjectSection
EndProject
Project("{8BC9CEB8-8B4A-11D0-8D11-00A0C91BC942}") = "igtl_status_test", "igtlutil\igtl_status_test.vcxproj", "{149686AD-F7D9-3C12-9341-D68CA824A0B8}"
	ProjectSection(ProjectDependencies) = postProject
		{0E29D6D8-A22D-33D2-AFEA-AE7E12975A1D} = {0E29D6D8-A22D-33D2-AFEA-AE7E12975A1D}
		{68FCC2FA-BA3A-36F0-945F-65915B7FAC8D} = {68FCC2FA-BA3A-36F0-945F-65915B7FAC8D}
	EndProjectSection
EndProject
Project("{8BC9CEB8-8B4A-11D0-8D11-00A0C91BC942}") = "igtl_string_test", "igtlutil\igtl_string_test.vcxproj", "{AE491012-FD80-3B3A-8BAF-90AB59BB887D}"
	ProjectSection(ProjectDependencies) = postProject
		{0E29D6D8-A22D-33D2-AFEA-AE7E12975A1D} = {0E29D6D8-A22D-33D2-AFEA-AE7E12975A1D}
		{68FCC2FA-BA3A-36F0-945F-65915B7FAC8D} = {68FCC2FA-BA3A-36F0-945F-65915B7FAC8D}
	EndProjectSection
EndProject
Project("{8BC9CEB8-8B4A-11D0-8D11-00A0C91BC942}") = "igtl_tdata_test", "igtlutil\igtl_tdata_test.vcxproj", "{51E4C417-6FA8-3BE1-AEA8-086BD330B82B}"
	ProjectSection(ProjectDependencies) = postProject
		{0E29D6D8-A22D-33D2-AFEA-AE7E12975A1D} = {0E29D6D8-A22D-33D2-AFEA-AE7E12975A1D}
		{68FCC2FA-BA3A-36F0-945F-65915B7FAC8D} = {68FCC2FA-BA3A-36F0-945F-65915B7FAC8D}
	EndProjectSection
EndProject
Project("{8BC9CEB8-8B4A-11D0-8D11-00A0C91BC942}") = "igtl_trajectory_test", "igtlutil\igtl_trajectory_test.vcxproj", "{BB66C30A-95C5-35FB-BFF0-99D2AAFC6E7E}"
	ProjectSection(ProjectDependencies) = postProject
		{0E29D6D8-A22D-33D2-AFEA-AE7E12975A1D} = {0E29D6D8-A22D-33D2-AFEA-AE7E12975A1D}
		{68FCC2FA-BA3A-36F0-945F-65915B7FAC8D} = {68FCC2FA-BA3A-36F0-945F-65915B7FAC8D}
	EndProjectSection
EndProject
Project("{8BC9CEB8-8B4A-11D0-8D11-00A0C91BC942}") = "igtl_transform_test", "igtlutil\igtl_transform_test.vcxproj", "{32885EFD-98BD-32C0-92A5-379217CFD17B}"
	ProjectSection(ProjectDependencies) = postProject
		{0E29D6D8-A22D-33D2-AFEA-AE7E12975A1D} = {0E29D6D8-A22D-33D2-AFEA-AE7E12975A1D}
		{68FCC2FA-BA3A-36F0-945F-65915B7FAC8D} = {68FCC2FA-BA3A-36F0-945F-65915B7FAC8D}
	EndProjectSection
EndProject
Project("{8BC9CEB8-8B4A-11D0-8D11-00A0C91BC942}") = "igtl_util_test", "igtlutil\igtl_util_test.vcxproj", "{D8EC92F0-BCE7-3706-B6EB-5F0170894435}"
	ProjectSection(ProjectDependencies) = postProject
		{0E29D6D8-A22D-33D2-AFEA-AE7E12975A1D} = {0E29D6D8-A22D-33D2-AFEA-AE7E12975A1D}
		{68FCC2FA-BA3A-36F0-945F-65915B7FAC8D} = {68FCC2FA-BA3A-36F0-945F-65915B7FAC8D}
	EndProjectSection
EndProject
Global
	GlobalSection(SolutionConfigurationPlatforms) = preSolution
		Debug|Win32 = Debug|Win32
		Release|Win32 = Release|Win32
		MinSizeRel|Win32 = MinSizeRel|Win32
		RelWithDebInfo|Win32 = RelWithDebInfo|Win32
	EndGlobalSection
	GlobalSection(ProjectConfigurationPlatforms) = postSolution
		{6050ECA0-EEF6-3DED-82EB-512DDD0FF498}.Debug|Win32.ActiveCfg = Debug|Win32
		{6050ECA0-EEF6-3DED-82EB-512DDD0FF498}.Debug|Win32.Build.0 = Debug|Win32
		{6050ECA0-EEF6-3DED-82EB-512DDD0FF498}.Release|Win32.ActiveCfg = Release|Win32
		{6050ECA0-EEF6-3DED-82EB-512DDD0FF498}.Release|Win32.Build.0 = Release|Win32
		{6050ECA0-EEF6-3DED-82EB-512DDD0FF498}.MinSizeRel|Win32.ActiveCfg = MinSizeRel|Win32
		{6050ECA0-EEF6-3DED-82EB-512DDD0FF498}.MinSizeRel|Win32.Build.0 = MinSizeRel|Win32
		{6050ECA0-EEF6-3DED-82EB-512DDD0FF498}.RelWithDebInfo|Win32.ActiveCfg = RelWithDebInfo|Win32
		{6050ECA0-EEF6-3DED-82EB-512DDD0FF498}.RelWithDebInfo|Win32.Build.0 = RelWithDebInfo|Win32
		{AC73E4D8-20A1-32FD-A018-DC8055628A4D}.Debug|Win32.ActiveCfg = Debug|Win32
		{AC73E4D8-20A1-32FD-A018-DC8055628A4D}.Release|Win32.ActiveCfg = Release|Win32
		{AC73E4D8-20A1-32FD-A018-DC8055628A4D}.MinSizeRel|Win32.ActiveCfg = MinSizeRel|Win32
		{AC73E4D8-20A1-32FD-A018-DC8055628A4D}.RelWithDebInfo|Win32.ActiveCfg = RelWithDebInfo|Win32
		{0E29D6D8-A22D-33D2-AFEA-AE7E12975A1D}.Debug|Win32.ActiveCfg = Debug|Win32
		{0E29D6D8-A22D-33D2-AFEA-AE7E12975A1D}.Debug|Win32.Build.0 = Debug|Win32
		{0E29D6D8-A22D-33D2-AFEA-AE7E12975A1D}.Release|Win32.ActiveCfg = Release|Win32
		{0E29D6D8-A22D-33D2-AFEA-AE7E12975A1D}.Release|Win32.Build.0 = Release|Win32
		{0E29D6D8-A22D-33D2-AFEA-AE7E12975A1D}.MinSizeRel|Win32.ActiveCfg = MinSizeRel|Win32
		{0E29D6D8-A22D-33D2-AFEA-AE7E12975A1D}.MinSizeRel|Win32.Build.0 = MinSizeRel|Win32
		{0E29D6D8-A22D-33D2-AFEA-AE7E12975A1D}.RelWithDebInfo|Win32.ActiveCfg = RelWithDebInfo|Win32
		{0E29D6D8-A22D-33D2-AFEA-AE7E12975A1D}.RelWithDebInfo|Win32.Build.0 = RelWithDebInfo|Win32
		{0883CB98-2590-37AA-B474-54323E591DEF}.Debug|Win32.ActiveCfg = Debug|Win32
		{0883CB98-2590-37AA-B474-54323E591DEF}.Release|Win32.ActiveCfg = Release|Win32
		{0883CB98-2590-37AA-B474-54323E591DEF}.MinSizeRel|Win32.ActiveCfg = MinSizeRel|Win32
		{0883CB98-2590-37AA-B474-54323E591DEF}.RelWithDebInfo|Win32.ActiveCfg = RelWithDebInfo|Win32
		{68FCC2FA-BA3A-36F0-945F-65915B7FAC8D}.Debug|Win32.ActiveCfg = Debug|Win32
		{68FCC2FA-BA3A-36F0-945F-65915B7FAC8D}.Debug|Win32.Build.0 = Debug|Win32
		{68FCC2FA-BA3A-36F0-945F-65915B7FAC8D}.Release|Win32.ActiveCfg = Release|Win32
		{68FCC2FA-BA3A-36F0-945F-65915B7FAC8D}.Release|Win32.Build.0 = Release|Win32
		{68FCC2FA-BA3A-36F0-945F-65915B7FAC8D}.MinSizeRel|Win32.ActiveCfg = MinSizeRel|Win32
		{68FCC2FA-BA3A-36F0-945F-65915B7FAC8D}.MinSizeRel|Win32.Build.0 = MinSizeRel|Win32
		{68FCC2FA-BA3A-36F0-945F-65915B7FAC8D}.RelWithDebInfo|Win32.ActiveCfg = RelWithDebInfo|Win32
		{68FCC2FA-BA3A-36F0-945F-65915B7FAC8D}.RelWithDebInfo|Win32.Build.0 = RelWithDebInfo|Win32
		{448FD3FD-C127-38DF-BBE2-A78476FFA1C7}.Debug|Win32.ActiveCfg = Debug|Win32
		{448FD3FD-C127-38DF-BBE2-A78476FFA1C7}.Debug|Win32.Build.0 = Debug|Win32
		{448FD3FD-C127-38DF-BBE2-A78476FFA1C7}.Release|Win32.ActiveCfg = Release|Win32
		{448FD3FD-C127-38DF-BBE2-A78476FFA1C7}.Release|Win32.Build.0 = Release|Win32
		{448FD3FD-C127-38DF-BBE2-A78476FFA1C7}.MinSizeRel|Win32.ActiveCfg = MinSizeRel|Win32
		{448FD3FD-C127-38DF-BBE2-A78476FFA1C7}.MinSizeRel|Win32.Build.0 = MinSizeRel|Win32
		{448FD3FD-C127-38DF-BBE2-A78476FFA1C7}.RelWithDebInfo|Win32.ActiveCfg = RelWithDebInfo|Win32
		{448FD3FD-C127-38DF-BBE2-A78476FFA1C7}.RelWithDebInfo|Win32.Build.0 = RelWithDebInfo|Win32
		{1D1AC21B-6581-3DD4-8C90-6DE8C62A7503}.Debug|Win32.ActiveCfg = Debug|Win32
		{1D1AC21B-6581-3DD4-8C90-6DE8C62A7503}.Debug|Win32.Build.0 = Debug|Win32
		{1D1AC21B-6581-3DD4-8C90-6DE8C62A7503}.Release|Win32.ActiveCfg = Release|Win32
		{1D1AC21B-6581-3DD4-8C90-6DE8C62A7503}.Release|Win32.Build.0 = Release|Win32
		{1D1AC21B-6581-3DD4-8C90-6DE8C62A7503}.MinSizeRel|Win32.ActiveCfg = MinSizeRel|Win32
		{1D1AC21B-6581-3DD4-8C90-6DE8C62A7503}.MinSizeRel|Win32.Build.0 = MinSizeRel|Win32
		{1D1AC21B-6581-3DD4-8C90-6DE8C62A7503}.RelWithDebInfo|Win32.ActiveCfg = RelWithDebInfo|Win32
		{1D1AC21B-6581-3DD4-8C90-6DE8C62A7503}.RelWithDebInfo|Win32.Build.0 = RelWithDebInfo|Win32
		{1528D80A-DD73-350A-AEAE-4D09AEFA6C9C}.Debug|Win32.ActiveCfg = Debug|Win32
		{1528D80A-DD73-350A-AEAE-4D09AEFA6C9C}.Debug|Win32.Build.0 = Debug|Win32
		{1528D80A-DD73-350A-AEAE-4D09AEFA6C9C}.Release|Win32.ActiveCfg = Release|Win32
		{1528D80A-DD73-350A-AEAE-4D09AEFA6C9C}.Release|Win32.Build.0 = Release|Win32
		{1528D80A-DD73-350A-AEAE-4D09AEFA6C9C}.MinSizeRel|Win32.ActiveCfg = MinSizeRel|Win32
		{1528D80A-DD73-350A-AEAE-4D09AEFA6C9C}.MinSizeRel|Win32.Build.0 = MinSizeRel|Win32
		{1528D80A-DD73-350A-AEAE-4D09AEFA6C9C}.RelWithDebInfo|Win32.ActiveCfg = RelWithDebInfo|Win32
		{1528D80A-DD73-350A-AEAE-4D09AEFA6C9C}.RelWithDebInfo|Win32.Build.0 = RelWithDebInfo|Win32
		{51E9DF98-0AEE-3DF8-B2C4-A9DA54254569}.Debug|Win32.ActiveCfg = Debug|Win32
		{51E9DF98-0AEE-3DF8-B2C4-A9DA54254569}.Debug|Win32.Build.0 = Debug|Win32
		{51E9DF98-0AEE-3DF8-B2C4-A9DA54254569}.Release|Win32.ActiveCfg = Release|Win32
		{51E9DF98-0AEE-3DF8-B2C4-A9DA54254569}.Release|Win32.Build.0 = Release|Win32
		{51E9DF98-0AEE-3DF8-B2C4-A9DA54254569}.MinSizeRel|Win32.ActiveCfg = MinSizeRel|Win32
		{51E9DF98-0AEE-3DF8-B2C4-A9DA54254569}.MinSizeRel|Win32.Build.0 = MinSizeRel|Win32
		{51E9DF98-0AEE-3DF8-B2C4-A9DA54254569}.RelWithDebInfo|Win32.ActiveCfg = RelWithDebInfo|Win32
		{51E9DF98-0AEE-3DF8-B2C4-A9DA54254569}.RelWithDebInfo|Win32.Build.0 = RelWithDebInfo|Win32
		{7DFCDE1F-7583-3477-8B7F-FA9EF9B5C66A}.Debug|Win32.ActiveCfg = Debug|Win32
		{7DFCDE1F-7583-3477-8B7F-FA9EF9B5C66A}.Debug|Win32.Build.0 = Debug|Win32
		{7DFCDE1F-7583-3477-8B7F-FA9EF9B5C66A}.Release|Win32.ActiveCfg = Release|Win32
		{7DFCDE1F-7583-3477-8B7F-FA9EF9B5C66A}.Release|Win32.Build.0 = Release|Win32
		{7DFCDE1F-7583-3477-8B7F-FA9EF9B5C66A}.MinSizeRel|Win32.ActiveCfg = MinSizeRel|Win32
		{7DFCDE1F-7583-3477-8B7F-FA9EF9B5C66A}.MinSizeRel|Win32.Build.0 = MinSizeRel|Win32
		{7DFCDE1F-7583-3477-8B7F-FA9EF9B5C66A}.RelWithDebInfo|Win32.ActiveCfg = RelWithDebInfo|Win32
		{7DFCDE1F-7583-3477-8B7F-FA9EF9B5C66A}.RelWithDebInfo|Win32.Build.0 = RelWithDebInfo|Win32
		{D32467DB-5355-392F-90DE-AF017E1B0125}.Debug|Win32.ActiveCfg = Debug|Win32
		{D32467DB-5355-392F-90DE-AF017E1B0125}.Debug|Win32.Build.0 = Debug|Win32
		{D32467DB-5355-392F-90DE-AF017E1B0125}.Release|Win32.ActiveCfg = Release|Win32
		{D32467DB-5355-392F-90DE-AF017E1B0125}.Release|Win32.Build.0 = Release|Win32
		{D32467DB-5355-392F-90DE-AF017E1B0125}.MinSizeRel|Win32.ActiveCfg = MinSizeRel|Win32
		{D32467DB-5355-392F-90DE-AF017E1B0125}.MinSizeRel|Win32.Build.0 = MinSizeRel|Win32
		{D32467DB-5355-392F-90DE-AF017E1B0125}.RelWithDebInfo|Win32.ActiveCfg = RelWithDebInfo|Win32
		{D32467DB-5355-392F-90DE-AF017E1B0125}.RelWithDebInfo|Win32.Build.0 = RelWithDebInfo|Win32
		{EA891BB1-CDA8-3C0E-B201-84E03397A010}.Debug|Win32.ActiveCfg = Debug|Win32
		{EA891BB1-CDA8-3C0E-B201-84E03397A010}.Debug|Win32.Build.0 = Debug|Win32
		{EA891BB1-CDA8-3C0E-B201-84E03397A010}.Release|Win32.ActiveCfg = Release|Win32
		{EA891BB1-CDA8-3C0E-B201-84E03397A010}.Release|Win32.Build.0 = Release|Win32
		{EA891BB1-CDA8-3C0E-B201-84E03397A010}.MinSizeRel|Win32.ActiveCfg = MinSizeRel|Win32
		{EA891BB1-CDA8-3C0E-B201-84E03397A010}.MinSizeRel|Win32.Build.0 = MinSizeRel|Win32
		{EA891BB1-CDA8-3C0E-B201-84E03397A010}.RelWithDebInfo|Win32.ActiveCfg = RelWithDebInfo|Win32
		{EA891BB1-CDA8-3C0E-B201-84E03397A010}.RelWithDebInfo|Win32.Build.0 = RelWithDebInfo|Win32
		{9295A1C8-B833-3E96-A9D1-70F1C5C08A31}.Debug|Win32.ActiveCfg = Debug|Win32
		{9295A1C8-B833-3E96-A9D1-70F1C5C08A31}.Debug|Win32.Build.0 = Debug|Win32
		{9295A1C8-B833-3E96-A9D1-70F1C5C08A31}.Release|Win32.ActiveCfg = Release|Win32
		{9295A1C8-B833-3E96-A9D1-70F1C5C08A31}.Release|Win32.Build.0 = Release|Win32
		{9295A1C8-B833-3E96-A9D1-70F1C5C08A31}.MinSizeRel|Win32.ActiveCfg = MinSizeRel|Win32
		{9295A1C8-B833-3E96-A9D1-70F1C5C08A31}.MinSizeRel|Win32.Build.0 = MinSizeRel|Win32
		{9295A1C8-B833-3E96-A9D1-70F1C5C08A31}.RelWithDebInfo|Win32.ActiveCfg = RelWithDebInfo|Win32
		{9295A1C8-B833-3E96-A9D1-70F1C5C08A31}.RelWithDebInfo|Win32.Build.0 = RelWithDebInfo|Win32
		{D5BEC3D9-FD90-39CF-8751-CE43F793AA5F}.Debug|Win32.ActiveCfg = Debug|Win32
		{D5BEC3D9-FD90-39CF-8751-CE43F793AA5F}.Debug|Win32.Build.0 = Debug|Win32
		{D5BEC3D9-FD90-39CF-8751-CE43F793AA5F}.Release|Win32.ActiveCfg = Release|Win32
		{D5BEC3D9-FD90-39CF-8751-CE43F793AA5F}.Release|Win32.Build.0 = Release|Win32
		{D5BEC3D9-FD90-39CF-8751-CE43F793AA5F}.MinSizeRel|Win32.ActiveCfg = MinSizeRel|Win32
		{D5BEC3D9-FD90-39CF-8751-CE43F793AA5F}.MinSizeRel|Win32.Build.0 = MinSizeRel|Win32
		{D5BEC3D9-FD90-39CF-8751-CE43F793AA5F}.RelWithDebInfo|Win32.ActiveCfg = RelWithDebInfo|Win32
		{D5BEC3D9-FD90-39CF-8751-CE43F793AA5F}.RelWithDebInfo|Win32.Build.0 = RelWithDebInfo|Win32
		{3AA757E6-5C7C-38AA-AA70-52258444ACB9}.Debug|Win32.ActiveCfg = Debug|Win32
		{3AA757E6-5C7C-38AA-AA70-52258444ACB9}.Debug|Win32.Build.0 = Debug|Win32
		{3AA757E6-5C7C-38AA-AA70-52258444ACB9}.Release|Win32.ActiveCfg = Release|Win32
		{3AA757E6-5C7C-38AA-AA70-52258444ACB9}.Release|Win32.Build.0 = Release|Win32
		{3AA757E6-5C7C-38AA-AA70-52258444ACB9}.MinSizeRel|Win32.ActiveCfg = MinSizeRel|Win32
		{3AA757E6-5C7C-38AA-AA70-52258444ACB9}.MinSizeRel|Win32.Build.0 = MinSizeRel|Win32
		{3AA757E6-5C7C-38AA-AA70-52258444ACB9}.RelWithDebInfo|Win32.ActiveCfg = RelWithDebInfo|Win32
		{3AA757E6-5C7C-38AA-AA70-52258444ACB9}.RelWithDebInfo|Win32.Build.0 = RelWithDebInfo|Win32
		{4D77FF6C-4B7F-3737-AF01-054B345D372B}.Debug|Win32.ActiveCfg = Debug|Win32
		{4D77FF6C-4B7F-3737-AF01-054B345D372B}.Debug|Win32.Build.0 = Debug|Win32
		{4D77FF6C-4B7F-3737-AF01-054B345D372B}.Release|Win32.ActiveCfg = Release|Win32
		{4D77FF6C-4B7F-3737-AF01-054B345D372B}.Release|Win32.Build.0 = Release|Win32
		{4D77FF6C-4B7F-3737-AF01-054B345D372B}.MinSizeRel|Win32.ActiveCfg = MinSizeRel|Win32
		{4D77FF6C-4B7F-3737-AF01-054B345D372B}.MinSizeRel|Win32.Build.0 = MinSizeRel|Win32
		{4D77FF6C-4B7F-3737-AF01-054B345D372B}.RelWithDebInfo|Win32.ActiveCfg = RelWithDebInfo|Win32
		{4D77FF6C-4B7F-3737-AF01-054B345D372B}.RelWithDebInfo|Win32.Build.0 = RelWithDebInfo|Win32
		{7CCAC6A6-8E18-3B97-89AC-947DCDC955CD}.Debug|Win32.ActiveCfg = Debug|Win32
		{7CCAC6A6-8E18-3B97-89AC-947DCDC955CD}.Debug|Win32.Build.0 = Debug|Win32
		{7CCAC6A6-8E18-3B97-89AC-947DCDC955CD}.Release|Win32.ActiveCfg = Release|Win32
		{7CCAC6A6-8E18-3B97-89AC-947DCDC955CD}.Release|Win32.Build.0 = Release|Win32
		{7CCAC6A6-8E18-3B97-89AC-947DCDC955CD}.MinSizeRel|Win32.ActiveCfg = MinSizeRel|Win32
		{7CCAC6A6-8E18-3B97-89AC-947DCDC955CD}.MinSizeRel|Win32.Build.0 = MinSizeRel|Win32
		{7CCAC6A6-8E18-3B97-89AC-947DCDC955CD}.RelWithDebInfo|Win32.ActiveCfg = RelWithDebInfo|Win32
		{7CCAC6A6-8E18-3B97-89AC-947DCDC955CD}.RelWithDebInfo|Win32.Build.0 = RelWithDebInfo|Win32
		{7525CC58-E902-346B-8AF7-9361B0E45904}.Debug|Win32.ActiveCfg = Debug|Win32
		{7525CC58-E902-346B-8AF7-9361B0E45904}.Debug|Win32.Build.0 = Debug|Win32
		{7525CC58-E902-346B-8AF7-9361B0E45904}.Release|Win32.ActiveCfg = Release|Win32
		{7525CC58-E902-346B-8AF7-9361B0E45904}.Release|Win32.Build.0 = Release|Win32
		{7525CC58-E902-346B-8AF7-9361B0E45904}.MinSizeRel|Win32.ActiveCfg = MinSizeRel|Win32
		{7525CC58-E902-346B-8AF7-9361B0E45904}.MinSizeRel|Win32.Build.0 = MinSizeRel|Win32
		{7525CC58-E902-346B-8AF7-9361B0E45904}.RelWithDebInfo|Win32.ActiveCfg = RelWithDebInfo|Win32
		{7525CC58-E902-346B-8AF7-9361B0E45904}.RelWithDebInfo|Win32.Build.0 = RelWithDebInfo|Win32
		{050C9AC6-7D2F-3FFC-A0C9-54B6BFE63A19}.Debug|Win32.ActiveCfg = Debug|Win32
		{050C9AC6-7D2F-3FFC-A0C9-54B6BFE63A19}.Debug|Win32.Build.0 = Debug|Win32
		{050C9AC6-7D2F-3FFC-A0C9-54B6BFE63A19}.Release|Win32.ActiveCfg = Release|Win32
		{050C9AC6-7D2F-3FFC-A0C9-54B6BFE63A19}.Release|Win32.Build.0 = Release|Win32
		{050C9AC6-7D2F-3FFC-A0C9-54B6BFE63A19}.MinSizeRel|Win32.ActiveCfg = MinSizeRel|Win32
		{050C9AC6-7D2F-3FFC-A0C9-54B6BFE63A19}.MinSizeRel|Win32.Build.0 = MinSizeRel|Win32
		{050C9AC6-7D2F-3FFC-A0C9-54B6BFE63A19}.RelWithDebInfo|Win32.ActiveCfg = RelWithDebInfo|Win32
		{050C9AC6-7D2F-3FFC-A0C9-54B6BFE63A19}.RelWithDebInfo|Win32.Build.0 = RelWithDebInfo|Win32
		{C564006A-1DF6-3548-B72C-FCC6DF4B66F4}.Debug|Win32.ActiveCfg = Debug|Win32
		{C564006A-1DF6-3548-B72C-FCC6DF4B66F4}.Debug|Win32.Build.0 = Debug|Win32
		{C564006A-1DF6-3548-B72C-FCC6DF4B66F4}.Release|Win32.ActiveCfg = Release|Win32
		{C564006A-1DF6-3548-B72C-FCC6DF4B66F4}.Release|Win32.Build.0 = Release|Win32
		{C564006A-1DF6-3548-B72C-FCC6DF4B66F4}.MinSizeRel|Win32.ActiveCfg = MinSizeRel|Win32
		{C564006A-1DF6-3548-B72C-FCC6DF4B66F4}.MinSizeRel|Win32.Build.0 = MinSizeRel|Win32
		{C564006A-1DF6-3548-B72C-FCC6DF4B66F4}.RelWithDebInfo|Win32.ActiveCfg = RelWithDebInfo|Win32
		{C564006A-1DF6-3548-B72C-FCC6DF4B66F4}.RelWithDebInfo|Win32.Build.0 = RelWithDebInfo|Win32
		{5A54396C-8150-3417-A079-C12E5DE88986}.Debug|Win32.ActiveCfg = Debug|Win32
		{5A54396C-8150-3417-A079-C12E5DE88986}.Debug|Win32.Build.0 = Debug|Win32
		{5A54396C-8150-3417-A079-C12E5DE88986}.Release|Win32.ActiveCfg = Release|Win32
		{5A54396C-8150-3417-A079-C12E5DE88986}.Release|Win32.Build.0 = Release|Win32
		{5A54396C-8150-3417-A079-C12E5DE88986}.MinSizeRel|Win32.ActiveCfg = MinSizeRel|Win32
		{5A54396C-8150-3417-A079-C12E5DE88986}.MinSizeRel|Win32.Build.0 = MinSizeRel|Win32
		{5A54396C-8150-3417-A079-C12E5DE88986}.RelWithDebInfo|Win32.ActiveCfg = RelWithDebInfo|Win32
		{5A54396C-8150-3417-A079-C12E5DE88986}.RelWithDebInfo|Win32.Build.0 = RelWithDebInfo|Win32
		{085303D9-4AD1-3135-955E-AA1338F4C99F}.Debug|Win32.ActiveCfg = Debug|Win32
		{085303D9-4AD1-3135-955E-AA1338F4C99F}.Debug|Win32.Build.0 = Debug|Win32
		{085303D9-4AD1-3135-955E-AA1338F4C99F}.Release|Win32.ActiveCfg = Release|Win32
		{085303D9-4AD1-3135-955E-AA1338F4C99F}.Release|Win32.Build.0 = Release|Win32
		{085303D9-4AD1-3135-955E-AA1338F4C99F}.MinSizeRel|Win32.ActiveCfg = MinSizeRel|Win32
		{085303D9-4AD1-3135-955E-AA1338F4C99F}.MinSizeRel|Win32.Build.0 = MinSizeRel|Win32
		{085303D9-4AD1-3135-955E-AA1338F4C99F}.RelWithDebInfo|Win32.ActiveCfg = RelWithDebInfo|Win32
		{085303D9-4AD1-3135-955E-AA1338F4C99F}.RelWithDebInfo|Win32.Build.0 = RelWithDebInfo|Win32
		{2C0EF9FA-970C-3FFA-9E00-0CF066099FD1}.Debug|Win32.ActiveCfg = Debug|Win32
		{2C0EF9FA-970C-3FFA-9E00-0CF066099FD1}.Debug|Win32.Build.0 = Debug|Win32
		{2C0EF9FA-970C-3FFA-9E00-0CF066099FD1}.Release|Win32.ActiveCfg = Release|Win32
		{2C0EF9FA-970C-3FFA-9E00-0CF066099FD1}.Release|Win32.Build.0 = Release|Win32
		{2C0EF9FA-970C-3FFA-9E00-0CF066099FD1}.MinSizeRel|Win32.ActiveCfg = MinSizeRel|Win32
		{2C0EF9FA-970C-3FFA-9E00-0CF066099FD1}.MinSizeRel|Win32.Build.0 = MinSizeRel|Win32
		{2C0EF9FA-970C-3FFA-9E00-0CF066099FD1}.RelWithDebInfo|Win32.ActiveCfg = RelWithDebInfo|Win32
		{2C0EF9FA-970C-3FFA-9E00-0CF066099FD1}.RelWithDebInfo|Win32.Build.0 = RelWithDebInfo|Win32
		{F5A007E2-ED5E-3B70-8660-D921955A56C6}.Debug|Win32.ActiveCfg = Debug|Win32
		{F5A007E2-ED5E-3B70-8660-D921955A56C6}.Debug|Win32.Build.0 = Debug|Win32
		{F5A007E2-ED5E-3B70-8660-D921955A56C6}.Release|Win32.ActiveCfg = Release|Win32
		{F5A007E2-ED5E-3B70-8660-D921955A56C6}.Release|Win32.Build.0 = Release|Win32
		{F5A007E2-ED5E-3B70-8660-D921955A56C6}.MinSizeRel|Win32.ActiveCfg = MinSizeRel|Win32
		{F5A007E2-ED5E-3B70-8660-D921955A56C6}.MinSizeRel|Win32.Build.0 = MinSizeRel|Win32
		{F5A007E2-ED5E-3B70-8660-D921955A56C6}.RelWithDebInfo|Win32.ActiveCfg = RelWithDebInfo|Win32
		{F5A007E2-ED5E-3B70-8660-D921955A56C6}.RelWithDebInfo|Win32.Build.0 = RelWithDebInfo|Win32
		{DA7BBBCA-09EE-35D3-944E-AD255027F262}.Debug|Win32.ActiveCfg = Debug|Win32
		{DA7BBBCA-09EE-35D3-944E-AD255027F262}.Debug|Win32.Build.0 = Debug|Win32
		{DA7BBBCA-09EE-35D3-944E-AD255027F262}.Release|Win32.ActiveCfg = Release|Win32
		{DA7BBBCA-09EE-35D3-944E-AD255027F262}.Release|Win32.Build.0 = Release|Win32
		{DA7BBBCA-09EE-35D3-944E-AD255027F262}.MinSizeRel|Win32.ActiveCfg = MinSizeRel|Win32
		{DA7BBBCA-09EE-35D3-944E-AD255027F262}.MinSizeRel|Win32.Build.0 = MinSizeRel|Win32
		{DA7BBBCA-09EE-35D3-944E-AD255027F262}.RelWithDebInfo|Win32.ActiveCfg = RelWithDebInfo|Win32
		{DA7BBBCA-09EE-35D3-944E-AD255027F262}.RelWithDebInfo|Win32.Build.0 = RelWithDebInfo|Win32
		{AF8F4EAB-1541-3675-B813-2BE0E4F5C2EF}.Debug|Win32.ActiveCfg = Debug|Win32
		{AF8F4EAB-1541-3675-B813-2BE0E4F5C2EF}.Debug|Win32.Build.0 = Debug|Win32
		{AF8F4EAB-1541-3675-B813-2BE0E4F5C2EF}.Release|Win32.ActiveCfg = Release|Win32
		{AF8F4EAB-1541-3675-B813-2BE0E4F5C2EF}.Release|Win32.Build.0 = Release|Win32
		{AF8F4EAB-1541-3675-B813-2BE0E4F5C2EF}.MinSizeRel|Win32.ActiveCfg = MinSizeRel|Win32
		{AF8F4EAB-1541-3675-B813-2BE0E4F5C2EF}.MinSizeRel|Win32.Build.0 = MinSizeRel|Win32
		{AF8F4EAB-1541-3675-B813-2BE0E4F5C2EF}.RelWithDebInfo|Win32.ActiveCfg = RelWithDebInfo|Win32
		{AF8F4EAB-1541-3675-B813-2BE0E4F5C2EF}.RelWithDebInfo|Win32.Build.0 = RelWithDebInfo|Win32
		{5E12D75B-A529-3D1B-9673-5CBA7372B50C}.Debug|Win32.ActiveCfg = Debug|Win32
		{5E12D75B-A529-3D1B-9673-5CBA7372B50C}.Debug|Win32.Build.0 = Debug|Win32
		{5E12D75B-A529-3D1B-9673-5CBA7372B50C}.Release|Win32.ActiveCfg = Release|Win32
		{5E12D75B-A529-3D1B-9673-5CBA7372B50C}.Release|Win32.Build.0 = Release|Win32
		{5E12D75B-A529-3D1B-9673-5CBA7372B50C}.MinSizeRel|Win32.ActiveCfg = MinSizeRel|Win32
		{5E12D75B-A529-3D1B-9673-5CBA7372B50C}.MinSizeRel|Win32.Build.0 = MinSizeRel|Win32
		{5E12D75B-A529-3D1B-9673-5CBA7372B50C}.RelWithDebInfo|Win32.ActiveCfg = RelWithDebInfo|Win32
		{5E12D75B-A529-3D1B-9673-5CBA7372B50C}.RelWithDebInfo|Win32.Build.0 = RelWithDebInfo|Win32
		{53F3ABA6-760E-3AEB-9E8C-3AD6265E6A41}.Debug|Win32.ActiveCfg = Debug|Win32
		{53F3ABA6-760E-3AEB-9E8C-3AD6265E6A41}.Debug|Win32.Build.0 = Debug|Win32
		{53F3ABA6-760E-3AEB-9E8C-3AD6265E6A41}.Release|Win32.ActiveCfg = Release|Win32
		{53F3ABA6-760E-3AEB-9E8C-3AD6265E6A41}.Release|Win32.Build.0 = Release|Win32
		{53F3ABA6-760E-3AEB-9E8C-3AD6265E6A41}.MinSizeRel|Win32.ActiveCfg = MinSizeRel|Win32
		{53F3ABA6-760E-3AEB-9E8C-3AD6265E6A41}.MinSizeRel|Win32.Build.0 = MinSizeRel|Win32
		{53F3ABA6-760E-3AEB-9E8C-3AD6265E6A41}.RelWithDebInfo|Win32.ActiveCfg = RelWithDebInfo|Win32
		{53F3ABA6-760E-3AEB-9E8C-3AD6265E6A41}.RelWithDebInfo|Win32.Build.0 = RelWithDebInfo|Win32
		{1957EEA8-5377-37E7-83EF-186D9B674055}.Debug|Win32.ActiveCfg = Debug|Win32
		{1957EEA8-5377-37E7-83EF-186D9B674055}.Debug|Win32.Build.0 = Debug|Win32
		{1957EEA8-5377-37E7-83EF-186D9B674055}.Release|Win32.ActiveCfg = Release|Win32
		{1957EEA8-5377-37E7-83EF-186D9B674055}.Release|Win32.Build.0 = Release|Win32
		{1957EEA8-5377-37E7-83EF-186D9B674055}.MinSizeRel|Win32.ActiveCfg = MinSizeRel|Win32
		{1957EEA8-5377-37E7-83EF-186D9B674055}.MinSizeRel|Win32.Build.0 = MinSizeRel|Win32
		{1957EEA8-5377-37E7-83EF-186D9B674055}.RelWithDebInfo|Win32.ActiveCfg = RelWithDebInfo|Win32
		{1957EEA8-5377-37E7-83EF-186D9B674055}.RelWithDebInfo|Win32.Build.0 = RelWithDebInfo|Win32
		{B9E29B91-6DDE-336A-994F-8EF89F3C8E50}.Debug|Win32.ActiveCfg = Debug|Win32
		{B9E29B91-6DDE-336A-994F-8EF89F3C8E50}.Debug|Win32.Build.0 = Debug|Win32
		{B9E29B91-6DDE-336A-994F-8EF89F3C8E50}.Release|Win32.ActiveCfg = Release|Win32
		{B9E29B91-6DDE-336A-994F-8EF89F3C8E50}.Release|Win32.Build.0 = Release|Win32
		{B9E29B91-6DDE-336A-994F-8EF89F3C8E50}.MinSizeRel|Win32.ActiveCfg = MinSizeRel|Win32
		{B9E29B91-6DDE-336A-994F-8EF89F3C8E50}.MinSizeRel|Win32.Build.0 = MinSizeRel|Win32
		{B9E29B91-6DDE-336A-994F-8EF89F3C8E50}.RelWithDebInfo|Win32.ActiveCfg = RelWithDebInfo|Win32
		{B9E29B91-6DDE-336A-994F-8EF89F3C8E50}.RelWithDebInfo|Win32.Build.0 = RelWithDebInfo|Win32
		{AEFB0804-F2F7-3197-87BA-9735D12D5C64}.Debug|Win32.ActiveCfg = Debug|Win32
		{AEFB0804-F2F7-3197-87BA-9735D12D5C64}.Debug|Win32.Build.0 = Debug|Win32
		{AEFB0804-F2F7-3197-87BA-9735D12D5C64}.Release|Win32.ActiveCfg = Release|Win32
		{AEFB0804-F2F7-3197-87BA-9735D12D5C64}.Release|Win32.Build.0 = Release|Win32
		{AEFB0804-F2F7-3197-87BA-9735D12D5C64}.MinSizeRel|Win32.ActiveCfg = MinSizeRel|Win32
		{AEFB0804-F2F7-3197-87BA-9735D12D5C64}.MinSizeRel|Win32.Build.0 = MinSizeRel|Win32
		{AEFB0804-F2F7-3197-87BA-9735D12D5C64}.RelWithDebInfo|Win32.ActiveCfg = RelWithDebInfo|Win32
		{AEFB0804-F2F7-3197-87BA-9735D12D5C64}.RelWithDebInfo|Win32.Build.0 = RelWithDebInfo|Win32
		{8C3B5E29-BDE0-373C-9F0E-BE09C887FC1A}.Debug|Win32.ActiveCfg = Debug|Win32
		{8C3B5E29-BDE0-373C-9F0E-BE09C887FC1A}.Debug|Win32.Build.0 = Debug|Win32
		{8C3B5E29-BDE0-373C-9F0E-BE09C887FC1A}.Release|Win32.ActiveCfg = Release|Win32
		{8C3B5E29-BDE0-373C-9F0E-BE09C887FC1A}.Release|Win32.Build.0 = Release|Win32
		{8C3B5E29-BDE0-373C-9F0E-BE09C887FC1A}.MinSizeRel|Win32.ActiveCfg = MinSizeRel|Win32
		{8C3B5E29-BDE0-373C-9F0E-BE09C887FC1A}.MinSizeRel|Win32.Build.0 = MinSizeRel|Win32
		{8C3B5E29-BDE0-373C-9F0E-BE09C887FC1A}.RelWithDebInfo|Win32.ActiveCfg = RelWithDebInfo|Win32
		{8C3B5E29-BDE0-373C-9F0E-BE09C887FC1A}.RelWithDebInfo|Win32.Build.0 = RelWithDebInfo|Win32
		{29C3BA2A-7E75-3391-99BC-222C9AB9F39C}.Debug|Win32.ActiveCfg = Debug|Win32
		{29C3BA2A-7E75-3391-99BC-222C9AB9F39C}.Debug|Win32.Build.0 = Debug|Win32
		{29C3BA2A-7E75-3391-99BC-222C9AB9F39C}.Release|Win32.ActiveCfg = Release|Win32
		{29C3BA2A-7E75-3391-99BC-222C9AB9F39C}.Release|Win32.Build.0 = Release|Win32
		{29C3BA2A-7E75-3391-99BC-222C9AB9F39C}.MinSizeRel|Win32.ActiveCfg = MinSizeRel|Win32
		{29C3BA2A-7E75-3391-99BC-222C9AB9F39C}.MinSizeRel|Win32.Build.0 = MinSizeRel|Win32
		{29C3BA2A-7E75-3391-99BC-222C9AB9F39C}.RelWithDebInfo|Win32.ActiveCfg = RelWithDebInfo|Win32
		{29C3BA2A-7E75-3391-99BC-222C9AB9F39C}.RelWithDebInfo|Win32.Build.0 = RelWithDebInfo|Win32
		{08777B4E-D335-3378-8BEF-FA552F833FFE}.Debug|Win32.ActiveCfg = Debug|Win32
		{08777B4E-D335-3378-8BEF-FA552F833FFE}.Debug|Win32.Build.0 = Debug|Win32
		{08777B4E-D335-3378-8BEF-FA552F833FFE}.Release|Win32.ActiveCfg = Release|Win32
		{08777B4E-D335-3378-8BEF-FA552F833FFE}.Release|Win32.Build.0 = Release|Win32
		{08777B4E-D335-3378-8BEF-FA552F833FFE}.MinSizeRel|Win32.ActiveCfg = MinSizeRel|Win32
		{08777B4E-D335-3378-8BEF-FA552F833FFE}.MinSizeRel|Win32.Build.0 = MinSizeRel|Win32
		{08777B4E-D335-3378-8BEF-FA552F833FFE}.RelWithDebInfo|Win32.ActiveCfg = RelWithDebInfo|Win32
		{08777B4E-D335-3378-8BEF-FA552F833FFE}.RelWithDebInfo|Win32.Build.0 = RelWithDebInfo|Win32
		{4BB3E880-26D1-38B3-BC92-CF913C7EF444}.Debug|Win32.ActiveCfg = Debug|Win32
		{4BB3E880-26D1-38B3-BC92-CF913C7EF444}.Debug|Win32.Build.0 = Debug|Win32
		{4BB3E880-26D1-38B3-BC92-CF913C7EF444}.Release|Win32.ActiveCfg = Release|Win32
		{4BB3E880-26D1-38B3-BC92-CF913C7EF444}.Release|Win32.Build.0 = Release|Win32
		{4BB3E880-26D1-38B3-BC92-CF913C7EF444}.MinSizeRel|Win32.ActiveCfg = MinSizeRel|Win32
		{4BB3E880-26D1-38B3-BC92-CF913C7EF444}.MinSizeRel|Win32.Build.0 = MinSizeRel|Win32
		{4BB3E880-26D1-38B3-BC92-CF913C7EF444}.RelWithDebInfo|Win32.ActiveCfg = RelWithDebInfo|Win32
		{4BB3E880-26D1-38B3-BC92-CF913C7EF444}.RelWithDebInfo|Win32.Build.0 = RelWithDebInfo|Win32
		{DBBAD1BE-D6E0-3CAB-B2DE-333AFE67FF35}.Debug|Win32.ActiveCfg = Debug|Win32
		{DBBAD1BE-D6E0-3CAB-B2DE-333AFE67FF35}.Debug|Win32.Build.0 = Debug|Win32
		{DBBAD1BE-D6E0-3CAB-B2DE-333AFE67FF35}.Release|Win32.ActiveCfg = Release|Win32
		{DBBAD1BE-D6E0-3CAB-B2DE-333AFE67FF35}.Release|Win32.Build.0 = Release|Win32
		{DBBAD1BE-D6E0-3CAB-B2DE-333AFE67FF35}.MinSizeRel|Win32.ActiveCfg = MinSizeRel|Win32
		{DBBAD1BE-D6E0-3CAB-B2DE-333AFE67FF35}.MinSizeRel|Win32.Build.0 = MinSizeRel|Win32
		{DBBAD1BE-D6E0-3CAB-B2DE-333AFE67FF35}.RelWithDebInfo|Win32.ActiveCfg = RelWithDebInfo|Win32
		{DBBAD1BE-D6E0-3CAB-B2DE-333AFE67FF35}.RelWithDebInfo|Win32.Build.0 = RelWithDebInfo|Win32
		{C2E8B81B-CBA1-31BF-8734-9F24265904F4}.Debug|Win32.ActiveCfg = Debug|Win32
		{C2E8B81B-CBA1-31BF-8734-9F24265904F4}.Debug|Win32.Build.0 = Debug|Win32
		{C2E8B81B-CBA1-31BF-8734-9F24265904F4}.Release|Win32.ActiveCfg = Release|Win32
		{C2E8B81B-CBA1-31BF-8734-9F24265904F4}.Release|Win32.Build.0 = Release|Win32
		{C2E8B81B-CBA1-31BF-8734-9F24265904F4}.MinSizeRel|Win32.ActiveCfg = MinSizeRel|Win32
		{C2E8B81B-CBA1-31BF-8734-9F24265904F4}.MinSizeRel|Win32.Build.0 = MinSizeRel|Win32
		{C2E8B81B-CBA1-31BF-8734-9F24265904F4}.RelWithDebInfo|Win32.ActiveCfg = RelWithDebInfo|Win32
		{C2E8B81B-CBA1-31BF-8734-9F24265904F4}.RelWithDebInfo|Win32.Build.0 = RelWithDebInfo|Win32
		{4F63788C-7CF3-3C01-A95E-F39B70BDCD7D}.Debug|Win32.ActiveCfg = Debug|Win32
		{4F63788C-7CF3-3C01-A95E-F39B70BDCD7D}.Debug|Win32.Build.0 = Debug|Win32
		{4F63788C-7CF3-3C01-A95E-F39B70BDCD7D}.Release|Win32.ActiveCfg = Release|Win32
		{4F63788C-7CF3-3C01-A95E-F39B70BDCD7D}.Release|Win32.Build.0 = Release|Win32
		{4F63788C-7CF3-3C01-A95E-F39B70BDCD7D}.MinSizeRel|Win32.ActiveCfg = MinSizeRel|Win32
		{4F63788C-7CF3-3C01-A95E-F39B70BDCD7D}.MinSizeRel|Win32.Build.0 = MinSizeRel|Win32
		{4F63788C-7CF3-3C01-A95E-F39B70BDCD7D}.RelWithDebInfo|Win32.ActiveCfg = RelWithDebInfo|Win32
		{4F63788C-7CF3-3C01-A95E-F39B70BDCD7D}.RelWithDebInfo|Win32.Build.0 = RelWithDebInfo|Win32
		{85424C4C-B64E-3F82-AE92-30A5CF68B101}.Debug|Win32.ActiveCfg = Debug|Win32
		{85424C4C-B64E-3F82-AE92-30A5CF68B101}.Debug|Win32.Build.0 = Debug|Win32
		{85424C4C-B64E-3F82-AE92-30A5CF68B101}.Release|Win32.ActiveCfg = Release|Win32
		{85424C4C-B64E-3F82-AE92-30A5CF68B101}.Release|Win32.Build.0 = Release|Win32
		{85424C4C-B64E-3F82-AE92-30A5CF68B101}.MinSizeRel|Win32.ActiveCfg = MinSizeRel|Win32
		{85424C4C-B64E-3F82-AE92-30A5CF68B101}.MinSizeRel|Win32.Build.0 = MinSizeRel|Win32
		{85424C4C-B64E-3F82-AE92-30A5CF68B101}.RelWithDebInfo|Win32.ActiveCfg = RelWithDebInfo|Win32
		{85424C4C-B64E-3F82-AE92-30A5CF68B101}.RelWithDebInfo|Win32.Build.0 = RelWithDebInfo|Win32
		{FD6952E0-A832-39DF-979D-79047549DB34}.Debug|Win32.ActiveCfg = Debug|Win32
		{FD6952E0-A832-39DF-979D-79047549DB34}.Debug|Win32.Build.0 = Debug|Win32
		{FD6952E0-A832-39DF-979D-79047549DB34}.Release|Win32.ActiveCfg = Release|Win32
		{FD6952E0-A832-39DF-979D-79047549DB34}.Release|Win32.Build.0 = Release|Win32
		{FD6952E0-A832-39DF-979D-79047549DB34}.MinSizeRel|Win32.ActiveCfg = MinSizeRel|Win32
		{FD6952E0-A832-39DF-979D-79047549DB34}.MinSizeRel|Win32.Build.0 = MinSizeRel|Win32
		{FD6952E0-A832-39DF-979D-79047549DB34}.RelWithDebInfo|Win32.ActiveCfg = RelWithDebInfo|Win32
		{FD6952E0-A832-39DF-979D-79047549DB34}.RelWithDebInfo|Win32.Build.0 = RelWithDebInfo|Win32
		{E501B442-427A-3691-BAAB-67DAB0D9C681}.Debug|Win32.ActiveCfg = Debug|Win32
		{E501B442-427A-3691-BAAB-67DAB0D9C681}.Debug|Win32.Build.0 = Debug|Win32
		{E501B442-427A-3691-BAAB-67DAB0D9C681}.Release|Win32.ActiveCfg = Release|Win32
		{E501B442-427A-3691-BAAB-67DAB0D9C681}.Release|Win32.Build.0 = Release|Win32
		{E501B442-427A-3691-BAAB-67DAB0D9C681}.MinSizeRel|Win32.ActiveCfg = MinSizeRel|Win32
		{E501B442-427A-3691-BAAB-67DAB0D9C681}.MinSizeRel|Win32.Build.0 = MinSizeRel|Win32
		{E501B442-427A-3691-BAAB-67DAB0D9C681}.RelWithDebInfo|Win32.ActiveCfg = RelWithDebInfo|Win32
		{E501B442-427A-3691-BAAB-67DAB0D9C681}.RelWithDebInfo|Win32.Build.0 = RelWithDebInfo|Win32
		{7E6C0B1B-AEC8-30FA-9BCF-1118A501C97D}.Debug|Win32.ActiveCfg = Debug|Win32
		{7E6C0B1B-AEC8-30FA-9BCF-1118A501C97D}.Debug|Win32.Build.0 = Debug|Win32
		{7E6C0B1B-AEC8-30FA-9BCF-1118A501C97D}.Release|Win32.ActiveCfg = Release|Win32
		{7E6C0B1B-AEC8-30FA-9BCF-1118A501C97D}.Release|Win32.Build.0 = Release|Win32
		{7E6C0B1B-AEC8-30FA-9BCF-1118A501C97D}.MinSizeRel|Win32.ActiveCfg = MinSizeRel|Win32
		{7E6C0B1B-AEC8-30FA-9BCF-1118A501C97D}.MinSizeRel|Win32.Build.0 = MinSizeRel|Win32
		{7E6C0B1B-AEC8-30FA-9BCF-1118A501C97D}.RelWithDebInfo|Win32.ActiveCfg = RelWithDebInfo|Win32
		{7E6C0B1B-AEC8-30FA-9BCF-1118A501C97D}.RelWithDebInfo|Win32.Build.0 = RelWithDebInfo|Win32
		{FB226AD0-3B76-349E-9245-458A38D2A335}.Debug|Win32.ActiveCfg = Debug|Win32
		{FB226AD0-3B76-349E-9245-458A38D2A335}.Debug|Win32.Build.0 = Debug|Win32
		{FB226AD0-3B76-349E-9245-458A38D2A335}.Release|Win32.ActiveCfg = Release|Win32
		{FB226AD0-3B76-349E-9245-458A38D2A335}.Release|Win32.Build.0 = Release|Win32
		{FB226AD0-3B76-349E-9245-458A38D2A335}.MinSizeRel|Win32.ActiveCfg = MinSizeRel|Win32
		{FB226AD0-3B76-349E-9245-458A38D2A335}.MinSizeRel|Win32.Build.0 = MinSizeRel|Win32
		{FB226AD0-3B76-349E-9245-458A38D2A335}.RelWithDebInfo|Win32.ActiveCfg = RelWithDebInfo|Win32
		{FB226AD0-3B76-349E-9245-458A38D2A335}.RelWithDebInfo|Win32.Build.0 = RelWithDebInfo|Win32
		{185EC1A2-F0B3-31DE-9E66-858AAFD33FA5}.Debug|Win32.ActiveCfg = Debug|Win32
		{185EC1A2-F0B3-31DE-9E66-858AAFD33FA5}.Debug|Win32.Build.0 = Debug|Win32
		{185EC1A2-F0B3-31DE-9E66-858AAFD33FA5}.Release|Win32.ActiveCfg = Release|Win32
		{185EC1A2-F0B3-31DE-9E66-858AAFD33FA5}.Release|Win32.Build.0 = Release|Win32
		{185EC1A2-F0B3-31DE-9E66-858AAFD33FA5}.MinSizeRel|Win32.ActiveCfg = MinSizeRel|Win32
		{185EC1A2-F0B3-31DE-9E66-858AAFD33FA5}.MinSizeRel|Win32.Build.0 = MinSizeRel|Win32
		{185EC1A2-F0B3-31DE-9E66-858AAFD33FA5}.RelWithDebInfo|Win32.ActiveCfg = RelWithDebInfo|Win32
		{185EC1A2-F0B3-31DE-9E66-858AAFD33FA5}.RelWithDebInfo|Win32.Build.0 = RelWithDebInfo|Win32
		{AB27034C-B576-3048-A3C7-01F9C3343E63}.Debug|Win32.ActiveCfg = Debug|Win32
		{AB27034C-B576-3048-A3C7-01F9C3343E63}.Debug|Win32.Build.0 = Debug|Win32
		{AB27034C-B576-3048-A3C7-01F9C3343E63}.Release|Win32.ActiveCfg = Release|Win32
		{AB27034C-B576-3048-A3C7-01F9C3343E63}.Release|Win32.Build.0 = Release|Win32
		{AB27034C-B576-3048-A3C7-01F9C3343E63}.MinSizeRel|Win32.ActiveCfg = MinSizeRel|Win32
		{AB27034C-B576-3048-A3C7-01F9C3343E63}.MinSizeRel|Win32.Build.0 = MinSizeRel|Win32
		{AB27034C-B576-3048-A3C7-01F9C3343E63}.RelWithDebInfo|Win32.ActiveCfg = RelWithDebInfo|Win32
		{AB27034C-B576-3048-A3C7-01F9C3343E63}.RelWithDebInfo|Win32.Build.0 = RelWithDebInfo|Win32
		{F06D9AB7-3532-3D8D-B46A-39C31C9C157A}.Debug|Win32.ActiveCfg = Debug|Win32
		{F06D9AB7-3532-3D8D-B46A-39C31C9C157A}.Debug|Win32.Build.0 = Debug|Win32
		{F06D9AB7-3532-3D8D-B46A-39C31C9C157A}.Release|Win32.ActiveCfg = Release|Win32
		{F06D9AB7-3532-3D8D-B46A-39C31C9C157A}.Release|Win32.Build.0 = Release|Win32
		{F06D9AB7-3532-3D8D-B46A-39C31C9C157A}.MinSizeRel|Win32.ActiveCfg = MinSizeRel|Win32
		{F06D9AB7-3532-3D8D-B46A-39C31C9C157A}.MinSizeRel|Win32.Build.0 = MinSizeRel|Win32
		{F06D9AB7-3532-3D8D-B46A-39C31C9C157A}.RelWithDebInfo|Win32.ActiveCfg = RelWithDebInfo|Win32
		{F06D9AB7-3532-3D8D-B46A-39C31C9C157A}.RelWithDebInfo|Win32.Build.0 = RelWithDebInfo|Win32
		{149686AD-F7D9-3C12-9341-D68CA824A0B8}.Debug|Win32.ActiveCfg = Debug|Win32
		{149686AD-F7D9-3C12-9341-D68CA824A0B8}.Debug|Win32.Build.0 = Debug|Win32
		{149686AD-F7D9-3C12-9341-D68CA824A0B8}.Release|Win32.ActiveCfg = Release|Win32
		{149686AD-F7D9-3C12-9341-D68CA824A0B8}.Release|Win32.Build.0 = Release|Win32
		{149686AD-F7D9-3C12-9341-D68CA824A0B8}.MinSizeRel|Win32.ActiveCfg = MinSizeRel|Win32
		{149686AD-F7D9-3C12-9341-D68CA824A0B8}.MinSizeRel|Win32.Build.0 = MinSizeRel|Win32
		{149686AD-F7D9-3C12-9341-D68CA824A0B8}.RelWithDebInfo|Win32.ActiveCfg = RelWithDebInfo|Win32
		{149686AD-F7D9-3C12-9341-D68CA824A0B8}.RelWithDebInfo|Win32.Build.0 = RelWithDebInfo|Win32
		{AE491012-FD80-3B3A-8BAF-90AB59BB887D}.Debug|Win32.ActiveCfg = Debug|Win32
		{AE491012-FD80-3B3A-8BAF-90AB59BB887D}.Debug|Win32.Build.0 = Debug|Win32
		{AE491012-FD80-3B3A-8BAF-90AB59BB887D}.Release|Win32.ActiveCfg = Release|Win32
		{AE491012-FD80-3B3A-8BAF-90AB59BB887D}.Release|Win32.Build.0 = Release|Win32
		{AE491012-FD80-3B3A-8BAF-90AB59BB887D}.MinSizeRel|Win32.ActiveCfg = MinSizeRel|Win32
		{AE491012-FD80-3B3A-8BAF-90AB59BB887D}.MinSizeRel|Win32.Build.0 = MinSizeRel|Win32
		{AE491012-FD80-3B3A-8BAF-90AB59BB887D}.RelWithDebInfo|Win32.ActiveCfg = RelWithDebInfo|Win32
		{AE491012-FD80-3B3A-8BAF-90AB59BB887D}.RelWithDebInfo|Win32.Build.0 = RelWithDebInfo|Win32
		{51E4C417-6FA8-3BE1-AEA8-086BD330B82B}.Debug|Win32.ActiveCfg = Debug|Win32
		{51E4C417-6FA8-3BE1-AEA8-086BD330B82B}.Debug|Win32.Build.0 = Debug|Win32
		{51E4C417-6FA8-3BE1-AEA8-086BD330B82B}.Release|Win32.ActiveCfg = Release|Win32
		{51E4C417-6FA8-3BE1-AEA8-086BD330B82B}.Release|Win32.Build.0 = Release|Win32
		{51E4C417-6FA8-3BE1-AEA8-086BD330B82B}.MinSizeRel|Win32.ActiveCfg = MinSizeRel|Win32
		{51E4C417-6FA8-3BE1-AEA8-086BD330B82B}.MinSizeRel|Win32.Build.0 = MinSizeRel|Win32
		{51E4C417-6FA8-3BE1-AEA8-086BD330B82B}.RelWithDebInfo|Win32.ActiveCfg = RelWithDebInfo|Win32
		{51E4C417-6FA8-3BE1-AEA8-086BD330B82B}.RelWithDebInfo|Win32.Build.0 = RelWithDebInfo|Win32
		{BB66C30A-95C5-35FB-BFF0-99D2AAFC6E7E}.Debug|Win32.ActiveCfg = Debug|Win32
		{BB66C30A-95C5-35FB-BFF0-99D2AAFC6E7E}.Debug|Win32.Build.0 = Debug|Win32
		{BB66C30A-95C5-35FB-BFF0-99D2AAFC6E7E}.Release|Win32.ActiveCfg = Release|Win32
		{BB66C30A-95C5-35FB-BFF0-99D2AAFC6E7E}.Release|Win32.Build.0 = Release|Win32
		{BB66C30A-95C5-35FB-BFF0-99D2AAFC6E7E}.MinSizeRel|Win32.ActiveCfg = MinSizeRel|Win32
		{BB66C30A-95C5-35FB-BFF0-99D2AAFC6E7E}.MinSizeRel|Win32.Build.0 = MinSizeRel|Win32
		{BB66C30A-95C5-35FB-BFF0-99D2AAFC6E7E}.RelWithDebInfo|Win32.ActiveCfg = RelWithDebInfo|Win32
		{BB66C30A-95C5-35FB-BFF0-99D2AAFC6E7E}.RelWithDebInfo|Win32.Build.0 = RelWithDebInfo|Win32
		{32885EFD-98BD-32C0-92A5-379217CFD17B}.Debug|Win32.ActiveCfg = Debug|Win32
		{32885EFD-98BD-32C0-92A5-379217CFD17B}.Debug|Win32.Build.0 = Debug|Win32
		{32885EFD-98BD-32C0-92A5-379217CFD17B}.Release|Win32.ActiveCfg = Release|Win32
		{32885EFD-98BD-32C0-92A5-379217CFD17B}.Release|Win32.Build.0 = Release|Win32
		{32885EFD-98BD-32C0-92A5-379217CFD17B}.MinSizeRel|Win32.ActiveCfg = MinSizeRel|Win32
		{32885EFD-98BD-32C0-92A5-379217CFD17B}.MinSizeRel|Win32.Build.0 = MinSizeRel|Win32
		{32885EFD-98BD-32C0-92A5-379217CFD17B}.RelWithDebInfo|Win32.ActiveCfg = RelWithDebInfo|Win32
		{32885EFD-98BD-32C0-92A5-379217CFD17B}.RelWithDebInfo|Win32.Build.0 = RelWithDebInfo|Win32
		{D8EC92F0-BCE7-3706-B6EB-5F0170894435}.Debug|Win32.ActiveCfg = Debug|Win32
		{D8EC92F0-BCE7-3706-B6EB-5F0170894435}.Debug|Win32.Build.0 = Debug|Win32
		{D8EC92F0-BCE7-3706-B6EB-5F0170894435}.Release|Win32.ActiveCfg = Release|Win32
		{D8EC92F0-BCE7-3706-B6EB-5F0170894435}.Release|Win32.Build.0 = Release|Win32
		{D8EC92F0-BCE7-3706-B6EB-5F0170894435}.MinSizeRel|Win32.ActiveCfg = MinSizeRel|Win32
		{D8EC92F0-BCE7-3706-B6EB-5F0170894435}.MinSizeRel|Win32.Build.0 = MinSizeRel|Win32
		{D8EC92F0-BCE7-3706-B6EB-5F0170894435}.RelWithDebInfo|Win32.ActiveCfg = RelWithDebInfo|Win32
		{D8EC92F0-BCE7-3706-B6EB-5F0170894435}.RelWithDebInfo|Win32.Build.0 = RelWithDebInfo|Win32
	EndGlobalSection
	GlobalSection(ExtensibilityGlobals) = postSolution
		SolutionGuid = {D725350E-30C8-3A3C-9B80-575CEEAA7F30}
	EndGlobalSection
	GlobalSection(ExtensibilityAddIns) = postSolution
	EndGlobalSection
EndGlobal
