
Microsoft Visual Studio Solution File, Format Version 12.00
# Visual Studio Version 17
Project("{8BC9CEB8-8B4A-11D0-8D11-00A0C91BC942}") = "ALL_BUILD", "ALL_BUILD.vcxproj", "{6050ECA0-EEF6-3DED-82EB-512DDD0FF498}"
	ProjectSection(ProjectDependencies) = postProject
		{C7F7BCB7-74A2-3102-BF48-3CE2FD9AE73F} = {C7F7BCB7-74A2-3102-BF48-3CE2FD9AE73F}
		{7C81BE57-DE11-36C7-8E73-E2E3C2E4DCAC} = {7C81BE57-DE11-36C7-8E73-E2E3C2E4DCAC}
		{68FCC2FA-BA3A-36F0-945F-65915B7FAC8D} = {68FCC2FA-BA3A-36F0-945F-65915B7FAC8D}
	EndProjectSection
EndProject
Project("{8BC9CEB8-8B4A-11D0-8D11-00A0C91BC942}") = "CapabilityClient", "CapabilityClient.vcxproj", "{C7F7BCB7-74A2-3102-BF48-3CE2FD9AE73F}"
	ProjectSection(ProjectDependencies) = postProject
		{0E29D6D8-A22D-33D2-AFEA-AE7E12975A1D} = {0E29D6D8-A22D-33D2-AFEA-AE7E12975A1D}
		{68FCC2FA-BA3A-36F0-945F-65915B7FAC8D} = {68FCC2FA-BA3A-36F0-945F-65915B7FAC8D}
	EndProjectSection
EndProject
Project("{8BC9CEB8-8B4A-11D0-8D11-00A0C91BC942}") = "CapabilityServer", "CapabilityServer.vcxproj", "{7C81BE57-DE11-36C7-8E73-E2E3C2E4DCAC}"
	ProjectSection(ProjectDependencies) = postProject
		{0E29D6D8-A22D-33D2-AFEA-AE7E12975A1D} = {0E29D6D8-A22D-33D2-AFEA-AE7E12975A1D}
		{68FCC2FA-BA3A-36F0-945F-65915B7FAC8D} = {68FCC2FA-BA3A-36F0-945F-65915B7FAC8D}
	EndProjectSection
EndProject
Project("{8BC9CEB8-8B4A-11D0-8D11-00A0C91BC942}") = "INSTALL", "INSTALL.vcxproj", "{AC73E4D8-20A1-32FD-A018-DC8055628A4D}"
	ProjectSection(ProjectDependencies) = postProject
		{6050ECA0-EEF6-3DED-82EB-512DDD0FF498} = {6050ECA0-EEF6-3DED-82EB-512DDD0FF498}
		{68FCC2FA-BA3A-36F0-945F-65915B7FAC8D} = {68FCC2FA-BA3A-36F0-945F-65915B7FAC8D}
	EndProjectSection
EndProject
Project("{8BC9CEB8-8B4A-11D0-8D11-00A0C91BC942}") = "OpenIGTLink", "..\..\Source\OpenIGTLink.vcxproj", "{0E29D6D8-A22D-33D2-AFEA-AE7E12975A1D}"
	ProjectSection(ProjectDependencies) = postProject
		{68FCC2FA-BA3A-36F0-945F-65915B7FAC8D} = {68FCC2FA-BA3A-36F0-945F-65915B7FAC8D}
	EndProjectSection
EndProject
Project("{8BC9CEB8-8B4A-11D0-8D11-00A0C91BC942}") = "RUN_TESTS", "RUN_TESTS.vcxproj", "{0883CB98-2590-37AA-B474-54323E591DEF}"
	ProjectSection(ProjectDependencies) = postProject
		{68FCC2FA-BA3A-36F0-945F-65915B7FAC8D} = {68FCC2FA-BA3A-36F0-945F-65915B7FAC8D}
	EndProjectSection
EndProject
Project("{8BC9CEB8-8B4A-11D0-8D11-00A0C91BC942}") = "ZERO_CHECK", "..\..\\ZERO_CHECK.vcxproj", "{68FCC2FA-BA3A-36F0-945F-65915B7FAC8D}"
	ProjectSection(ProjectDependencies) = postProject
	EndProjectSection
EndProject
Global
	GlobalSection(SolutionConfigurationPlatforms) = preSolution
		Debug|Win32 = Debug|Win32
		Release|Win32 = Release|Win32
		MinSizeRel|Win32 = MinSizeRel|Win32
		RelWithDebInfo|Win32 = RelWithDebInfo|Win32
	EndGlobalSection
	GlobalSection(ProjectConfigurationPlatforms) = postSolution
		{6050ECA0-EEF6-3DED-82EB-512DDD0FF498}.Debug|Win32.ActiveCfg = Debug|Win32
		{6050ECA0-EEF6-3DED-82EB-512DDD0FF498}.Debug|Win32.Build.0 = Debug|Win32
		{6050ECA0-EEF6-3DED-82EB-512DDD0FF498}.Release|Win32.ActiveCfg = Release|Win32
		{6050ECA0-EEF6-3DED-82EB-512DDD0FF498}.Release|Win32.Build.0 = Release|Win32
		{6050ECA0-EEF6-3DED-82EB-512DDD0FF498}.MinSizeRel|Win32.ActiveCfg = MinSizeRel|Win32
		{6050ECA0-EEF6-3DED-82EB-512DDD0FF498}.MinSizeRel|Win32.Build.0 = MinSizeRel|Win32
		{6050ECA0-EEF6-3DED-82EB-512DDD0FF498}.RelWithDebInfo|Win32.ActiveCfg = RelWithDebInfo|Win32
		{6050ECA0-EEF6-3DED-82EB-512DDD0FF498}.RelWithDebInfo|Win32.Build.0 = RelWithDebInfo|Win32
		{C7F7BCB7-74A2-3102-BF48-3CE2FD9AE73F}.Debug|Win32.ActiveCfg = Debug|Win32
		{C7F7BCB7-74A2-3102-BF48-3CE2FD9AE73F}.Debug|Win32.Build.0 = Debug|Win32
		{C7F7BCB7-74A2-3102-BF48-3CE2FD9AE73F}.Release|Win32.ActiveCfg = Release|Win32
		{C7F7BCB7-74A2-3102-BF48-3CE2FD9AE73F}.Release|Win32.Build.0 = Release|Win32
		{C7F7BCB7-74A2-3102-BF48-3CE2FD9AE73F}.MinSizeRel|Win32.ActiveCfg = MinSizeRel|Win32
		{C7F7BCB7-74A2-3102-BF48-3CE2FD9AE73F}.MinSizeRel|Win32.Build.0 = MinSizeRel|Win32
		{C7F7BCB7-74A2-3102-BF48-3CE2FD9AE73F}.RelWithDebInfo|Win32.ActiveCfg = RelWithDebInfo|Win32
		{C7F7BCB7-74A2-3102-BF48-3CE2FD9AE73F}.RelWithDebInfo|Win32.Build.0 = RelWithDebInfo|Win32
		{7C81BE57-DE11-36C7-8E73-E2E3C2E4DCAC}.Debug|Win32.ActiveCfg = Debug|Win32
		{7C81BE57-DE11-36C7-8E73-E2E3C2E4DCAC}.Debug|Win32.Build.0 = Debug|Win32
		{7C81BE57-DE11-36C7-8E73-E2E3C2E4DCAC}.Release|Win32.ActiveCfg = Release|Win32
		{7C81BE57-DE11-36C7-8E73-E2E3C2E4DCAC}.Release|Win32.Build.0 = Release|Win32
		{7C81BE57-DE11-36C7-8E73-E2E3C2E4DCAC}.MinSizeRel|Win32.ActiveCfg = MinSizeRel|Win32
		{7C81BE57-DE11-36C7-8E73-E2E3C2E4DCAC}.MinSizeRel|Win32.Build.0 = MinSizeRel|Win32
		{7C81BE57-DE11-36C7-8E73-E2E3C2E4DCAC}.RelWithDebInfo|Win32.ActiveCfg = RelWithDebInfo|Win32
		{7C81BE57-DE11-36C7-8E73-E2E3C2E4DCAC}.RelWithDebInfo|Win32.Build.0 = RelWithDebInfo|Win32
		{AC73E4D8-20A1-32FD-A018-DC8055628A4D}.Debug|Win32.ActiveCfg = Debug|Win32
		{AC73E4D8-20A1-32FD-A018-DC8055628A4D}.Release|Win32.ActiveCfg = Release|Win32
		{AC73E4D8-20A1-32FD-A018-DC8055628A4D}.MinSizeRel|Win32.ActiveCfg = MinSizeRel|Win32
		{AC73E4D8-20A1-32FD-A018-DC8055628A4D}.RelWithDebInfo|Win32.ActiveCfg = RelWithDebInfo|Win32
		{0E29D6D8-A22D-33D2-AFEA-AE7E12975A1D}.Debug|Win32.ActiveCfg = Debug|Win32
		{0E29D6D8-A22D-33D2-AFEA-AE7E12975A1D}.Debug|Win32.Build.0 = Debug|Win32
		{0E29D6D8-A22D-33D2-AFEA-AE7E12975A1D}.Release|Win32.ActiveCfg = Release|Win32
		{0E29D6D8-A22D-33D2-AFEA-AE7E12975A1D}.Release|Win32.Build.0 = Release|Win32
		{0E29D6D8-A22D-33D2-AFEA-AE7E12975A1D}.MinSizeRel|Win32.ActiveCfg = MinSizeRel|Win32
		{0E29D6D8-A22D-33D2-AFEA-AE7E12975A1D}.MinSizeRel|Win32.Build.0 = MinSizeRel|Win32
		{0E29D6D8-A22D-33D2-AFEA-AE7E12975A1D}.RelWithDebInfo|Win32.ActiveCfg = RelWithDebInfo|Win32
		{0E29D6D8-A22D-33D2-AFEA-AE7E12975A1D}.RelWithDebInfo|Win32.Build.0 = RelWithDebInfo|Win32
		{0883CB98-2590-37AA-B474-54323E591DEF}.Debug|Win32.ActiveCfg = Debug|Win32
		{0883CB98-2590-37AA-B474-54323E591DEF}.Release|Win32.ActiveCfg = Release|Win32
		{0883CB98-2590-37AA-B474-54323E591DEF}.MinSizeRel|Win32.ActiveCfg = MinSizeRel|Win32
		{0883CB98-2590-37AA-B474-54323E591DEF}.RelWithDebInfo|Win32.ActiveCfg = RelWithDebInfo|Win32
		{68FCC2FA-BA3A-36F0-945F-65915B7FAC8D}.Debug|Win32.ActiveCfg = Debug|Win32
		{68FCC2FA-BA3A-36F0-945F-65915B7FAC8D}.Debug|Win32.Build.0 = Debug|Win32
		{68FCC2FA-BA3A-36F0-945F-65915B7FAC8D}.Release|Win32.ActiveCfg = Release|Win32
		{68FCC2FA-BA3A-36F0-945F-65915B7FAC8D}.Release|Win32.Build.0 = Release|Win32
		{68FCC2FA-BA3A-36F0-945F-65915B7FAC8D}.MinSizeRel|Win32.ActiveCfg = MinSizeRel|Win32
		{68FCC2FA-BA3A-36F0-945F-65915B7FAC8D}.MinSizeRel|Win32.Build.0 = MinSizeRel|Win32
		{68FCC2FA-BA3A-36F0-945F-65915B7FAC8D}.RelWithDebInfo|Win32.ActiveCfg = RelWithDebInfo|Win32
		{68FCC2FA-BA3A-36F0-945F-65915B7FAC8D}.RelWithDebInfo|Win32.Build.0 = RelWithDebInfo|Win32
	EndGlobalSection
	GlobalSection(ExtensibilityGlobals) = postSolution
		SolutionGuid = {A297D5E5-D80E-3D75-B500-0221183154C9}
	EndGlobalSection
	GlobalSection(ExtensibilityAddIns) = postSolution
	EndGlobalSection
EndGlobal
