
Microsoft Visual Studio Solution File, Format Version 12.00
# Visual Studio Version 17
Project("{8BC9CEB8-8B4A-11D0-8D11-00A0C91BC942}") = "ALL_BUILD", "ALL_BUILD.vcxproj", "{6050ECA0-EEF6-3DED-82EB-512DDD0FF498}"
	ProjectSection(ProjectDependencies) = postProject
		{76E1C093-0B79-38B6-922B-730DF3E65462} = {76E1C093-0B79-38B6-922B-730DF3E65462}
		{521CFC9E-2435-3012-9A2B-9927700957F1} = {521CFC9E-2435-3012-9A2B-9927700957F1}
		{9C8D5C51-7A56-3E13-8A02-C9FFDCF7377C} = {9C8D5C51-7A56-3E13-8A02-C9FFDCF7377C}
		{B9AA4503-6DD1-35A6-B2F1-E43E13554455} = {B9AA4503-6DD1-35A6-B2F1-E43E13554455}
		{BBCAAA88-1518-34FE-A0F9-0F4AA2661526} = {BBCAAA88-1518-34FE-A0F9-0F4AA2661526}
		{68FCC2FA-BA3A-36F0-945F-65915B7FAC8D} = {68FCC2FA-BA3A-36F0-945F-65915B7FAC8D}
	EndProjectSection
EndProject
Project("{8BC9CEB8-8B4A-11D0-8D11-00A0C91BC942}") = "INSTALL", "INSTALL.vcxproj", "{AC73E4D8-20A1-32FD-A018-DC8055628A4D}"
	ProjectSection(ProjectDependencies) = postProject
		{6050ECA0-EEF6-3DED-82EB-512DDD0FF498} = {6050ECA0-EEF6-3DED-82EB-512DDD0FF498}
		{68FCC2FA-BA3A-36F0-945F-65915B7FAC8D} = {68FCC2FA-BA3A-36F0-945F-65915B7FAC8D}
	EndProjectSection
EndProject
Project("{8BC9CEB8-8B4A-11D0-8D11-00A0C91BC942}") = "ImagerClient", "ImagerClient.vcxproj", "{76E1C093-0B79-38B6-922B-730DF3E65462}"
	ProjectSection(ProjectDependencies) = postProject
		{0E29D6D8-A22D-33D2-AFEA-AE7E12975A1D} = {0E29D6D8-A22D-33D2-AFEA-AE7E12975A1D}
		{68FCC2FA-BA3A-36F0-945F-65915B7FAC8D} = {68FCC2FA-BA3A-36F0-945F-65915B7FAC8D}
	EndProjectSection
EndProject
Project("{8BC9CEB8-8B4A-11D0-8D11-00A0C91BC942}") = "ImagerClient2", "ImagerClient2.vcxproj", "{521CFC9E-2435-3012-9A2B-9927700957F1}"
	ProjectSection(ProjectDependencies) = postProject
		{0E29D6D8-A22D-33D2-AFEA-AE7E12975A1D} = {0E29D6D8-A22D-33D2-AFEA-AE7E12975A1D}
		{68FCC2FA-BA3A-36F0-945F-65915B7FAC8D} = {68FCC2FA-BA3A-36F0-945F-65915B7FAC8D}
	EndProjectSection
EndProject
Project("{8BC9CEB8-8B4A-11D0-8D11-00A0C91BC942}") = "ImagerClient3", "ImagerClient3.vcxproj", "{9C8D5C51-7A56-3E13-8A02-C9FFDCF7377C}"
	ProjectSection(ProjectDependencies) = postProject
		{0E29D6D8-A22D-33D2-AFEA-AE7E12975A1D} = {0E29D6D8-A22D-33D2-AFEA-AE7E12975A1D}
		{68FCC2FA-BA3A-36F0-945F-65915B7FAC8D} = {68FCC2FA-BA3A-36F0-945F-65915B7FAC8D}
	EndProjectSection
EndProject
Project("{8BC9CEB8-8B4A-11D0-8D11-00A0C91BC942}") = "ImagerServer", "ImagerServer.vcxproj", "{B9AA4503-6DD1-35A6-B2F1-E43E13554455}"
	ProjectSection(ProjectDependencies) = postProject
		{0E29D6D8-A22D-33D2-AFEA-AE7E12975A1D} = {0E29D6D8-A22D-33D2-AFEA-AE7E12975A1D}
		{68FCC2FA-BA3A-36F0-945F-65915B7FAC8D} = {68FCC2FA-BA3A-36F0-945F-65915B7FAC8D}
	EndProjectSection
EndProject
Project("{8BC9CEB8-8B4A-11D0-8D11-00A0C91BC942}") = "ImagerServer3", "ImagerServer3.vcxproj", "{BBCAAA88-1518-34FE-A0F9-0F4AA2661526}"
	ProjectSection(ProjectDependencies) = postProject
		{0E29D6D8-A22D-33D2-AFEA-AE7E12975A1D} = {0E29D6D8-A22D-33D2-AFEA-AE7E12975A1D}
		{68FCC2FA-BA3A-36F0-945F-65915B7FAC8D} = {68FCC2FA-BA3A-36F0-945F-65915B7FAC8D}
	EndProjectSection
EndProject
Project("{8BC9CEB8-8B4A-11D0-8D11-00A0C91BC942}") = "OpenIGTLink", "..\..\Source\OpenIGTLink.vcxproj", "{0E29D6D8-A22D-33D2-AFEA-AE7E12975A1D}"
	ProjectSection(ProjectDependencies) = postProject
		{68FCC2FA-BA3A-36F0-945F-65915B7FAC8D} = {68FCC2FA-BA3A-36F0-945F-65915B7FAC8D}
	EndProjectSection
EndProject
Project("{8BC9CEB8-8B4A-11D0-8D11-00A0C91BC942}") = "RUN_TESTS", "RUN_TESTS.vcxproj", "{0883CB98-2590-37AA-B474-54323E591DEF}"
	ProjectSection(ProjectDependencies) = postProject
		{68FCC2FA-BA3A-36F0-945F-65915B7FAC8D} = {68FCC2FA-BA3A-36F0-945F-65915B7FAC8D}
	EndProjectSection
EndProject
Project("{8BC9CEB8-8B4A-11D0-8D11-00A0C91BC942}") = "ZERO_CHECK", "..\..\\ZERO_CHECK.vcxproj", "{68FCC2FA-BA3A-36F0-945F-65915B7FAC8D}"
	ProjectSection(ProjectDependencies) = postProject
	EndProjectSection
EndProject
Global
	GlobalSection(SolutionConfigurationPlatforms) = preSolution
		Debug|Win32 = Debug|Win32
		Release|Win32 = Release|Win32
		MinSizeRel|Win32 = MinSizeRel|Win32
		RelWithDebInfo|Win32 = RelWithDebInfo|Win32
	EndGlobalSection
	GlobalSection(ProjectConfigurationPlatforms) = postSolution
		{6050ECA0-EEF6-3DED-82EB-512DDD0FF498}.Debug|Win32.ActiveCfg = Debug|Win32
		{6050ECA0-EEF6-3DED-82EB-512DDD0FF498}.Debug|Win32.Build.0 = Debug|Win32
		{6050ECA0-EEF6-3DED-82EB-512DDD0FF498}.Release|Win32.ActiveCfg = Release|Win32
		{6050ECA0-EEF6-3DED-82EB-512DDD0FF498}.Release|Win32.Build.0 = Release|Win32
		{6050ECA0-EEF6-3DED-82EB-512DDD0FF498}.MinSizeRel|Win32.ActiveCfg = MinSizeRel|Win32
		{6050ECA0-EEF6-3DED-82EB-512DDD0FF498}.MinSizeRel|Win32.Build.0 = MinSizeRel|Win32
		{6050ECA0-EEF6-3DED-82EB-512DDD0FF498}.RelWithDebInfo|Win32.ActiveCfg = RelWithDebInfo|Win32
		{6050ECA0-EEF6-3DED-82EB-512DDD0FF498}.RelWithDebInfo|Win32.Build.0 = RelWithDebInfo|Win32
		{AC73E4D8-20A1-32FD-A018-DC8055628A4D}.Debug|Win32.ActiveCfg = Debug|Win32
		{AC73E4D8-20A1-32FD-A018-DC8055628A4D}.Release|Win32.ActiveCfg = Release|Win32
		{AC73E4D8-20A1-32FD-A018-DC8055628A4D}.MinSizeRel|Win32.ActiveCfg = MinSizeRel|Win32
		{AC73E4D8-20A1-32FD-A018-DC8055628A4D}.RelWithDebInfo|Win32.ActiveCfg = RelWithDebInfo|Win32
		{76E1C093-0B79-38B6-922B-730DF3E65462}.Debug|Win32.ActiveCfg = Debug|Win32
		{76E1C093-0B79-38B6-922B-730DF3E65462}.Debug|Win32.Build.0 = Debug|Win32
		{76E1C093-0B79-38B6-922B-730DF3E65462}.Release|Win32.ActiveCfg = Release|Win32
		{76E1C093-0B79-38B6-922B-730DF3E65462}.Release|Win32.Build.0 = Release|Win32
		{76E1C093-0B79-38B6-922B-730DF3E65462}.MinSizeRel|Win32.ActiveCfg = MinSizeRel|Win32
		{76E1C093-0B79-38B6-922B-730DF3E65462}.MinSizeRel|Win32.Build.0 = MinSizeRel|Win32
		{76E1C093-0B79-38B6-922B-730DF3E65462}.RelWithDebInfo|Win32.ActiveCfg = RelWithDebInfo|Win32
		{76E1C093-0B79-38B6-922B-730DF3E65462}.RelWithDebInfo|Win32.Build.0 = RelWithDebInfo|Win32
		{521CFC9E-2435-3012-9A2B-9927700957F1}.Debug|Win32.ActiveCfg = Debug|Win32
		{521CFC9E-2435-3012-9A2B-9927700957F1}.Debug|Win32.Build.0 = Debug|Win32
		{521CFC9E-2435-3012-9A2B-9927700957F1}.Release|Win32.ActiveCfg = Release|Win32
		{521CFC9E-2435-3012-9A2B-9927700957F1}.Release|Win32.Build.0 = Release|Win32
		{521CFC9E-2435-3012-9A2B-9927700957F1}.MinSizeRel|Win32.ActiveCfg = MinSizeRel|Win32
		{521CFC9E-2435-3012-9A2B-9927700957F1}.MinSizeRel|Win32.Build.0 = MinSizeRel|Win32
		{521CFC9E-2435-3012-9A2B-9927700957F1}.RelWithDebInfo|Win32.ActiveCfg = RelWithDebInfo|Win32
		{521CFC9E-2435-3012-9A2B-9927700957F1}.RelWithDebInfo|Win32.Build.0 = RelWithDebInfo|Win32
		{9C8D5C51-7A56-3E13-8A02-C9FFDCF7377C}.Debug|Win32.ActiveCfg = Debug|Win32
		{9C8D5C51-7A56-3E13-8A02-C9FFDCF7377C}.Debug|Win32.Build.0 = Debug|Win32
		{9C8D5C51-7A56-3E13-8A02-C9FFDCF7377C}.Release|Win32.ActiveCfg = Release|Win32
		{9C8D5C51-7A56-3E13-8A02-C9FFDCF7377C}.Release|Win32.Build.0 = Release|Win32
		{9C8D5C51-7A56-3E13-8A02-C9FFDCF7377C}.MinSizeRel|Win32.ActiveCfg = MinSizeRel|Win32
		{9C8D5C51-7A56-3E13-8A02-C9FFDCF7377C}.MinSizeRel|Win32.Build.0 = MinSizeRel|Win32
		{9C8D5C51-7A56-3E13-8A02-C9FFDCF7377C}.RelWithDebInfo|Win32.ActiveCfg = RelWithDebInfo|Win32
		{9C8D5C51-7A56-3E13-8A02-C9FFDCF7377C}.RelWithDebInfo|Win32.Build.0 = RelWithDebInfo|Win32
		{B9AA4503-6DD1-35A6-B2F1-E43E13554455}.Debug|Win32.ActiveCfg = Debug|Win32
		{B9AA4503-6DD1-35A6-B2F1-E43E13554455}.Debug|Win32.Build.0 = Debug|Win32
		{B9AA4503-6DD1-35A6-B2F1-E43E13554455}.Release|Win32.ActiveCfg = Release|Win32
		{B9AA4503-6DD1-35A6-B2F1-E43E13554455}.Release|Win32.Build.0 = Release|Win32
		{B9AA4503-6DD1-35A6-B2F1-E43E13554455}.MinSizeRel|Win32.ActiveCfg = MinSizeRel|Win32
		{B9AA4503-6DD1-35A6-B2F1-E43E13554455}.MinSizeRel|Win32.Build.0 = MinSizeRel|Win32
		{B9AA4503-6DD1-35A6-B2F1-E43E13554455}.RelWithDebInfo|Win32.ActiveCfg = RelWithDebInfo|Win32
		{B9AA4503-6DD1-35A6-B2F1-E43E13554455}.RelWithDebInfo|Win32.Build.0 = RelWithDebInfo|Win32
		{BBCAAA88-1518-34FE-A0F9-0F4AA2661526}.Debug|Win32.ActiveCfg = Debug|Win32
		{BBCAAA88-1518-34FE-A0F9-0F4AA2661526}.Debug|Win32.Build.0 = Debug|Win32
		{BBCAAA88-1518-34FE-A0F9-0F4AA2661526}.Release|Win32.ActiveCfg = Release|Win32
		{BBCAAA88-1518-34FE-A0F9-0F4AA2661526}.Release|Win32.Build.0 = Release|Win32
		{BBCAAA88-1518-34FE-A0F9-0F4AA2661526}.MinSizeRel|Win32.ActiveCfg = MinSizeRel|Win32
		{BBCAAA88-1518-34FE-A0F9-0F4AA2661526}.MinSizeRel|Win32.Build.0 = MinSizeRel|Win32
		{BBCAAA88-1518-34FE-A0F9-0F4AA2661526}.RelWithDebInfo|Win32.ActiveCfg = RelWithDebInfo|Win32
		{BBCAAA88-1518-34FE-A0F9-0F4AA2661526}.RelWithDebInfo|Win32.Build.0 = RelWithDebInfo|Win32
		{0E29D6D8-A22D-33D2-AFEA-AE7E12975A1D}.Debug|Win32.ActiveCfg = Debug|Win32
		{0E29D6D8-A22D-33D2-AFEA-AE7E12975A1D}.Debug|Win32.Build.0 = Debug|Win32
		{0E29D6D8-A22D-33D2-AFEA-AE7E12975A1D}.Release|Win32.ActiveCfg = Release|Win32
		{0E29D6D8-A22D-33D2-AFEA-AE7E12975A1D}.Release|Win32.Build.0 = Release|Win32
		{0E29D6D8-A22D-33D2-AFEA-AE7E12975A1D}.MinSizeRel|Win32.ActiveCfg = MinSizeRel|Win32
		{0E29D6D8-A22D-33D2-AFEA-AE7E12975A1D}.MinSizeRel|Win32.Build.0 = MinSizeRel|Win32
		{0E29D6D8-A22D-33D2-AFEA-AE7E12975A1D}.RelWithDebInfo|Win32.ActiveCfg = RelWithDebInfo|Win32
		{0E29D6D8-A22D-33D2-AFEA-AE7E12975A1D}.RelWithDebInfo|Win32.Build.0 = RelWithDebInfo|Win32
		{0883CB98-2590-37AA-B474-54323E591DEF}.Debug|Win32.ActiveCfg = Debug|Win32
		{0883CB98-2590-37AA-B474-54323E591DEF}.Release|Win32.ActiveCfg = Release|Win32
		{0883CB98-2590-37AA-B474-54323E591DEF}.MinSizeRel|Win32.ActiveCfg = MinSizeRel|Win32
		{0883CB98-2590-37AA-B474-54323E591DEF}.RelWithDebInfo|Win32.ActiveCfg = RelWithDebInfo|Win32
		{68FCC2FA-BA3A-36F0-945F-65915B7FAC8D}.Debug|Win32.ActiveCfg = Debug|Win32
		{68FCC2FA-BA3A-36F0-945F-65915B7FAC8D}.Debug|Win32.Build.0 = Debug|Win32
		{68FCC2FA-BA3A-36F0-945F-65915B7FAC8D}.Release|Win32.ActiveCfg = Release|Win32
		{68FCC2FA-BA3A-36F0-945F-65915B7FAC8D}.Release|Win32.Build.0 = Release|Win32
		{68FCC2FA-BA3A-36F0-945F-65915B7FAC8D}.MinSizeRel|Win32.ActiveCfg = MinSizeRel|Win32
		{68FCC2FA-BA3A-36F0-945F-65915B7FAC8D}.MinSizeRel|Win32.Build.0 = MinSizeRel|Win32
		{68FCC2FA-BA3A-36F0-945F-65915B7FAC8D}.RelWithDebInfo|Win32.ActiveCfg = RelWithDebInfo|Win32
		{68FCC2FA-BA3A-36F0-945F-65915B7FAC8D}.RelWithDebInfo|Win32.Build.0 = RelWithDebInfo|Win32
	EndGlobalSection
	GlobalSection(ExtensibilityGlobals) = postSolution
		SolutionGuid = {581AED0F-3471-3790-912D-4B3C8C40B964}
	EndGlobalSection
	GlobalSection(ExtensibilityAddIns) = postSolution
	EndGlobalSection
EndGlobal
