
Microsoft Visual Studio Solution File, Format Version 12.00
# Visual Studio Version 17
Project("{8BC9CEB8-8B4A-11D0-8D11-00A0C91BC942}") = "ALL_BUILD", "ALL_BUILD.vcxproj", "{6050ECA0-EEF6-3DED-82EB-512DDD0FF498}"
	ProjectSection(ProjectDependencies) = postProject
		{A1869F1B-863C-3192-A64F-9ECE77D28DC0} = {A1869F1B-863C-3192-A64F-9ECE77D28DC0}
		{7838352C-61C6-34D1-98BA-011F592ECDB6} = {7838352C-61C6-34D1-98BA-011F592ECDB6}
		{F579E94C-AB5E-3F78-8765-0936BC39B12F} = {F579E94C-AB5E-3F78-8765-0936BC39B12F}
		{B26685EE-AF14-3302-AF8F-6429081D3609} = {B26685EE-AF14-3302-AF8F-6429081D3609}
		{68FCC2FA-BA3A-36F0-945F-65915B7FAC8D} = {68FCC2FA-BA3A-36F0-945F-65915B7FAC8D}
	EndProjectSection
EndProject
Project("{8BC9CEB8-8B4A-11D0-8D11-00A0C91BC942}") = "INSTALL", "INSTALL.vcxproj", "{AC73E4D8-20A1-32FD-A018-DC8055628A4D}"
	ProjectSection(ProjectDependencies) = postProject
		{6050ECA0-EEF6-3DED-82EB-512DDD0FF498} = {6050ECA0-EEF6-3DED-82EB-512DDD0FF498}
		{68FCC2FA-BA3A-36F0-945F-65915B7FAC8D} = {68FCC2FA-BA3A-36F0-945F-65915B7FAC8D}
	EndProjectSection
EndProject
Project("{8BC9CEB8-8B4A-11D0-8D11-00A0C91BC942}") = "ImageMetaClient", "ImageMetaClient.vcxproj", "{A1869F1B-863C-3192-A64F-9ECE77D28DC0}"
	ProjectSection(ProjectDependencies) = postProject
		{0E29D6D8-A22D-33D2-AFEA-AE7E12975A1D} = {0E29D6D8-A22D-33D2-AFEA-AE7E12975A1D}
		{68FCC2FA-BA3A-36F0-945F-65915B7FAC8D} = {68FCC2FA-BA3A-36F0-945F-65915B7FAC8D}
	EndProjectSection
EndProject
Project("{8BC9CEB8-8B4A-11D0-8D11-00A0C91BC942}") = "ImageMetaServer", "ImageMetaServer.vcxproj", "{7838352C-61C6-34D1-98BA-011F592ECDB6}"
	ProjectSection(ProjectDependencies) = postProject
		{0E29D6D8-A22D-33D2-AFEA-AE7E12975A1D} = {0E29D6D8-A22D-33D2-AFEA-AE7E12975A1D}
		{68FCC2FA-BA3A-36F0-945F-65915B7FAC8D} = {68FCC2FA-BA3A-36F0-945F-65915B7FAC8D}
	EndProjectSection
EndProject
Project("{8BC9CEB8-8B4A-11D0-8D11-00A0C91BC942}") = "LabelMetaClient", "LabelMetaClient.vcxproj", "{F579E94C-AB5E-3F78-8765-0936BC39B12F}"
	ProjectSection(ProjectDependencies) = postProject
		{0E29D6D8-A22D-33D2-AFEA-AE7E12975A1D} = {0E29D6D8-A22D-33D2-AFEA-AE7E12975A1D}
		{68FCC2FA-BA3A-36F0-945F-65915B7FAC8D} = {68FCC2FA-BA3A-36F0-945F-65915B7FAC8D}
	EndProjectSection
EndProject
Project("{8BC9CEB8-8B4A-11D0-8D11-00A0C91BC942}") = "LabelMetaServer", "LabelMetaServer.vcxproj", "{B26685EE-AF14-3302-AF8F-6429081D3609}"
	ProjectSection(ProjectDependencies) = postProject
		{0E29D6D8-A22D-33D2-AFEA-AE7E12975A1D} = {0E29D6D8-A22D-33D2-AFEA-AE7E12975A1D}
		{68FCC2FA-BA3A-36F0-945F-65915B7FAC8D} = {68FCC2FA-BA3A-36F0-945F-65915B7FAC8D}
	EndProjectSection
EndProject
Project("{8BC9CEB8-8B4A-11D0-8D11-00A0C91BC942}") = "OpenIGTLink", "..\..\Source\OpenIGTLink.vcxproj", "{0E29D6D8-A22D-33D2-AFEA-AE7E12975A1D}"
	ProjectSection(ProjectDependencies) = postProject
		{68FCC2FA-BA3A-36F0-945F-65915B7FAC8D} = {68FCC2FA-BA3A-36F0-945F-65915B7FAC8D}
	EndProjectSection
EndProject
Project("{8BC9CEB8-8B4A-11D0-8D11-00A0C91BC942}") = "ZERO_CHECK", "..\..\\ZERO_CHECK.vcxproj", "{68FCC2FA-BA3A-36F0-945F-65915B7FAC8D}"
	ProjectSection(ProjectDependencies) = postProject
	EndProjectSection
EndProject
Global
	GlobalSection(SolutionConfigurationPlatforms) = preSolution
		Debug|x64 = Debug|x64
		Release|x64 = Release|x64
		MinSizeRel|x64 = MinSizeRel|x64
		RelWithDebInfo|x64 = RelWithDebInfo|x64
	EndGlobalSection
	GlobalSection(ProjectConfigurationPlatforms) = postSolution
		{6050ECA0-EEF6-3DED-82EB-512DDD0FF498}.Debug|x64.ActiveCfg = Debug|x64
		{6050ECA0-EEF6-3DED-82EB-512DDD0FF498}.Debug|x64.Build.0 = Debug|x64
		{6050ECA0-EEF6-3DED-82EB-512DDD0FF498}.Release|x64.ActiveCfg = Release|x64
		{6050ECA0-EEF6-3DED-82EB-512DDD0FF498}.Release|x64.Build.0 = Release|x64
		{6050ECA0-EEF6-3DED-82EB-512DDD0FF498}.MinSizeRel|x64.ActiveCfg = MinSizeRel|x64
		{6050ECA0-EEF6-3DED-82EB-512DDD0FF498}.MinSizeRel|x64.Build.0 = MinSizeRel|x64
		{6050ECA0-EEF6-3DED-82EB-512DDD0FF498}.RelWithDebInfo|x64.ActiveCfg = RelWithDebInfo|x64
		{6050ECA0-EEF6-3DED-82EB-512DDD0FF498}.RelWithDebInfo|x64.Build.0 = RelWithDebInfo|x64
		{AC73E4D8-20A1-32FD-A018-DC8055628A4D}.Debug|x64.ActiveCfg = Debug|x64
		{AC73E4D8-20A1-32FD-A018-DC8055628A4D}.Release|x64.ActiveCfg = Release|x64
		{AC73E4D8-20A1-32FD-A018-DC8055628A4D}.MinSizeRel|x64.ActiveCfg = MinSizeRel|x64
		{AC73E4D8-20A1-32FD-A018-DC8055628A4D}.RelWithDebInfo|x64.ActiveCfg = RelWithDebInfo|x64
		{A1869F1B-863C-3192-A64F-9ECE77D28DC0}.Debug|x64.ActiveCfg = Debug|x64
		{A1869F1B-863C-3192-A64F-9ECE77D28DC0}.Debug|x64.Build.0 = Debug|x64
		{A1869F1B-863C-3192-A64F-9ECE77D28DC0}.Release|x64.ActiveCfg = Release|x64
		{A1869F1B-863C-3192-A64F-9ECE77D28DC0}.Release|x64.Build.0 = Release|x64
		{A1869F1B-863C-3192-A64F-9ECE77D28DC0}.MinSizeRel|x64.ActiveCfg = MinSizeRel|x64
		{A1869F1B-863C-3192-A64F-9ECE77D28DC0}.MinSizeRel|x64.Build.0 = MinSizeRel|x64
		{A1869F1B-863C-3192-A64F-9ECE77D28DC0}.RelWithDebInfo|x64.ActiveCfg = RelWithDebInfo|x64
		{A1869F1B-863C-3192-A64F-9ECE77D28DC0}.RelWithDebInfo|x64.Build.0 = RelWithDebInfo|x64
		{7838352C-61C6-34D1-98BA-011F592ECDB6}.Debug|x64.ActiveCfg = Debug|x64
		{7838352C-61C6-34D1-98BA-011F592ECDB6}.Debug|x64.Build.0 = Debug|x64
		{7838352C-61C6-34D1-98BA-011F592ECDB6}.Release|x64.ActiveCfg = Release|x64
		{7838352C-61C6-34D1-98BA-011F592ECDB6}.Release|x64.Build.0 = Release|x64
		{7838352C-61C6-34D1-98BA-011F592ECDB6}.MinSizeRel|x64.ActiveCfg = MinSizeRel|x64
		{7838352C-61C6-34D1-98BA-011F592ECDB6}.MinSizeRel|x64.Build.0 = MinSizeRel|x64
		{7838352C-61C6-34D1-98BA-011F592ECDB6}.RelWithDebInfo|x64.ActiveCfg = RelWithDebInfo|x64
		{7838352C-61C6-34D1-98BA-011F592ECDB6}.RelWithDebInfo|x64.Build.0 = RelWithDebInfo|x64
		{F579E94C-AB5E-3F78-8765-0936BC39B12F}.Debug|x64.ActiveCfg = Debug|x64
		{F579E94C-AB5E-3F78-8765-0936BC39B12F}.Debug|x64.Build.0 = Debug|x64
		{F579E94C-AB5E-3F78-8765-0936BC39B12F}.Release|x64.ActiveCfg = Release|x64
		{F579E94C-AB5E-3F78-8765-0936BC39B12F}.Release|x64.Build.0 = Release|x64
		{F579E94C-AB5E-3F78-8765-0936BC39B12F}.MinSizeRel|x64.ActiveCfg = MinSizeRel|x64
		{F579E94C-AB5E-3F78-8765-0936BC39B12F}.MinSizeRel|x64.Build.0 = MinSizeRel|x64
		{F579E94C-AB5E-3F78-8765-0936BC39B12F}.RelWithDebInfo|x64.ActiveCfg = RelWithDebInfo|x64
		{F579E94C-AB5E-3F78-8765-0936BC39B12F}.RelWithDebInfo|x64.Build.0 = RelWithDebInfo|x64
		{B26685EE-AF14-3302-AF8F-6429081D3609}.Debug|x64.ActiveCfg = Debug|x64
		{B26685EE-AF14-3302-AF8F-6429081D3609}.Debug|x64.Build.0 = Debug|x64
		{B26685EE-AF14-3302-AF8F-6429081D3609}.Release|x64.ActiveCfg = Release|x64
		{B26685EE-AF14-3302-AF8F-6429081D3609}.Release|x64.Build.0 = Release|x64
		{B26685EE-AF14-3302-AF8F-6429081D3609}.MinSizeRel|x64.ActiveCfg = MinSizeRel|x64
		{B26685EE-AF14-3302-AF8F-6429081D3609}.MinSizeRel|x64.Build.0 = MinSizeRel|x64
		{B26685EE-AF14-3302-AF8F-6429081D3609}.RelWithDebInfo|x64.ActiveCfg = RelWithDebInfo|x64
		{B26685EE-AF14-3302-AF8F-6429081D3609}.RelWithDebInfo|x64.Build.0 = RelWithDebInfo|x64
		{0E29D6D8-A22D-33D2-AFEA-AE7E12975A1D}.Debug|x64.ActiveCfg = Debug|x64
		{0E29D6D8-A22D-33D2-AFEA-AE7E12975A1D}.Debug|x64.Build.0 = Debug|x64
		{0E29D6D8-A22D-33D2-AFEA-AE7E12975A1D}.Release|x64.ActiveCfg = Release|x64
		{0E29D6D8-A22D-33D2-AFEA-AE7E12975A1D}.Release|x64.Build.0 = Release|x64
		{0E29D6D8-A22D-33D2-AFEA-AE7E12975A1D}.MinSizeRel|x64.ActiveCfg = MinSizeRel|x64
		{0E29D6D8-A22D-33D2-AFEA-AE7E12975A1D}.MinSizeRel|x64.Build.0 = MinSizeRel|x64
		{0E29D6D8-A22D-33D2-AFEA-AE7E12975A1D}.RelWithDebInfo|x64.ActiveCfg = RelWithDebInfo|x64
		{0E29D6D8-A22D-33D2-AFEA-AE7E12975A1D}.RelWithDebInfo|x64.Build.0 = RelWithDebInfo|x64
		{68FCC2FA-BA3A-36F0-945F-65915B7FAC8D}.Debug|x64.ActiveCfg = Debug|x64
		{68FCC2FA-BA3A-36F0-945F-65915B7FAC8D}.Debug|x64.Build.0 = Debug|x64
		{68FCC2FA-BA3A-36F0-945F-65915B7FAC8D}.Release|x64.ActiveCfg = Release|x64
		{68FCC2FA-BA3A-36F0-945F-65915B7FAC8D}.Release|x64.Build.0 = Release|x64
		{68FCC2FA-BA3A-36F0-945F-65915B7FAC8D}.MinSizeRel|x64.ActiveCfg = MinSizeRel|x64
		{68FCC2FA-BA3A-36F0-945F-65915B7FAC8D}.MinSizeRel|x64.Build.0 = MinSizeRel|x64
		{68FCC2FA-BA3A-36F0-945F-65915B7FAC8D}.RelWithDebInfo|x64.ActiveCfg = RelWithDebInfo|x64
		{68FCC2FA-BA3A-36F0-945F-65915B7FAC8D}.RelWithDebInfo|x64.Build.0 = RelWithDebInfo|x64
	EndGlobalSection
	GlobalSection(ExtensibilityGlobals) = postSolution
		SolutionGuid = {3D2E4815-733A-3EF6-9721-DB5E7F3B3004}
	EndGlobalSection
	GlobalSection(ExtensibilityAddIns) = postSolution
	EndGlobalSection
EndGlobal
