
Microsoft Visual Studio Solution File, Format Version 12.00
# Visual Studio Version 17
Project("{8BC9CEB8-8B4A-11D0-8D11-00A0C91BC942}") = "ALL_BUILD", "ALL_BUILD.vcxproj", "{6050ECA0-EEF6-3DED-82EB-512DDD0FF498}"
	ProjectSection(ProjectDependencies) = postProject
		{A1869F1B-863C-3192-A64F-9ECE77D28DC0} = {A1869F1B-863C-3192-A64F-9ECE77D28DC0}
		{7838352C-61C6-34D1-98BA-011F592ECDB6} = {7838352C-61C6-34D1-98BA-011F592ECDB6}
		{F579E94C-AB5E-3F78-8765-0936BC39B12F} = {F579E94C-AB5E-3F78-8765-0936BC39B12F}
		{B26685EE-AF14-3302-AF8F-6429081D3609} = {B26685EE-AF14-3302-AF8F-6429081D3609}
		{68FCC2FA-BA3A-36F0-945F-65915B7FAC8D} = {68FCC2FA-BA3A-36F0-945F-65915B7FAC8D}
	EndProjectSection
EndProject
Project("{8BC9CEB8-8B4A-11D0-8D11-00A0C91BC942}") = "INSTALL", "INSTALL.vcxproj", "{AC73E4D8-20A1-32FD-A018-DC8055628A4D}"
	ProjectSection(ProjectDependencies) = postProject
		{6050ECA0-EEF6-3DED-82EB-512DDD0FF498} = {6050ECA0-EEF6-3DED-82EB-512DDD0FF498}
		{68FCC2FA-BA3A-36F0-945F-65915B7FAC8D} = {68FCC2FA-BA3A-36F0-945F-65915B7FAC8D}
	EndProjectSection
EndProject
Project("{8BC9CEB8-8B4A-11D0-8D11-00A0C91BC942}") = "ImageMetaClient", "ImageMetaClient.vcxproj", "{A1869F1B-863C-3192-A64F-9ECE77D28DC0}"
	ProjectSection(ProjectDependencies) = postProject
		{0E29D6D8-A22D-33D2-AFEA-AE7E12975A1D} = {0E29D6D8-A22D-33D2-AFEA-AE7E12975A1D}
		{68FCC2FA-BA3A-36F0-945F-65915B7FAC8D} = {68FCC2FA-BA3A-36F0-945F-65915B7FAC8D}
	EndProjectSection
EndProject
Project("{8BC9CEB8-8B4A-11D0-8D11-00A0C91BC942}") = "ImageMetaServer", "ImageMetaServer.vcxproj", "{7838352C-61C6-34D1-98BA-011F592ECDB6}"
	ProjectSection(ProjectDependencies) = postProject
		{0E29D6D8-A22D-33D2-AFEA-AE7E12975A1D} = {0E29D6D8-A22D-33D2-AFEA-AE7E12975A1D}
		{68FCC2FA-BA3A-36F0-945F-65915B7FAC8D} = {68FCC2FA-BA3A-36F0-945F-65915B7FAC8D}
	EndProjectSection
EndProject
Project("{8BC9CEB8-8B4A-11D0-8D11-00A0C91BC942}") = "LabelMetaClient", "LabelMetaClient.vcxproj", "{F579E94C-AB5E-3F78-8765-0936BC39B12F}"
	ProjectSection(ProjectDependencies) = postProject
		{0E29D6D8-A22D-33D2-AFEA-AE7E12975A1D} = {0E29D6D8-A22D-33D2-AFEA-AE7E12975A1D}
		{68FCC2FA-BA3A-36F0-945F-65915B7FAC8D} = {68FCC2FA-BA3A-36F0-945F-65915B7FAC8D}
	EndProjectSection
EndProject
Project("{8BC9CEB8-8B4A-11D0-8D11-00A0C91BC942}") = "LabelMetaServer", "LabelMetaServer.vcxproj", "{B26685EE-AF14-3302-AF8F-6429081D3609}"
	ProjectSection(ProjectDependencies) = postProject
		{0E29D6D8-A22D-33D2-AFEA-AE7E12975A1D} = {0E29D6D8-A22D-33D2-AFEA-AE7E12975A1D}
		{68FCC2FA-BA3A-36F0-945F-65915B7FAC8D} = {68FCC2FA-BA3A-36F0-945F-65915B7FAC8D}
	EndProjectSection
EndProject
Project("{8BC9CEB8-8B4A-11D0-8D11-00A0C91BC942}") = "OpenIGTLink", "..\..\Source\OpenIGTLink.vcxproj", "{0E29D6D8-A22D-33D2-AFEA-AE7E12975A1D}"
	ProjectSection(ProjectDependencies) = postProject
		{68FCC2FA-BA3A-36F0-945F-65915B7FAC8D} = {68FCC2FA-BA3A-36F0-945F-65915B7FAC8D}
	EndProjectSection
EndProject
Project("{8BC9CEB8-8B4A-11D0-8D11-00A0C91BC942}") = "RUN_TESTS", "RUN_TESTS.vcxproj", "{0883CB98-2590-37AA-B474-54323E591DEF}"
	ProjectSection(ProjectDependencies) = postProject
		{68FCC2FA-BA3A-36F0-945F-65915B7FAC8D} = {68FCC2FA-BA3A-36F0-945F-65915B7FAC8D}
	EndProjectSection
EndProject
Project("{8BC9CEB8-8B4A-11D0-8D11-00A0C91BC942}") = "ZERO_CHECK", "..\..\\ZERO_CHECK.vcxproj", "{68FCC2FA-BA3A-36F0-945F-65915B7FAC8D}"
	ProjectSection(ProjectDependencies) = postProject
	EndProjectSection
EndProject
Global
	GlobalSection(SolutionConfigurationPlatforms) = preSolution
		Debug|Win32 = Debug|Win32
		Release|Win32 = Release|Win32
		MinSizeRel|Win32 = MinSizeRel|Win32
		RelWithDebInfo|Win32 = RelWithDebInfo|Win32
	EndGlobalSection
	GlobalSection(ProjectConfigurationPlatforms) = postSolution
		{6050ECA0-EEF6-3DED-82EB-512DDD0FF498}.Debug|Win32.ActiveCfg = Debug|Win32
		{6050ECA0-EEF6-3DED-82EB-512DDD0FF498}.Debug|Win32.Build.0 = Debug|Win32
		{6050ECA0-EEF6-3DED-82EB-512DDD0FF498}.Release|Win32.ActiveCfg = Release|Win32
		{6050ECA0-EEF6-3DED-82EB-512DDD0FF498}.Release|Win32.Build.0 = Release|Win32
		{6050ECA0-EEF6-3DED-82EB-512DDD0FF498}.MinSizeRel|Win32.ActiveCfg = MinSizeRel|Win32
		{6050ECA0-EEF6-3DED-82EB-512DDD0FF498}.MinSizeRel|Win32.Build.0 = MinSizeRel|Win32
		{6050ECA0-EEF6-3DED-82EB-512DDD0FF498}.RelWithDebInfo|Win32.ActiveCfg = RelWithDebInfo|Win32
		{6050ECA0-EEF6-3DED-82EB-512DDD0FF498}.RelWithDebInfo|Win32.Build.0 = RelWithDebInfo|Win32
		{AC73E4D8-20A1-32FD-A018-DC8055628A4D}.Debug|Win32.ActiveCfg = Debug|Win32
		{AC73E4D8-20A1-32FD-A018-DC8055628A4D}.Release|Win32.ActiveCfg = Release|Win32
		{AC73E4D8-20A1-32FD-A018-DC8055628A4D}.MinSizeRel|Win32.ActiveCfg = MinSizeRel|Win32
		{AC73E4D8-20A1-32FD-A018-DC8055628A4D}.RelWithDebInfo|Win32.ActiveCfg = RelWithDebInfo|Win32
		{A1869F1B-863C-3192-A64F-9ECE77D28DC0}.Debug|Win32.ActiveCfg = Debug|Win32
		{A1869F1B-863C-3192-A64F-9ECE77D28DC0}.Debug|Win32.Build.0 = Debug|Win32
		{A1869F1B-863C-3192-A64F-9ECE77D28DC0}.Release|Win32.ActiveCfg = Release|Win32
		{A1869F1B-863C-3192-A64F-9ECE77D28DC0}.Release|Win32.Build.0 = Release|Win32
		{A1869F1B-863C-3192-A64F-9ECE77D28DC0}.MinSizeRel|Win32.ActiveCfg = MinSizeRel|Win32
		{A1869F1B-863C-3192-A64F-9ECE77D28DC0}.MinSizeRel|Win32.Build.0 = MinSizeRel|Win32
		{A1869F1B-863C-3192-A64F-9ECE77D28DC0}.RelWithDebInfo|Win32.ActiveCfg = RelWithDebInfo|Win32
		{A1869F1B-863C-3192-A64F-9ECE77D28DC0}.RelWithDebInfo|Win32.Build.0 = RelWithDebInfo|Win32
		{7838352C-61C6-34D1-98BA-011F592ECDB6}.Debug|Win32.ActiveCfg = Debug|Win32
		{7838352C-61C6-34D1-98BA-011F592ECDB6}.Debug|Win32.Build.0 = Debug|Win32
		{7838352C-61C6-34D1-98BA-011F592ECDB6}.Release|Win32.ActiveCfg = Release|Win32
		{7838352C-61C6-34D1-98BA-011F592ECDB6}.Release|Win32.Build.0 = Release|Win32
		{7838352C-61C6-34D1-98BA-011F592ECDB6}.MinSizeRel|Win32.ActiveCfg = MinSizeRel|Win32
		{7838352C-61C6-34D1-98BA-011F592ECDB6}.MinSizeRel|Win32.Build.0 = MinSizeRel|Win32
		{7838352C-61C6-34D1-98BA-011F592ECDB6}.RelWithDebInfo|Win32.ActiveCfg = RelWithDebInfo|Win32
		{7838352C-61C6-34D1-98BA-011F592ECDB6}.RelWithDebInfo|Win32.Build.0 = RelWithDebInfo|Win32
		{F579E94C-AB5E-3F78-8765-0936BC39B12F}.Debug|Win32.ActiveCfg = Debug|Win32
		{F579E94C-AB5E-3F78-8765-0936BC39B12F}.Debug|Win32.Build.0 = Debug|Win32
		{F579E94C-AB5E-3F78-8765-0936BC39B12F}.Release|Win32.ActiveCfg = Release|Win32
		{F579E94C-AB5E-3F78-8765-0936BC39B12F}.Release|Win32.Build.0 = Release|Win32
		{F579E94C-AB5E-3F78-8765-0936BC39B12F}.MinSizeRel|Win32.ActiveCfg = MinSizeRel|Win32
		{F579E94C-AB5E-3F78-8765-0936BC39B12F}.MinSizeRel|Win32.Build.0 = MinSizeRel|Win32
		{F579E94C-AB5E-3F78-8765-0936BC39B12F}.RelWithDebInfo|Win32.ActiveCfg = RelWithDebInfo|Win32
		{F579E94C-AB5E-3F78-8765-0936BC39B12F}.RelWithDebInfo|Win32.Build.0 = RelWithDebInfo|Win32
		{B26685EE-AF14-3302-AF8F-6429081D3609}.Debug|Win32.ActiveCfg = Debug|Win32
		{B26685EE-AF14-3302-AF8F-6429081D3609}.Debug|Win32.Build.0 = Debug|Win32
		{B26685EE-AF14-3302-AF8F-6429081D3609}.Release|Win32.ActiveCfg = Release|Win32
		{B26685EE-AF14-3302-AF8F-6429081D3609}.Release|Win32.Build.0 = Release|Win32
		{B26685EE-AF14-3302-AF8F-6429081D3609}.MinSizeRel|Win32.ActiveCfg = MinSizeRel|Win32
		{B26685EE-AF14-3302-AF8F-6429081D3609}.MinSizeRel|Win32.Build.0 = MinSizeRel|Win32
		{B26685EE-AF14-3302-AF8F-6429081D3609}.RelWithDebInfo|Win32.ActiveCfg = RelWithDebInfo|Win32
		{B26685EE-AF14-3302-AF8F-6429081D3609}.RelWithDebInfo|Win32.Build.0 = RelWithDebInfo|Win32
		{0E29D6D8-A22D-33D2-AFEA-AE7E12975A1D}.Debug|Win32.ActiveCfg = Debug|Win32
		{0E29D6D8-A22D-33D2-AFEA-AE7E12975A1D}.Debug|Win32.Build.0 = Debug|Win32
		{0E29D6D8-A22D-33D2-AFEA-AE7E12975A1D}.Release|Win32.ActiveCfg = Release|Win32
		{0E29D6D8-A22D-33D2-AFEA-AE7E12975A1D}.Release|Win32.Build.0 = Release|Win32
		{0E29D6D8-A22D-33D2-AFEA-AE7E12975A1D}.MinSizeRel|Win32.ActiveCfg = MinSizeRel|Win32
		{0E29D6D8-A22D-33D2-AFEA-AE7E12975A1D}.MinSizeRel|Win32.Build.0 = MinSizeRel|Win32
		{0E29D6D8-A22D-33D2-AFEA-AE7E12975A1D}.RelWithDebInfo|Win32.ActiveCfg = RelWithDebInfo|Win32
		{0E29D6D8-A22D-33D2-AFEA-AE7E12975A1D}.RelWithDebInfo|Win32.Build.0 = RelWithDebInfo|Win32
		{0883CB98-2590-37AA-B474-54323E591DEF}.Debug|Win32.ActiveCfg = Debug|Win32
		{0883CB98-2590-37AA-B474-54323E591DEF}.Release|Win32.ActiveCfg = Release|Win32
		{0883CB98-2590-37AA-B474-54323E591DEF}.MinSizeRel|Win32.ActiveCfg = MinSizeRel|Win32
		{0883CB98-2590-37AA-B474-54323E591DEF}.RelWithDebInfo|Win32.ActiveCfg = RelWithDebInfo|Win32
		{68FCC2FA-BA3A-36F0-945F-65915B7FAC8D}.Debug|Win32.ActiveCfg = Debug|Win32
		{68FCC2FA-BA3A-36F0-945F-65915B7FAC8D}.Debug|Win32.Build.0 = Debug|Win32
		{68FCC2FA-BA3A-36F0-945F-65915B7FAC8D}.Release|Win32.ActiveCfg = Release|Win32
		{68FCC2FA-BA3A-36F0-945F-65915B7FAC8D}.Release|Win32.Build.0 = Release|Win32
		{68FCC2FA-BA3A-36F0-945F-65915B7FAC8D}.MinSizeRel|Win32.ActiveCfg = MinSizeRel|Win32
		{68FCC2FA-BA3A-36F0-945F-65915B7FAC8D}.MinSizeRel|Win32.Build.0 = MinSizeRel|Win32
		{68FCC2FA-BA3A-36F0-945F-65915B7FAC8D}.RelWithDebInfo|Win32.ActiveCfg = RelWithDebInfo|Win32
		{68FCC2FA-BA3A-36F0-945F-65915B7FAC8D}.RelWithDebInfo|Win32.Build.0 = RelWithDebInfo|Win32
	EndGlobalSection
	GlobalSection(ExtensibilityGlobals) = postSolution
		SolutionGuid = {3D2E4815-733A-3EF6-9721-DB5E7F3B3004}
	EndGlobalSection
	GlobalSection(ExtensibilityAddIns) = postSolution
	EndGlobalSection
EndGlobal
