<?xml version="1.0" encoding="utf-8"?>
<Project ToolsVersion="17.0" xmlns="http://schemas.microsoft.com/developer/msbuild/2003">
  <ItemGroup>
    <CustomBuild Include="D:\STUDIUM\Term4\Project\Repo\OpenIGTLink-build\CMakeFiles\02efe88ee1ad6d4af624cbf5b6f0bd3c\Documentation.rule">
      <Filter>CMake Rules</Filter>
    </CustomBuild>
    <CustomBuild Include="D:\STUDIUM\Term4\Project\Repo\OpenIGTLink\Documents\Doxygen\CMakeLists.txt" />
  </ItemGroup>
  <ItemGroup>
    <None Include="D:\STUDIUM\Term4\Project\Repo\OpenIGTLink-build\Documents\Doxygen\CMakeFiles\Documentation" />
  </ItemGroup>
  <ItemGroup>
    <Filter Include="CMake Rules">
      <UniqueIdentifier>{41FE8116-EF70-394F-88AF-3018880CBA4C}</UniqueIdentifier>
    </Filter>
  </ItemGroup>
</Project>
