
Microsoft Visual Studio Solution File, Format Version 12.00
# Visual Studio Version 17
Project("{8BC9CEB8-8B4A-11D0-8D11-00A0C91BC942}") = "ALL_BUILD", "ALL_BUILD.vcxproj", "{6050ECA0-EEF6-3DED-82EB-512DDD0FF498}"
	ProjectSection(ProjectDependencies) = postProject
		{75547E04-C962-3A1F-81AF-D661A7058B44} = {75547E04-C962-3A1F-81AF-D661A7058B44}
		{1ACDFEAE-7C30-34BE-B74C-9140AA51CE0E} = {1ACDFEAE-7C30-34BE-B74C-9140AA51CE0E}
		{68FCC2FA-BA3A-36F0-945F-65915B7FAC8D} = {68FCC2FA-BA3A-36F0-945F-65915B7FAC8D}
	EndProjectSection
EndProject
Project("{8BC9CEB8-8B4A-11D0-8D11-00A0C91BC942}") = "INSTALL", "INSTALL.vcxproj", "{AC73E4D8-20A1-32FD-A018-DC8055628A4D}"
	ProjectSection(ProjectDependencies) = postProject
		{6050ECA0-EEF6-3DED-82EB-512DDD0FF498} = {6050ECA0-EEF6-3DED-82EB-512DDD0FF498}
		{68FCC2FA-BA3A-36F0-945F-65915B7FAC8D} = {68FCC2FA-BA3A-36F0-945F-65915B7FAC8D}
	EndProjectSection
EndProject
Project("{8BC9CEB8-8B4A-11D0-8D11-00A0C91BC942}") = "OpenIGTLink", "..\..\Source\OpenIGTLink.vcxproj", "{0E29D6D8-A22D-33D2-AFEA-AE7E12975A1D}"
	ProjectSection(ProjectDependencies) = postProject
		{68FCC2FA-BA3A-36F0-945F-65915B7FAC8D} = {68FCC2FA-BA3A-36F0-945F-65915B7FAC8D}
	EndProjectSection
EndProject
Project("{8BC9CEB8-8B4A-11D0-8D11-00A0C91BC942}") = "PolyDataClient", "PolyDataClient.vcxproj", "{75547E04-C962-3A1F-81AF-D661A7058B44}"
	ProjectSection(ProjectDependencies) = postProject
		{0E29D6D8-A22D-33D2-AFEA-AE7E12975A1D} = {0E29D6D8-A22D-33D2-AFEA-AE7E12975A1D}
		{68FCC2FA-BA3A-36F0-945F-65915B7FAC8D} = {68FCC2FA-BA3A-36F0-945F-65915B7FAC8D}
	EndProjectSection
EndProject
Project("{8BC9CEB8-8B4A-11D0-8D11-00A0C91BC942}") = "PolyDataServer", "PolyDataServer.vcxproj", "{1ACDFEAE-7C30-34BE-B74C-9140AA51CE0E}"
	ProjectSection(ProjectDependencies) = postProject
		{0E29D6D8-A22D-33D2-AFEA-AE7E12975A1D} = {0E29D6D8-A22D-33D2-AFEA-AE7E12975A1D}
		{68FCC2FA-BA3A-36F0-945F-65915B7FAC8D} = {68FCC2FA-BA3A-36F0-945F-65915B7FAC8D}
	EndProjectSection
EndProject
Project("{8BC9CEB8-8B4A-11D0-8D11-00A0C91BC942}") = "RUN_TESTS", "RUN_TESTS.vcxproj", "{0883CB98-2590-37AA-B474-54323E591DEF}"
	ProjectSection(ProjectDependencies) = postProject
		{68FCC2FA-BA3A-36F0-945F-65915B7FAC8D} = {68FCC2FA-BA3A-36F0-945F-65915B7FAC8D}
	EndProjectSection
EndProject
Project("{8BC9CEB8-8B4A-11D0-8D11-00A0C91BC942}") = "ZERO_CHECK", "..\..\\ZERO_CHECK.vcxproj", "{68FCC2FA-BA3A-36F0-945F-65915B7FAC8D}"
	ProjectSection(ProjectDependencies) = postProject
	EndProjectSection
EndProject
Global
	GlobalSection(SolutionConfigurationPlatforms) = preSolution
		Debug|Win32 = Debug|Win32
		Release|Win32 = Release|Win32
		MinSizeRel|Win32 = MinSizeRel|Win32
		RelWithDebInfo|Win32 = RelWithDebInfo|Win32
	EndGlobalSection
	GlobalSection(ProjectConfigurationPlatforms) = postSolution
		{6050ECA0-EEF6-3DED-82EB-512DDD0FF498}.Debug|Win32.ActiveCfg = Debug|Win32
		{6050ECA0-EEF6-3DED-82EB-512DDD0FF498}.Debug|Win32.Build.0 = Debug|Win32
		{6050ECA0-EEF6-3DED-82EB-512DDD0FF498}.Release|Win32.ActiveCfg = Release|Win32
		{6050ECA0-EEF6-3DED-82EB-512DDD0FF498}.Release|Win32.Build.0 = Release|Win32
		{6050ECA0-EEF6-3DED-82EB-512DDD0FF498}.MinSizeRel|Win32.ActiveCfg = MinSizeRel|Win32
		{6050ECA0-EEF6-3DED-82EB-512DDD0FF498}.MinSizeRel|Win32.Build.0 = MinSizeRel|Win32
		{6050ECA0-EEF6-3DED-82EB-512DDD0FF498}.RelWithDebInfo|Win32.ActiveCfg = RelWithDebInfo|Win32
		{6050ECA0-EEF6-3DED-82EB-512DDD0FF498}.RelWithDebInfo|Win32.Build.0 = RelWithDebInfo|Win32
		{AC73E4D8-20A1-32FD-A018-DC8055628A4D}.Debug|Win32.ActiveCfg = Debug|Win32
		{AC73E4D8-20A1-32FD-A018-DC8055628A4D}.Release|Win32.ActiveCfg = Release|Win32
		{AC73E4D8-20A1-32FD-A018-DC8055628A4D}.MinSizeRel|Win32.ActiveCfg = MinSizeRel|Win32
		{AC73E4D8-20A1-32FD-A018-DC8055628A4D}.RelWithDebInfo|Win32.ActiveCfg = RelWithDebInfo|Win32
		{0E29D6D8-A22D-33D2-AFEA-AE7E12975A1D}.Debug|Win32.ActiveCfg = Debug|Win32
		{0E29D6D8-A22D-33D2-AFEA-AE7E12975A1D}.Debug|Win32.Build.0 = Debug|Win32
		{0E29D6D8-A22D-33D2-AFEA-AE7E12975A1D}.Release|Win32.ActiveCfg = Release|Win32
		{0E29D6D8-A22D-33D2-AFEA-AE7E12975A1D}.Release|Win32.Build.0 = Release|Win32
		{0E29D6D8-A22D-33D2-AFEA-AE7E12975A1D}.MinSizeRel|Win32.ActiveCfg = MinSizeRel|Win32
		{0E29D6D8-A22D-33D2-AFEA-AE7E12975A1D}.MinSizeRel|Win32.Build.0 = MinSizeRel|Win32
		{0E29D6D8-A22D-33D2-AFEA-AE7E12975A1D}.RelWithDebInfo|Win32.ActiveCfg = RelWithDebInfo|Win32
		{0E29D6D8-A22D-33D2-AFEA-AE7E12975A1D}.RelWithDebInfo|Win32.Build.0 = RelWithDebInfo|Win32
		{75547E04-C962-3A1F-81AF-D661A7058B44}.Debug|Win32.ActiveCfg = Debug|Win32
		{75547E04-C962-3A1F-81AF-D661A7058B44}.Debug|Win32.Build.0 = Debug|Win32
		{75547E04-C962-3A1F-81AF-D661A7058B44}.Release|Win32.ActiveCfg = Release|Win32
		{75547E04-C962-3A1F-81AF-D661A7058B44}.Release|Win32.Build.0 = Release|Win32
		{75547E04-C962-3A1F-81AF-D661A7058B44}.MinSizeRel|Win32.ActiveCfg = MinSizeRel|Win32
		{75547E04-C962-3A1F-81AF-D661A7058B44}.MinSizeRel|Win32.Build.0 = MinSizeRel|Win32
		{75547E04-C962-3A1F-81AF-D661A7058B44}.RelWithDebInfo|Win32.ActiveCfg = RelWithDebInfo|Win32
		{75547E04-C962-3A1F-81AF-D661A7058B44}.RelWithDebInfo|Win32.Build.0 = RelWithDebInfo|Win32
		{1ACDFEAE-7C30-34BE-B74C-9140AA51CE0E}.Debug|Win32.ActiveCfg = Debug|Win32
		{1ACDFEAE-7C30-34BE-B74C-9140AA51CE0E}.Debug|Win32.Build.0 = Debug|Win32
		{1ACDFEAE-7C30-34BE-B74C-9140AA51CE0E}.Release|Win32.ActiveCfg = Release|Win32
		{1ACDFEAE-7C30-34BE-B74C-9140AA51CE0E}.Release|Win32.Build.0 = Release|Win32
		{1ACDFEAE-7C30-34BE-B74C-9140AA51CE0E}.MinSizeRel|Win32.ActiveCfg = MinSizeRel|Win32
		{1ACDFEAE-7C30-34BE-B74C-9140AA51CE0E}.MinSizeRel|Win32.Build.0 = MinSizeRel|Win32
		{1ACDFEAE-7C30-34BE-B74C-9140AA51CE0E}.RelWithDebInfo|Win32.ActiveCfg = RelWithDebInfo|Win32
		{1ACDFEAE-7C30-34BE-B74C-9140AA51CE0E}.RelWithDebInfo|Win32.Build.0 = RelWithDebInfo|Win32
		{0883CB98-2590-37AA-B474-54323E591DEF}.Debug|Win32.ActiveCfg = Debug|Win32
		{0883CB98-2590-37AA-B474-54323E591DEF}.Release|Win32.ActiveCfg = Release|Win32
		{0883CB98-2590-37AA-B474-54323E591DEF}.MinSizeRel|Win32.ActiveCfg = MinSizeRel|Win32
		{0883CB98-2590-37AA-B474-54323E591DEF}.RelWithDebInfo|Win32.ActiveCfg = RelWithDebInfo|Win32
		{68FCC2FA-BA3A-36F0-945F-65915B7FAC8D}.Debug|Win32.ActiveCfg = Debug|Win32
		{68FCC2FA-BA3A-36F0-945F-65915B7FAC8D}.Debug|Win32.Build.0 = Debug|Win32
		{68FCC2FA-BA3A-36F0-945F-65915B7FAC8D}.Release|Win32.ActiveCfg = Release|Win32
		{68FCC2FA-BA3A-36F0-945F-65915B7FAC8D}.Release|Win32.Build.0 = Release|Win32
		{68FCC2FA-BA3A-36F0-945F-65915B7FAC8D}.MinSizeRel|Win32.ActiveCfg = MinSizeRel|Win32
		{68FCC2FA-BA3A-36F0-945F-65915B7FAC8D}.MinSizeRel|Win32.Build.0 = MinSizeRel|Win32
		{68FCC2FA-BA3A-36F0-945F-65915B7FAC8D}.RelWithDebInfo|Win32.ActiveCfg = RelWithDebInfo|Win32
		{68FCC2FA-BA3A-36F0-945F-65915B7FAC8D}.RelWithDebInfo|Win32.Build.0 = RelWithDebInfo|Win32
	EndGlobalSection
	GlobalSection(ExtensibilityGlobals) = postSolution
		SolutionGuid = {4399B974-B492-3EA5-A0F8-23BD8D05C4D7}
	EndGlobalSection
	GlobalSection(ExtensibilityAddIns) = postSolution
	EndGlobalSection
EndGlobal
